
Microsoft Visual Studio Solution File, Format Version 12.00
# Visual Studio Version 17
VisualStudioVersion = 17.5.002.0
MinimumVisualStudioVersion = 10.0.40219.1
Project("{2150E333-8FDC-42A3-9474-1A3956D46DE8}") = "CSharp", "CSharp", "{E30BD4E1-C9C6-4782-BC00-60C15CBF1233}"
EndProject
Project("{2150E333-8FDC-42A3-9474-1A3956D46DE8}") = "AdvancedTopics", "AdvancedTopics", "{2689E0FB-D909-4375-B633-FE06B88CE3E3}"
EndProject
Project("{2150E333-8FDC-42A3-9474-1A3956D46DE8}") = "DateAndTime", "DateAndTime", "{1E519477-11D6-4DC7-BC4A-AE1B4AA0EEAA}"
EndProject
Project("{2150E333-8FDC-42A3-9474-1A3956D46DE8}") = "ExceptionHandling", "ExceptionHandling", "{BF9D65B0-A39D-4FE4-920B-6D74D2CDCEBA}"
EndProject
Project("{2150E333-8FDC-42A3-9474-1A3956D46DE8}") = "FileIO", "FileIO", "{4114AD04-792A-4270-90E2-75931E194231}"
EndProject
Project("{2150E333-8FDC-42A3-9474-1A3956D46DE8}") = "OOP", "OOP", "{D46CB0E5-934A-4A57-BC30-A65E02C7A680}"
EndProject
Project("{2150E333-8FDC-42A3-9474-1A3956D46DE8}") = "RegularExpressions", "RegularExpressions", "{15CCCA50-E60C-4A05-B737-820B88D5055E}"
EndProject
Project("{2150E333-8FDC-42A3-9474-1A3956D46DE8}") = "UnitTesting", "UnitTesting", "{1A6666E6-1298-4230-950D-75F01E8D1068}"
EndProject
Project("{2150E333-8FDC-42A3-9474-1A3956D46DE8}") = "WebScraping", "WebScraping", "{4DF0B43C-89BB-46E3-A491-9968C67D3782}"
EndProject
Project("{2150E333-8FDC-42A3-9474-1A3956D46DE8}") = "Algorithms", "Algorithms", "{7125E513-0028-4545-B2EF-F5442096D67B}"
EndProject
Project("{2150E333-8FDC-42A3-9474-1A3956D46DE8}") = "Recursion", "Recursion", "{72E3F216-81B2-40FF-8996-C4F80EF79E7F}"
EndProject
Project("{2150E333-8FDC-42A3-9474-1A3956D46DE8}") = "Searching", "Searching", "{35715E63-7A9F-4BDF-9A5B-82375980F80E}"
EndProject
Project("{2150E333-8FDC-42A3-9474-1A3956D46DE8}") = "Sorting", "Sorting", "{36D58F10-D30E-40D2-8E0A-F4402576BF5E}"
EndProject
Project("{2150E333-8FDC-42A3-9474-1A3956D46DE8}") = "Basics", "Basics", "{E09631D7-B8BA-474B-84CA-D55F3DB26019}"
EndProject
Project("{2150E333-8FDC-42A3-9474-1A3956D46DE8}") = "Conditionals", "Conditionals", "{BC1B0CBA-9EC0-4D91-A816-6193728427B7}"
EndProject
Project("{2150E333-8FDC-42A3-9474-1A3956D46DE8}") = "HelloWorld", "HelloWorld", "{CA660065-4EEE-4E1B-A0F8-537FD274FEDB}"
EndProject
Project("{2150E333-8FDC-42A3-9474-1A3956D46DE8}") = "Loops", "Loops", "{A1BF3224-F640-4782-A8AC-D7F79AD1E221}"
EndProject
Project("{2150E333-8FDC-42A3-9474-1A3956D46DE8}") = "Variables", "Variables", "{F8E27295-252F-4168-B6AC-2DD766B436DB}"
EndProject
Project("{2150E333-8FDC-42A3-9474-1A3956D46DE8}") = "DataStructures", "DataStructures", "{794C70DD-6422-4A40-9C8F-DF2C33791011}"
EndProject
Project("{2150E333-8FDC-42A3-9474-1A3956D46DE8}") = "Arrays", "Arrays", "{69DA918C-A488-49A4-8DF8-172C1B0C5739}"
EndProject
Project("{2150E333-8FDC-42A3-9474-1A3956D46DE8}") = "Dictionaries", "Dictionaries", "{9C3CFCA3-F9D4-459D-97A3-F40EF8D5795F}"
EndProject
Project("{2150E333-8FDC-42A3-9474-1A3956D46DE8}") = "Lists", "Lists", "{073A1D9C-37DE-4868-AAA0-D78414938288}"
EndProject
Project("{9A19103F-16F7-4668-BE54-9A1E7A4F7556}") = "HelloWorld", "CSharp\Basics\HelloWorld\HelloWorld\HelloWorld.csproj", "{7134C78E-11FC-4FCD-B919-AFEEBDF3AE8F}"
EndProject
Project("{9A19103F-16F7-4668-BE54-9A1E7A4F7556}") = "Exercise_1-1-1", "CSharp\Basics\Variables\Exercise_1-1-1\Exercise_1-1-1.csproj", "{80E053B8-87F9-4B7E-9E69-94FA369DBEC7}"
EndProject
Project("{9A19103F-16F7-4668-BE54-9A1E7A4F7556}") = "Exercise_1-1-2", "CSharp\Basics\Variables\Exercise_1-1-2\Exercise_1-1-2.csproj", "{FE4A33C5-A864-4B07-A49C-8740CCF6F5DC}"
EndProject
Project("{9A19103F-16F7-4668-BE54-9A1E7A4F7556}") = "Exercise_1-3-1", "CSharp\Basics\Loops\Exercise_1-3-1\Exercise_1-3-1.csproj", "{234253CF-5802-424A-A63D-C651F49FCCA1}"
EndProject
Project("{9A19103F-16F7-4668-BE54-9A1E7A4F7556}") = "Exercise_1-2-1", "CSharp\Basics\Conditionals\Exercise_1-2-1\Exercise_1-2-1.csproj", "{8784EC79-1C32-4396-B250-7D652723C425}"
EndProject
Project("{9A19103F-16F7-4668-BE54-9A1E7A4F7556}") = "Exercise_1-3-2", "CSharp\Basics\Loops\Exercise_1-3-2\Exercise_1-3-2.csproj", "{D9A5A23E-A689-4806-ACB1-AB76045DE04E}"
EndProject
Project("{9A19103F-16F7-4668-BE54-9A1E7A4F7556}") = "Exercise_1-2-2", "CSharp\Basics\Conditionals\Exercise_1-2-2\Exercise_1-2-2.csproj", "{90090741-48A5-44AC-8EB2-588AE8A39F52}"
EndProject
Project("{2150E333-8FDC-42A3-9474-1A3956D46DE8}") = "Linked Lists", "Linked Lists", "{D60B718D-EFA3-426E-A00F-A558CDBF7075}"
EndProject
Project("{9A19103F-16F7-4668-BE54-9A1E7A4F7556}") = "Exercise_2-6-1", "CSharp\DataStructures\Linked Lists\Exercise_2-6-1\Exercise_2-6-1.csproj", "{498A3171-B5F3-44A5-8969-137BD59CFF34}"
EndProject
Project("{9A19103F-16F7-4668-BE54-9A1E7A4F7556}") = "Exercise_2-6-2", "CSharp\DataStructures\Linked Lists\Exercise_2-6-2\Exercise_2-6-2.csproj", "{1247A2DD-0756-4AA9-A723-78F716CC6EC5}"
EndProject
Project("{9A19103F-16F7-4668-BE54-9A1E7A4F7556}") = "Exercise_2-2-1", "CSharp\DataStructures\Lists\Exercise_2-2-1\Exercise_2-2-1.csproj", "{931F8BB6-2FED-4635-BCB7-B79998D81E05}"
EndProject
Project("{9A19103F-16F7-4668-BE54-9A1E7A4F7556}") = "Exercise_2-2-2", "CSharp\DataStructures\Lists\Exercise_2-2-2\Exercise_2-2-2.csproj", "{00F69718-47F3-450B-9172-35D27CC63F6D}"
EndProject
Project("{9A19103F-16F7-4668-BE54-9A1E7A4F7556}") = "Exercise_2-3-1", "CSharp\DataStructures\Dictionaries\Exercise_2-3-1\Exercise_2-3-1.csproj", "{21853016-812A-47F4-ABF5-4DC0E27E0D9B}"
EndProject
Project("{9A19103F-16F7-4668-BE54-9A1E7A4F7556}") = "Exercise_2-3-2", "CSharp\DataStructures\Dictionaries\Exercise_2-3-2\Exercise_2-3-2.csproj", "{945EE0CF-D159-4320-8286-1E38AFDCFE0E}"
EndProject
Project("{9A19103F-16F7-4668-BE54-9A1E7A4F7556}") = "Exercise_2-1-1", "CSharp\DataStructures\Arrays\Exercise_2-1-1\Exercise_2-1-1.csproj", "{BE801F1A-ADF3-4BC7-B3C9-8014F9E8468B}"
EndProject
Project("{9A19103F-16F7-4668-BE54-9A1E7A4F7556}") = "Exercise_2-1-2", "CSharp\DataStructures\Arrays\Exercise_2-1-2\Exercise_2-1-2.csproj", "{3B05D50E-04A6-43FB-A7A8-AE7E0413FE4C}"
EndProject
Project("{2150E333-8FDC-42A3-9474-1A3956D46DE8}") = "Queues", "Queues", "{57066F66-E3DB-463D-919E-2703C45CAC25}"
EndProject
Project("{9A19103F-16F7-4668-BE54-9A1E7A4F7556}") = "Exercise_2-5-1", "CSharp\DataStructures\Queues\Exercise_2-5-1\Exercise_2-5-1.csproj", "{C7793E98-9F7D-4B35-88AD-EF4C79A87A2B}"
EndProject
Project("{9A19103F-16F7-4668-BE54-9A1E7A4F7556}") = "Exercise_2-5-2", "CSharp\DataStructures\Queues\Exercise_2-5-2\Exercise_2-5-2.csproj", "{24AE069A-9FBB-43DC-B898-05DEBC8EE117}"
EndProject
Project("{2150E333-8FDC-42A3-9474-1A3956D46DE8}") = "Stacks", "Stacks", "{CC34B3F9-CB1D-4D1A-991E-7094A256CEB1}"
EndProject
Project("{9A19103F-16F7-4668-BE54-9A1E7A4F7556}") = "Exercise_2-4-1", "CSharp\DataStructures\Stacks\Exercise_2-4-1\Exercise_2-4-1.csproj", "{74CE2F95-A551-4382-BC17-642F9685E4D3}"
EndProject
Project("{9A19103F-16F7-4668-BE54-9A1E7A4F7556}") = "Exercise_2-4-2", "CSharp\DataStructures\Stacks\Exercise_2-4-2\Exercise_2-4-2.csproj", "{D80F7C12-6C10-474B-B8CE-94B90E354DA9}"
EndProject
Project("{9A19103F-16F7-4668-BE54-9A1E7A4F7556}") = "Exercise_3-3-1", "CSharp\Algorithms\Recursion\Exercise_3-3-1\Exercise_3-3-1.csproj", "{B147C1F8-365E-4724-9A99-B86B751A0781}"
EndProject
Project("{9A19103F-16F7-4668-BE54-9A1E7A4F7556}") = "Exercise_3-3-2", "CSharp\Algorithms\Recursion\Exercise_3-3-2\Exercise_3-3-2.csproj", "{F52148A7-41B2-4BBF-8479-5AE2CFF49E36}"
EndProject
Project("{9A19103F-16F7-4668-BE54-9A1E7A4F7556}") = "Exercise_3-2-1", "CSharp\Algorithms\Searching\Exercise_3-2-1\Exercise_3-2-1.csproj", "{21ECF09A-D0D4-4D8D-B376-300272714ECE}"
EndProject
Project("{9A19103F-16F7-4668-BE54-9A1E7A4F7556}") = "Exercise_3-2-2", "CSharp\Algorithms\Searching\Exercise_3-2-2\Exercise_3-2-2.csproj", "{21830520-6F50-447E-8230-2D26866BB8F0}"
EndProject
Project("{9A19103F-16F7-4668-BE54-9A1E7A4F7556}") = "Exercise_3-1-1", "CSharp\Algorithms\Sorting\Exercise_3-1-1\Exercise_3-1-1.csproj", "{31718577-51FD-4A62-930A-F717E0EE3A06}"
EndProject
Project("{9A19103F-16F7-4668-BE54-9A1E7A4F7556}") = "Exercise_3-1-2", "CSharp\Algorithms\Sorting\Exercise_3-1-2\Exercise_3-1-2.csproj", "{5BC7937A-9134-4259-99B1-8EEED735ABCA}"
EndProject
Project("{9A19103F-16F7-4668-BE54-9A1E7A4F7556}") = "Exercise_4-5-1", "CSharp\AdvancedTopics\DateAndTime\Exercise_4-5-1\Exercise_4-5-1.csproj", "{5BADF82A-0313-4647-8E2C-7FFD1C76D178}"
EndProject
Project("{2150E333-8FDC-42A3-9474-1A3956D46DE8}") = "DynamicProgramming", "DynamicProgramming", "{D58FB4B6-3319-40D2-B3C6-5332782594CF}"
EndProject
Project("{2150E333-8FDC-42A3-9474-1A3956D46DE8}") = "GraphAlgorithms", "GraphAlgorithms", "{B2C6A73B-734A-4614-94AF-F8AFDB58B12A}"
EndProject
Project("{9A19103F-16F7-4668-BE54-9A1E7A4F7556}") = "Exercise_3-5-1", "CSharp\Algorithms\GraphAlgorithms\Exercise_3-5-1\Exercise_3-5-1.csproj", "{21E559D6-BFD1-4A8A-83B2-CF83D69A32AC}"
EndProject
Project("{9A19103F-16F7-4668-BE54-9A1E7A4F7556}") = "Exercise_3-5-2", "CSharp\Algorithms\GraphAlgorithms\Exercise_3-5-2\Exercise_3-5-2.csproj", "{9E60D619-B0C6-45A2-AD36-D14CE58317B7}"
EndProject
Project("{9A19103F-16F7-4668-BE54-9A1E7A4F7556}") = "Exercise_3-4-1", "CSharp\Algorithms\DynamicProgramming\Exercise_3-4-1\Exercise_3-4-1.csproj", "{32442F7F-AAF1-4249-AB8C-D24A29122EAA}"
EndProject
Project("{9A19103F-16F7-4668-BE54-9A1E7A4F7556}") = "Exercise_3-4-2", "CSharp\Algorithms\DynamicProgramming\Exercise_3-4-2\Exercise_3-4-2.csproj", "{DDCBAB7F-3D1C-4150-9ED8-B1F0D79B3DBD}"
EndProject
Project("{9A19103F-16F7-4668-BE54-9A1E7A4F7556}") = "Exercise_4-5-2", "CSharp\AdvancedTopics\DateAndTime\Exercise_4-5-2\Exercise_4-5-2.csproj", "{C3515F3E-60CD-406B-AA2B-7D296D3EF8AA}"
EndProject
Project("{9A19103F-16F7-4668-BE54-9A1E7A4F7556}") = "Exercise_4-3-1", "CSharp\AdvancedTopics\ExceptionHandling\Exercise_4-3-1\Exercise_4-3-1.csproj", "{26C01394-8DC5-4745-9963-FB26D9DD4883}"
EndProject
Project("{9A19103F-16F7-4668-BE54-9A1E7A4F7556}") = "Exercise_4-3-2", "CSharp\AdvancedTopics\ExceptionHandling\Exercise_4-3-2\Exercise_4-3-2.csproj", "{D2D26934-31F0-48B1-AD50-060147D229F0}"
EndProject
Project("{9A19103F-16F7-4668-BE54-9A1E7A4F7556}") = "Exercise_4-2-1", "CSharp\AdvancedTopics\FileIO\Exercise_4-2-1\Exercise_4-2-1.csproj", "{C0364A43-A0ED-4EAE-86B4-1209A4A4C88E}"
EndProject
Project("{9A19103F-16F7-4668-BE54-9A1E7A4F7556}") = "Exercise_4-2-2", "CSharp\AdvancedTopics\FileIO\Exercise_4-2-2\Exercise_4-2-2.csproj", "{B4D647CB-34CE-4D3D-BEDC-BD6D2DCB8F95}"
EndProject
Project("{9A19103F-16F7-4668-BE54-9A1E7A4F7556}") = "Exercise_4-1-1", "CSharp\AdvancedTopics\OOP\Exercise_4-1-1\Exercise_4-1-1.csproj", "{DCC2CF6F-FB64-48A9-81B1-905E9AC04D4C}"
EndProject
Project("{9A19103F-16F7-4668-BE54-9A1E7A4F7556}") = "Exercise_4-1-2", "CSharp\AdvancedTopics\OOP\Exercise_4-1-2\Exercise_4-1-2.csproj", "{FCD7DA74-C450-46A7-BCD8-4D6ACE98527B}"
EndProject
Project("{9A19103F-16F7-4668-BE54-9A1E7A4F7556}") = "Exercise_4-4-1", "CSharp\AdvancedTopics\RegularExpressions\Exercise_4-4-1\Exercise_4-4-1.csproj", "{2C2A96EF-419F-457B-8B80-C5723597305B}"
EndProject
Project("{9A19103F-16F7-4668-BE54-9A1E7A4F7556}") = "Exercise_4-4-2", "CSharp\AdvancedTopics\RegularExpressions\Exercise_4-4-2\Exercise_4-4-2.csproj", "{1E4CEDE8-6525-4C85-95FD-FEFC2621F71F}"
EndProject
Project("{9A19103F-16F7-4668-BE54-9A1E7A4F7556}") = "Exercise_4-6-1", "CSharp\AdvancedTopics\UnitTesting\Exercise_4-6-1\Exercise_4-6-1.csproj", "{50DDDA1C-0A71-4704-8A16-4490D6358E5E}"
EndProject
Project("{9A19103F-16F7-4668-BE54-9A1E7A4F7556}") = "Exercise_4-6-2", "CSharp\AdvancedTopics\UnitTesting\Exercise_4-6-2\Exercise_4-6-2.csproj", "{62831E74-84D4-4A63-9583-50C7223C4E12}"
EndProject
Project("{9A19103F-16F7-4668-BE54-9A1E7A4F7556}") = "Exercise_4-7-1", "CSharp\AdvancedTopics\WebScraping\Exercise_4-7-1\Exercise_4-7-1.csproj", "{591E9184-EFD7-494A-A201-C4BECD9A68E6}"
EndProject
Project("{9A19103F-16F7-4668-BE54-9A1E7A4F7556}") = "Exercise_4-7-2", "CSharp\AdvancedTopics\WebScraping\Exercise_4-7-2\Exercise_4-7-2.csproj", "{DB059BA1-EC49-45FA-BAEC-B8B2FFA8C0B1}"
EndProject
Project("{9A19103F-16F7-4668-BE54-9A1E7A4F7556}") = "Exercise_1-1-3", "CSharp\Basics\Variables\Exercise_1-1-3\Exercise_1-1-3.csproj", "{D385F07F-291C-4D1D-A6A1-6346A2886083}"
EndProject
Project("{9A19103F-16F7-4668-BE54-9A1E7A4F7556}") = "Exercise_1-1-5", "CSharp\Basics\Variables\Exercise_1-1-5\Exercise_1-1-5.csproj", "{EF3B2239-1982-45F9-92ED-6BD31C0CA712}"
EndProject
Project("{9A19103F-16F7-4668-BE54-9A1E7A4F7556}") = "Exercise_1-1-6", "CSharp\Basics\Variables\Exercise_1-1-6\Exercise_1-1-6.csproj", "{DFCC1895-EB6A-4CEC-8AA1-B10654D87F9C}"
EndProject
Project("{9A19103F-16F7-4668-BE54-9A1E7A4F7556}") = "Exercise_1-1-7", "CSharp\Basics\Variables\Exercise_1-1-7\Exercise_1-1-7.csproj", "{12E649C5-D422-4601-BCBA-3EDC8AE8B4E8}"
EndProject
Project("{9A19103F-16F7-4668-BE54-9A1E7A4F7556}") = "Exercise_1-1-4", "CSharp\Basics\Variables\Exercise_1-1-4\Exercise_1-1-4.csproj", "{7B6A06A5-27C4-4BCA-9135-E0FC12185117}"
EndProject
Project("{9A19103F-16F7-4668-BE54-9A1E7A4F7556}") = "Exercise_1-2-3", "CSharp\Basics\Conditionals\Exercise_1-2-3\Exercise_1-2-3.csproj", "{370111F9-CAB9-4ED3-9A41-9E054D888053}"
EndProject
Project("{9A19103F-16F7-4668-BE54-9A1E7A4F7556}") = "Exercise_1-2-4", "CSharp\Basics\Conditionals\Exercise_1-2-4\Exercise_1-2-4.csproj", "{1382CDCD-13B0-4DBD-8E21-982435B19946}"
EndProject
Project("{9A19103F-16F7-4668-BE54-9A1E7A4F7556}") = "Exercise_1-2-5", "CSharp\Basics\Conditionals\Exercise_1-2-5\Exercise_1-2-5.csproj", "{C8984D81-76DE-41B1-9E9C-1D32C0EDE37A}"
EndProject
Project("{9A19103F-16F7-4668-BE54-9A1E7A4F7556}") = "Exercise_1-2-6", "CSharp\Basics\Conditionals\Exercise_1-2-6\Exercise_1-2-6.csproj", "{679150F8-C126-492B-A406-D1A3EBA8C3FA}"
EndProject
Project("{9A19103F-16F7-4668-BE54-9A1E7A4F7556}") = "Exercise_1-2-7", "CSharp\Basics\Conditionals\Exercise_1-2-7\Exercise_1-2-7.csproj", "{3884B3E2-E9FC-4E7A-9878-3D25774B582A}"
EndProject
Project("{FAE04EC0-301F-11D3-BF4B-00C04F79EFBC}") = "Exercise_1-2-8", "CSharp\Basics\Conditionals\Exercise_1-2-8\Exercise_1-2-8.csproj", "{09912BAA-7490-44B1-AD49-429D47AF8F5A}"
EndProject
Project("{FAE04EC0-301F-11D3-BF4B-00C04F79EFBC}") = "Exercise_1-2-9", "CSharp\Basics\Conditionals\Exercise_1-2-9\Exercise_1-2-9.csproj", "{CDCD0DAC-D9B1-438C-8253-0E297AB21B13}"
EndProject
Project("{FAE04EC0-301F-11D3-BF4B-00C04F79EFBC}") = "Exercise_1-2-10", "CSharp\Basics\Conditionals\Exercise_1-2-10\Exercise_1-2-10.csproj", "{27831DCF-C3B3-44A7-B86A-B38262F2D99C}"
EndProject
Project("{FAE04EC0-301F-11D3-BF4B-00C04F79EFBC}") = "Exercise_1-2-11", "CSharp\Basics\Conditionals\Exercise_1-2-11\Exercise_1-2-11.csproj", "{1A4FB522-B0C6-478B-BF1B-7F4B5D514FA5}"
EndProject
Project("{FAE04EC0-301F-11D3-BF4B-00C04F79EFBC}") = "Exercise_1-2-12", "CSharp\Basics\Conditionals\Exercise_1-2-12\Exercise_1-2-12.csproj", "{5E00ACF6-9077-4462-B6E4-337AEB74CC35}"
EndProject
Project("{FAE04EC0-301F-11D3-BF4B-00C04F79EFBC}") = "Exercise_1-2-13", "CSharp\Basics\Conditionals\Exercise_1-2-13\Exercise_1-2-13.csproj", "{62692235-574C-4611-9C7E-695886B8BD9E}"
EndProject
Global
	GlobalSection(SolutionConfigurationPlatforms) = preSolution
		Debug|Any CPU = Debug|Any CPU
		Release|Any CPU = Release|Any CPU
	EndGlobalSection
	GlobalSection(ProjectConfigurationPlatforms) = postSolution
		{7134C78E-11FC-4FCD-B919-AFEEBDF3AE8F}.Debug|Any CPU.ActiveCfg = Debug|Any CPU
		{7134C78E-11FC-4FCD-B919-AFEEBDF3AE8F}.Debug|Any CPU.Build.0 = Debug|Any CPU
		{7134C78E-11FC-4FCD-B919-AFEEBDF3AE8F}.Release|Any CPU.ActiveCfg = Release|Any CPU
		{7134C78E-11FC-4FCD-B919-AFEEBDF3AE8F}.Release|Any CPU.Build.0 = Release|Any CPU
		{80E053B8-87F9-4B7E-9E69-94FA369DBEC7}.Debug|Any CPU.ActiveCfg = Debug|Any CPU
		{80E053B8-87F9-4B7E-9E69-94FA369DBEC7}.Debug|Any CPU.Build.0 = Debug|Any CPU
		{80E053B8-87F9-4B7E-9E69-94FA369DBEC7}.Release|Any CPU.ActiveCfg = Release|Any CPU
		{80E053B8-87F9-4B7E-9E69-94FA369DBEC7}.Release|Any CPU.Build.0 = Release|Any CPU
		{FE4A33C5-A864-4B07-A49C-8740CCF6F5DC}.Debug|Any CPU.ActiveCfg = Debug|Any CPU
		{FE4A33C5-A864-4B07-A49C-8740CCF6F5DC}.Debug|Any CPU.Build.0 = Debug|Any CPU
		{FE4A33C5-A864-4B07-A49C-8740CCF6F5DC}.Release|Any CPU.ActiveCfg = Release|Any CPU
		{FE4A33C5-A864-4B07-A49C-8740CCF6F5DC}.Release|Any CPU.Build.0 = Release|Any CPU
		{234253CF-5802-424A-A63D-C651F49FCCA1}.Debug|Any CPU.ActiveCfg = Debug|Any CPU
		{234253CF-5802-424A-A63D-C651F49FCCA1}.Debug|Any CPU.Build.0 = Debug|Any CPU
		{234253CF-5802-424A-A63D-C651F49FCCA1}.Release|Any CPU.ActiveCfg = Release|Any CPU
		{234253CF-5802-424A-A63D-C651F49FCCA1}.Release|Any CPU.Build.0 = Release|Any CPU
		{8784EC79-1C32-4396-B250-7D652723C425}.Debug|Any CPU.ActiveCfg = Debug|Any CPU
		{8784EC79-1C32-4396-B250-7D652723C425}.Debug|Any CPU.Build.0 = Debug|Any CPU
		{8784EC79-1C32-4396-B250-7D652723C425}.Release|Any CPU.ActiveCfg = Release|Any CPU
		{8784EC79-1C32-4396-B250-7D652723C425}.Release|Any CPU.Build.0 = Release|Any CPU
		{D9A5A23E-A689-4806-ACB1-AB76045DE04E}.Debug|Any CPU.ActiveCfg = Debug|Any CPU
		{D9A5A23E-A689-4806-ACB1-AB76045DE04E}.Debug|Any CPU.Build.0 = Debug|Any CPU
		{D9A5A23E-A689-4806-ACB1-AB76045DE04E}.Release|Any CPU.ActiveCfg = Release|Any CPU
		{D9A5A23E-A689-4806-ACB1-AB76045DE04E}.Release|Any CPU.Build.0 = Release|Any CPU
		{90090741-48A5-44AC-8EB2-588AE8A39F52}.Debug|Any CPU.ActiveCfg = Debug|Any CPU
		{90090741-48A5-44AC-8EB2-588AE8A39F52}.Debug|Any CPU.Build.0 = Debug|Any CPU
		{90090741-48A5-44AC-8EB2-588AE8A39F52}.Release|Any CPU.ActiveCfg = Release|Any CPU
		{90090741-48A5-44AC-8EB2-588AE8A39F52}.Release|Any CPU.Build.0 = Release|Any CPU
		{498A3171-B5F3-44A5-8969-137BD59CFF34}.Debug|Any CPU.ActiveCfg = Debug|Any CPU
		{498A3171-B5F3-44A5-8969-137BD59CFF34}.Debug|Any CPU.Build.0 = Debug|Any CPU
		{498A3171-B5F3-44A5-8969-137BD59CFF34}.Release|Any CPU.ActiveCfg = Release|Any CPU
		{498A3171-B5F3-44A5-8969-137BD59CFF34}.Release|Any CPU.Build.0 = Release|Any CPU
		{1247A2DD-0756-4AA9-A723-78F716CC6EC5}.Debug|Any CPU.ActiveCfg = Debug|Any CPU
		{1247A2DD-0756-4AA9-A723-78F716CC6EC5}.Debug|Any CPU.Build.0 = Debug|Any CPU
		{1247A2DD-0756-4AA9-A723-78F716CC6EC5}.Release|Any CPU.ActiveCfg = Release|Any CPU
		{1247A2DD-0756-4AA9-A723-78F716CC6EC5}.Release|Any CPU.Build.0 = Release|Any CPU
		{931F8BB6-2FED-4635-BCB7-B79998D81E05}.Debug|Any CPU.ActiveCfg = Debug|Any CPU
		{931F8BB6-2FED-4635-BCB7-B79998D81E05}.Debug|Any CPU.Build.0 = Debug|Any CPU
		{931F8BB6-2FED-4635-BCB7-B79998D81E05}.Release|Any CPU.ActiveCfg = Release|Any CPU
		{931F8BB6-2FED-4635-BCB7-B79998D81E05}.Release|Any CPU.Build.0 = Release|Any CPU
		{00F69718-47F3-450B-9172-35D27CC63F6D}.Debug|Any CPU.ActiveCfg = Debug|Any CPU
		{00F69718-47F3-450B-9172-35D27CC63F6D}.Debug|Any CPU.Build.0 = Debug|Any CPU
		{00F69718-47F3-450B-9172-35D27CC63F6D}.Release|Any CPU.ActiveCfg = Release|Any CPU
		{00F69718-47F3-450B-9172-35D27CC63F6D}.Release|Any CPU.Build.0 = Release|Any CPU
		{21853016-812A-47F4-ABF5-4DC0E27E0D9B}.Debug|Any CPU.ActiveCfg = Debug|Any CPU
		{21853016-812A-47F4-ABF5-4DC0E27E0D9B}.Debug|Any CPU.Build.0 = Debug|Any CPU
		{21853016-812A-47F4-ABF5-4DC0E27E0D9B}.Release|Any CPU.ActiveCfg = Release|Any CPU
		{21853016-812A-47F4-ABF5-4DC0E27E0D9B}.Release|Any CPU.Build.0 = Release|Any CPU
		{945EE0CF-D159-4320-8286-1E38AFDCFE0E}.Debug|Any CPU.ActiveCfg = Debug|Any CPU
		{945EE0CF-D159-4320-8286-1E38AFDCFE0E}.Debug|Any CPU.Build.0 = Debug|Any CPU
		{945EE0CF-D159-4320-8286-1E38AFDCFE0E}.Release|Any CPU.ActiveCfg = Release|Any CPU
		{945EE0CF-D159-4320-8286-1E38AFDCFE0E}.Release|Any CPU.Build.0 = Release|Any CPU
		{BE801F1A-ADF3-4BC7-B3C9-8014F9E8468B}.Debug|Any CPU.ActiveCfg = Debug|Any CPU
		{BE801F1A-ADF3-4BC7-B3C9-8014F9E8468B}.Debug|Any CPU.Build.0 = Debug|Any CPU
		{BE801F1A-ADF3-4BC7-B3C9-8014F9E8468B}.Release|Any CPU.ActiveCfg = Release|Any CPU
		{BE801F1A-ADF3-4BC7-B3C9-8014F9E8468B}.Release|Any CPU.Build.0 = Release|Any CPU
		{3B05D50E-04A6-43FB-A7A8-AE7E0413FE4C}.Debug|Any CPU.ActiveCfg = Debug|Any CPU
		{3B05D50E-04A6-43FB-A7A8-AE7E0413FE4C}.Debug|Any CPU.Build.0 = Debug|Any CPU
		{3B05D50E-04A6-43FB-A7A8-AE7E0413FE4C}.Release|Any CPU.ActiveCfg = Release|Any CPU
		{3B05D50E-04A6-43FB-A7A8-AE7E0413FE4C}.Release|Any CPU.Build.0 = Release|Any CPU
		{C7793E98-9F7D-4B35-88AD-EF4C79A87A2B}.Debug|Any CPU.ActiveCfg = Debug|Any CPU
		{C7793E98-9F7D-4B35-88AD-EF4C79A87A2B}.Debug|Any CPU.Build.0 = Debug|Any CPU
		{C7793E98-9F7D-4B35-88AD-EF4C79A87A2B}.Release|Any CPU.ActiveCfg = Release|Any CPU
		{C7793E98-9F7D-4B35-88AD-EF4C79A87A2B}.Release|Any CPU.Build.0 = Release|Any CPU
		{24AE069A-9FBB-43DC-B898-05DEBC8EE117}.Debug|Any CPU.ActiveCfg = Debug|Any CPU
		{24AE069A-9FBB-43DC-B898-05DEBC8EE117}.Debug|Any CPU.Build.0 = Debug|Any CPU
		{24AE069A-9FBB-43DC-B898-05DEBC8EE117}.Release|Any CPU.ActiveCfg = Release|Any CPU
		{24AE069A-9FBB-43DC-B898-05DEBC8EE117}.Release|Any CPU.Build.0 = Release|Any CPU
		{74CE2F95-A551-4382-BC17-642F9685E4D3}.Debug|Any CPU.ActiveCfg = Debug|Any CPU
		{74CE2F95-A551-4382-BC17-642F9685E4D3}.Debug|Any CPU.Build.0 = Debug|Any CPU
		{74CE2F95-A551-4382-BC17-642F9685E4D3}.Release|Any CPU.ActiveCfg = Release|Any CPU
		{74CE2F95-A551-4382-BC17-642F9685E4D3}.Release|Any CPU.Build.0 = Release|Any CPU
		{D80F7C12-6C10-474B-B8CE-94B90E354DA9}.Debug|Any CPU.ActiveCfg = Debug|Any CPU
		{D80F7C12-6C10-474B-B8CE-94B90E354DA9}.Debug|Any CPU.Build.0 = Debug|Any CPU
		{D80F7C12-6C10-474B-B8CE-94B90E354DA9}.Release|Any CPU.ActiveCfg = Release|Any CPU
		{D80F7C12-6C10-474B-B8CE-94B90E354DA9}.Release|Any CPU.Build.0 = Release|Any CPU
		{B147C1F8-365E-4724-9A99-B86B751A0781}.Debug|Any CPU.ActiveCfg = Debug|Any CPU
		{B147C1F8-365E-4724-9A99-B86B751A0781}.Debug|Any CPU.Build.0 = Debug|Any CPU
		{B147C1F8-365E-4724-9A99-B86B751A0781}.Release|Any CPU.ActiveCfg = Release|Any CPU
		{B147C1F8-365E-4724-9A99-B86B751A0781}.Release|Any CPU.Build.0 = Release|Any CPU
		{F52148A7-41B2-4BBF-8479-5AE2CFF49E36}.Debug|Any CPU.ActiveCfg = Debug|Any CPU
		{F52148A7-41B2-4BBF-8479-5AE2CFF49E36}.Debug|Any CPU.Build.0 = Debug|Any CPU
		{F52148A7-41B2-4BBF-8479-5AE2CFF49E36}.Release|Any CPU.ActiveCfg = Release|Any CPU
		{F52148A7-41B2-4BBF-8479-5AE2CFF49E36}.Release|Any CPU.Build.0 = Release|Any CPU
		{21ECF09A-D0D4-4D8D-B376-300272714ECE}.Debug|Any CPU.ActiveCfg = Debug|Any CPU
		{21ECF09A-D0D4-4D8D-B376-300272714ECE}.Debug|Any CPU.Build.0 = Debug|Any CPU
		{21ECF09A-D0D4-4D8D-B376-300272714ECE}.Release|Any CPU.ActiveCfg = Release|Any CPU
		{21ECF09A-D0D4-4D8D-B376-300272714ECE}.Release|Any CPU.Build.0 = Release|Any CPU
		{21830520-6F50-447E-8230-2D26866BB8F0}.Debug|Any CPU.ActiveCfg = Debug|Any CPU
		{21830520-6F50-447E-8230-2D26866BB8F0}.Debug|Any CPU.Build.0 = Debug|Any CPU
		{21830520-6F50-447E-8230-2D26866BB8F0}.Release|Any CPU.ActiveCfg = Release|Any CPU
		{21830520-6F50-447E-8230-2D26866BB8F0}.Release|Any CPU.Build.0 = Release|Any CPU
		{31718577-51FD-4A62-930A-F717E0EE3A06}.Debug|Any CPU.ActiveCfg = Debug|Any CPU
		{31718577-51FD-4A62-930A-F717E0EE3A06}.Debug|Any CPU.Build.0 = Debug|Any CPU
		{31718577-51FD-4A62-930A-F717E0EE3A06}.Release|Any CPU.ActiveCfg = Release|Any CPU
		{31718577-51FD-4A62-930A-F717E0EE3A06}.Release|Any CPU.Build.0 = Release|Any CPU
		{5BC7937A-9134-4259-99B1-8EEED735ABCA}.Debug|Any CPU.ActiveCfg = Debug|Any CPU
		{5BC7937A-9134-4259-99B1-8EEED735ABCA}.Debug|Any CPU.Build.0 = Debug|Any CPU
		{5BC7937A-9134-4259-99B1-8EEED735ABCA}.Release|Any CPU.ActiveCfg = Release|Any CPU
		{5BC7937A-9134-4259-99B1-8EEED735ABCA}.Release|Any CPU.Build.0 = Release|Any CPU
		{5BADF82A-0313-4647-8E2C-7FFD1C76D178}.Debug|Any CPU.ActiveCfg = Debug|Any CPU
		{5BADF82A-0313-4647-8E2C-7FFD1C76D178}.Debug|Any CPU.Build.0 = Debug|Any CPU
		{5BADF82A-0313-4647-8E2C-7FFD1C76D178}.Release|Any CPU.ActiveCfg = Release|Any CPU
		{5BADF82A-0313-4647-8E2C-7FFD1C76D178}.Release|Any CPU.Build.0 = Release|Any CPU
		{21E559D6-BFD1-4A8A-83B2-CF83D69A32AC}.Debug|Any CPU.ActiveCfg = Debug|Any CPU
		{21E559D6-BFD1-4A8A-83B2-CF83D69A32AC}.Debug|Any CPU.Build.0 = Debug|Any CPU
		{21E559D6-BFD1-4A8A-83B2-CF83D69A32AC}.Release|Any CPU.ActiveCfg = Release|Any CPU
		{21E559D6-BFD1-4A8A-83B2-CF83D69A32AC}.Release|Any CPU.Build.0 = Release|Any CPU
		{9E60D619-B0C6-45A2-AD36-D14CE58317B7}.Debug|Any CPU.ActiveCfg = Debug|Any CPU
		{9E60D619-B0C6-45A2-AD36-D14CE58317B7}.Debug|Any CPU.Build.0 = Debug|Any CPU
		{9E60D619-B0C6-45A2-AD36-D14CE58317B7}.Release|Any CPU.ActiveCfg = Release|Any CPU
		{9E60D619-B0C6-45A2-AD36-D14CE58317B7}.Release|Any CPU.Build.0 = Release|Any CPU
		{32442F7F-AAF1-4249-AB8C-D24A29122EAA}.Debug|Any CPU.ActiveCfg = Debug|Any CPU
		{32442F7F-AAF1-4249-AB8C-D24A29122EAA}.Debug|Any CPU.Build.0 = Debug|Any CPU
		{32442F7F-AAF1-4249-AB8C-D24A29122EAA}.Release|Any CPU.ActiveCfg = Release|Any CPU
		{32442F7F-AAF1-4249-AB8C-D24A29122EAA}.Release|Any CPU.Build.0 = Release|Any CPU
		{DDCBAB7F-3D1C-4150-9ED8-B1F0D79B3DBD}.Debug|Any CPU.ActiveCfg = Debug|Any CPU
		{DDCBAB7F-3D1C-4150-9ED8-B1F0D79B3DBD}.Debug|Any CPU.Build.0 = Debug|Any CPU
		{DDCBAB7F-3D1C-4150-9ED8-B1F0D79B3DBD}.Release|Any CPU.ActiveCfg = Release|Any CPU
		{DDCBAB7F-3D1C-4150-9ED8-B1F0D79B3DBD}.Release|Any CPU.Build.0 = Release|Any CPU
		{C3515F3E-60CD-406B-AA2B-7D296D3EF8AA}.Debug|Any CPU.ActiveCfg = Debug|Any CPU
		{C3515F3E-60CD-406B-AA2B-7D296D3EF8AA}.Debug|Any CPU.Build.0 = Debug|Any CPU
		{C3515F3E-60CD-406B-AA2B-7D296D3EF8AA}.Release|Any CPU.ActiveCfg = Release|Any CPU
		{C3515F3E-60CD-406B-AA2B-7D296D3EF8AA}.Release|Any CPU.Build.0 = Release|Any CPU
		{26C01394-8DC5-4745-9963-FB26D9DD4883}.Debug|Any CPU.ActiveCfg = Debug|Any CPU
		{26C01394-8DC5-4745-9963-FB26D9DD4883}.Debug|Any CPU.Build.0 = Debug|Any CPU
		{26C01394-8DC5-4745-9963-FB26D9DD4883}.Release|Any CPU.ActiveCfg = Release|Any CPU
		{26C01394-8DC5-4745-9963-FB26D9DD4883}.Release|Any CPU.Build.0 = Release|Any CPU
		{D2D26934-31F0-48B1-AD50-060147D229F0}.Debug|Any CPU.ActiveCfg = Debug|Any CPU
		{D2D26934-31F0-48B1-AD50-060147D229F0}.Debug|Any CPU.Build.0 = Debug|Any CPU
		{D2D26934-31F0-48B1-AD50-060147D229F0}.Release|Any CPU.ActiveCfg = Release|Any CPU
		{D2D26934-31F0-48B1-AD50-060147D229F0}.Release|Any CPU.Build.0 = Release|Any CPU
		{C0364A43-A0ED-4EAE-86B4-1209A4A4C88E}.Debug|Any CPU.ActiveCfg = Debug|Any CPU
		{C0364A43-A0ED-4EAE-86B4-1209A4A4C88E}.Debug|Any CPU.Build.0 = Debug|Any CPU
		{C0364A43-A0ED-4EAE-86B4-1209A4A4C88E}.Release|Any CPU.ActiveCfg = Release|Any CPU
		{C0364A43-A0ED-4EAE-86B4-1209A4A4C88E}.Release|Any CPU.Build.0 = Release|Any CPU
		{B4D647CB-34CE-4D3D-BEDC-BD6D2DCB8F95}.Debug|Any CPU.ActiveCfg = Debug|Any CPU
		{B4D647CB-34CE-4D3D-BEDC-BD6D2DCB8F95}.Debug|Any CPU.Build.0 = Debug|Any CPU
		{B4D647CB-34CE-4D3D-BEDC-BD6D2DCB8F95}.Release|Any CPU.ActiveCfg = Release|Any CPU
		{B4D647CB-34CE-4D3D-BEDC-BD6D2DCB8F95}.Release|Any CPU.Build.0 = Release|Any CPU
		{DCC2CF6F-FB64-48A9-81B1-905E9AC04D4C}.Debug|Any CPU.ActiveCfg = Debug|Any CPU
		{DCC2CF6F-FB64-48A9-81B1-905E9AC04D4C}.Debug|Any CPU.Build.0 = Debug|Any CPU
		{DCC2CF6F-FB64-48A9-81B1-905E9AC04D4C}.Release|Any CPU.ActiveCfg = Release|Any CPU
		{DCC2CF6F-FB64-48A9-81B1-905E9AC04D4C}.Release|Any CPU.Build.0 = Release|Any CPU
		{FCD7DA74-C450-46A7-BCD8-4D6ACE98527B}.Debug|Any CPU.ActiveCfg = Debug|Any CPU
		{FCD7DA74-C450-46A7-BCD8-4D6ACE98527B}.Debug|Any CPU.Build.0 = Debug|Any CPU
		{FCD7DA74-C450-46A7-BCD8-4D6ACE98527B}.Release|Any CPU.ActiveCfg = Release|Any CPU
		{FCD7DA74-C450-46A7-BCD8-4D6ACE98527B}.Release|Any CPU.Build.0 = Release|Any CPU
		{2C2A96EF-419F-457B-8B80-C5723597305B}.Debug|Any CPU.ActiveCfg = Debug|Any CPU
		{2C2A96EF-419F-457B-8B80-C5723597305B}.Debug|Any CPU.Build.0 = Debug|Any CPU
		{2C2A96EF-419F-457B-8B80-C5723597305B}.Release|Any CPU.ActiveCfg = Release|Any CPU
		{2C2A96EF-419F-457B-8B80-C5723597305B}.Release|Any CPU.Build.0 = Release|Any CPU
		{1E4CEDE8-6525-4C85-95FD-FEFC2621F71F}.Debug|Any CPU.ActiveCfg = Debug|Any CPU
		{1E4CEDE8-6525-4C85-95FD-FEFC2621F71F}.Debug|Any CPU.Build.0 = Debug|Any CPU
		{1E4CEDE8-6525-4C85-95FD-FEFC2621F71F}.Release|Any CPU.ActiveCfg = Release|Any CPU
		{1E4CEDE8-6525-4C85-95FD-FEFC2621F71F}.Release|Any CPU.Build.0 = Release|Any CPU
		{50DDDA1C-0A71-4704-8A16-4490D6358E5E}.Debug|Any CPU.ActiveCfg = Debug|Any CPU
		{50DDDA1C-0A71-4704-8A16-4490D6358E5E}.Debug|Any CPU.Build.0 = Debug|Any CPU
		{50DDDA1C-0A71-4704-8A16-4490D6358E5E}.Release|Any CPU.ActiveCfg = Release|Any CPU
		{50DDDA1C-0A71-4704-8A16-4490D6358E5E}.Release|Any CPU.Build.0 = Release|Any CPU
		{62831E74-84D4-4A63-9583-50C7223C4E12}.Debug|Any CPU.ActiveCfg = Debug|Any CPU
		{62831E74-84D4-4A63-9583-50C7223C4E12}.Debug|Any CPU.Build.0 = Debug|Any CPU
		{62831E74-84D4-4A63-9583-50C7223C4E12}.Release|Any CPU.ActiveCfg = Release|Any CPU
		{62831E74-84D4-4A63-9583-50C7223C4E12}.Release|Any CPU.Build.0 = Release|Any CPU
		{591E9184-EFD7-494A-A201-C4BECD9A68E6}.Debug|Any CPU.ActiveCfg = Debug|Any CPU
		{591E9184-EFD7-494A-A201-C4BECD9A68E6}.Debug|Any CPU.Build.0 = Debug|Any CPU
		{591E9184-EFD7-494A-A201-C4BECD9A68E6}.Release|Any CPU.ActiveCfg = Release|Any CPU
		{591E9184-EFD7-494A-A201-C4BECD9A68E6}.Release|Any CPU.Build.0 = Release|Any CPU
		{DB059BA1-EC49-45FA-BAEC-B8B2FFA8C0B1}.Debug|Any CPU.ActiveCfg = Debug|Any CPU
		{DB059BA1-EC49-45FA-BAEC-B8B2FFA8C0B1}.Debug|Any CPU.Build.0 = Debug|Any CPU
		{DB059BA1-EC49-45FA-BAEC-B8B2FFA8C0B1}.Release|Any CPU.ActiveCfg = Release|Any CPU
		{DB059BA1-EC49-45FA-BAEC-B8B2FFA8C0B1}.Release|Any CPU.Build.0 = Release|Any CPU
		{D385F07F-291C-4D1D-A6A1-6346A2886083}.Debug|Any CPU.ActiveCfg = Debug|Any CPU
		{D385F07F-291C-4D1D-A6A1-6346A2886083}.Debug|Any CPU.Build.0 = Debug|Any CPU
		{D385F07F-291C-4D1D-A6A1-6346A2886083}.Release|Any CPU.ActiveCfg = Release|Any CPU
		{D385F07F-291C-4D1D-A6A1-6346A2886083}.Release|Any CPU.Build.0 = Release|Any CPU
		{EF3B2239-1982-45F9-92ED-6BD31C0CA712}.Debug|Any CPU.ActiveCfg = Debug|Any CPU
		{EF3B2239-1982-45F9-92ED-6BD31C0CA712}.Debug|Any CPU.Build.0 = Debug|Any CPU
		{EF3B2239-1982-45F9-92ED-6BD31C0CA712}.Release|Any CPU.ActiveCfg = Release|Any CPU
		{EF3B2239-1982-45F9-92ED-6BD31C0CA712}.Release|Any CPU.Build.0 = Release|Any CPU
		{DFCC1895-EB6A-4CEC-8AA1-B10654D87F9C}.Debug|Any CPU.ActiveCfg = Debug|Any CPU
		{DFCC1895-EB6A-4CEC-8AA1-B10654D87F9C}.Debug|Any CPU.Build.0 = Debug|Any CPU
		{DFCC1895-EB6A-4CEC-8AA1-B10654D87F9C}.Release|Any CPU.ActiveCfg = Release|Any CPU
		{DFCC1895-EB6A-4CEC-8AA1-B10654D87F9C}.Release|Any CPU.Build.0 = Release|Any CPU
		{12E649C5-D422-4601-BCBA-3EDC8AE8B4E8}.Debug|Any CPU.ActiveCfg = Debug|Any CPU
		{12E649C5-D422-4601-BCBA-3EDC8AE8B4E8}.Debug|Any CPU.Build.0 = Debug|Any CPU
		{12E649C5-D422-4601-BCBA-3EDC8AE8B4E8}.Release|Any CPU.ActiveCfg = Release|Any CPU
		{12E649C5-D422-4601-BCBA-3EDC8AE8B4E8}.Release|Any CPU.Build.0 = Release|Any CPU
		{7B6A06A5-27C4-4BCA-9135-E0FC12185117}.Debug|Any CPU.ActiveCfg = Debug|Any CPU
		{7B6A06A5-27C4-4BCA-9135-E0FC12185117}.Debug|Any CPU.Build.0 = Debug|Any CPU
		{7B6A06A5-27C4-4BCA-9135-E0FC12185117}.Release|Any CPU.ActiveCfg = Release|Any CPU
		{7B6A06A5-27C4-4BCA-9135-E0FC12185117}.Release|Any CPU.Build.0 = Release|Any CPU
		{370111F9-CAB9-4ED3-9A41-9E054D888053}.Debug|Any CPU.ActiveCfg = Debug|Any CPU
		{370111F9-CAB9-4ED3-9A41-9E054D888053}.Debug|Any CPU.Build.0 = Debug|Any CPU
		{370111F9-CAB9-4ED3-9A41-9E054D888053}.Release|Any CPU.ActiveCfg = Release|Any CPU
		{370111F9-CAB9-4ED3-9A41-9E054D888053}.Release|Any CPU.Build.0 = Release|Any CPU
		{1382CDCD-13B0-4DBD-8E21-982435B19946}.Debug|Any CPU.ActiveCfg = Debug|Any CPU
		{1382CDCD-13B0-4DBD-8E21-982435B19946}.Debug|Any CPU.Build.0 = Debug|Any CPU
		{1382CDCD-13B0-4DBD-8E21-982435B19946}.Release|Any CPU.ActiveCfg = Release|Any CPU
		{1382CDCD-13B0-4DBD-8E21-982435B19946}.Release|Any CPU.Build.0 = Release|Any CPU
		{C8984D81-76DE-41B1-9E9C-1D32C0EDE37A}.Debug|Any CPU.ActiveCfg = Debug|Any CPU
		{C8984D81-76DE-41B1-9E9C-1D32C0EDE37A}.Debug|Any CPU.Build.0 = Debug|Any CPU
		{C8984D81-76DE-41B1-9E9C-1D32C0EDE37A}.Release|Any CPU.ActiveCfg = Release|Any CPU
		{C8984D81-76DE-41B1-9E9C-1D32C0EDE37A}.Release|Any CPU.Build.0 = Release|Any CPU
		{679150F8-C126-492B-A406-D1A3EBA8C3FA}.Debug|Any CPU.ActiveCfg = Debug|Any CPU
		{679150F8-C126-492B-A406-D1A3EBA8C3FA}.Debug|Any CPU.Build.0 = Debug|Any CPU
		{679150F8-C126-492B-A406-D1A3EBA8C3FA}.Release|Any CPU.ActiveCfg = Release|Any CPU
		{679150F8-C126-492B-A406-D1A3EBA8C3FA}.Release|Any CPU.Build.0 = Release|Any CPU
		{3884B3E2-E9FC-4E7A-9878-3D25774B582A}.Debug|Any CPU.ActiveCfg = Debug|Any CPU
		{3884B3E2-E9FC-4E7A-9878-3D25774B582A}.Debug|Any CPU.Build.0 = Debug|Any CPU
		{3884B3E2-E9FC-4E7A-9878-3D25774B582A}.Release|Any CPU.ActiveCfg = Release|Any CPU
		{3884B3E2-E9FC-4E7A-9878-3D25774B582A}.Release|Any CPU.Build.0 = Release|Any CPU
		{09912BAA-7490-44B1-AD49-429D47AF8F5A}.Debug|Any CPU.ActiveCfg = Debug|Any CPU
		{09912BAA-7490-44B1-AD49-429D47AF8F5A}.Debug|Any CPU.Build.0 = Debug|Any CPU
		{09912BAA-7490-44B1-AD49-429D47AF8F5A}.Release|Any CPU.ActiveCfg = Release|Any CPU
		{09912BAA-7490-44B1-AD49-429D47AF8F5A}.Release|Any CPU.Build.0 = Release|Any CPU
		{CDCD0DAC-D9B1-438C-8253-0E297AB21B13}.Debug|Any CPU.ActiveCfg = Debug|Any CPU
		{CDCD0DAC-D9B1-438C-8253-0E297AB21B13}.Debug|Any CPU.Build.0 = Debug|Any CPU
		{CDCD0DAC-D9B1-438C-8253-0E297AB21B13}.Release|Any CPU.ActiveCfg = Release|Any CPU
		{CDCD0DAC-D9B1-438C-8253-0E297AB21B13}.Release|Any CPU.Build.0 = Release|Any CPU
		{27831DCF-C3B3-44A7-B86A-B38262F2D99C}.Debug|Any CPU.ActiveCfg = Debug|Any CPU
		{27831DCF-C3B3-44A7-B86A-B38262F2D99C}.Debug|Any CPU.Build.0 = Debug|Any CPU
		{27831DCF-C3B3-44A7-B86A-B38262F2D99C}.Release|Any CPU.ActiveCfg = Release|Any CPU
		{27831DCF-C3B3-44A7-B86A-B38262F2D99C}.Release|Any CPU.Build.0 = Release|Any CPU
		{1A4FB522-B0C6-478B-BF1B-7F4B5D514FA5}.Debug|Any CPU.ActiveCfg = Debug|Any CPU
		{1A4FB522-B0C6-478B-BF1B-7F4B5D514FA5}.Debug|Any CPU.Build.0 = Debug|Any CPU
		{1A4FB522-B0C6-478B-BF1B-7F4B5D514FA5}.Release|Any CPU.ActiveCfg = Release|Any CPU
		{1A4FB522-B0C6-478B-BF1B-7F4B5D514FA5}.Release|Any CPU.Build.0 = Release|Any CPU
		{5E00ACF6-9077-4462-B6E4-337AEB74CC35}.Debug|Any CPU.ActiveCfg = Debug|Any CPU
		{5E00ACF6-9077-4462-B6E4-337AEB74CC35}.Debug|Any CPU.Build.0 = Debug|Any CPU
		{5E00ACF6-9077-4462-B6E4-337AEB74CC35}.Release|Any CPU.ActiveCfg = Release|Any CPU
		{5E00ACF6-9077-4462-B6E4-337AEB74CC35}.Release|Any CPU.Build.0 = Release|Any CPU
		{62692235-574C-4611-9C7E-695886B8BD9E}.Debug|Any CPU.ActiveCfg = Debug|Any CPU
		{62692235-574C-4611-9C7E-695886B8BD9E}.Debug|Any CPU.Build.0 = Debug|Any CPU
		{62692235-574C-4611-9C7E-695886B8BD9E}.Release|Any CPU.ActiveCfg = Release|Any CPU
		{62692235-574C-4611-9C7E-695886B8BD9E}.Release|Any CPU.Build.0 = Release|Any CPU
	EndGlobalSection
	GlobalSection(SolutionProperties) = preSolution
		HideSolutionNode = FALSE
	EndGlobalSection
	GlobalSection(NestedProjects) = preSolution
		{2689E0FB-D909-4375-B633-FE06B88CE3E3} = {E30BD4E1-C9C6-4782-BC00-60C15CBF1233}
		{1E519477-11D6-4DC7-BC4A-AE1B4AA0EEAA} = {2689E0FB-D909-4375-B633-FE06B88CE3E3}
		{BF9D65B0-A39D-4FE4-920B-6D74D2CDCEBA} = {2689E0FB-D909-4375-B633-FE06B88CE3E3}
		{4114AD04-792A-4270-90E2-75931E194231} = {2689E0FB-D909-4375-B633-FE06B88CE3E3}
		{D46CB0E5-934A-4A57-BC30-A65E02C7A680} = {2689E0FB-D909-4375-B633-FE06B88CE3E3}
		{15CCCA50-E60C-4A05-B737-820B88D5055E} = {2689E0FB-D909-4375-B633-FE06B88CE3E3}
		{1A6666E6-1298-4230-950D-75F01E8D1068} = {2689E0FB-D909-4375-B633-FE06B88CE3E3}
		{4DF0B43C-89BB-46E3-A491-9968C67D3782} = {2689E0FB-D909-4375-B633-FE06B88CE3E3}
		{7125E513-0028-4545-B2EF-F5442096D67B} = {E30BD4E1-C9C6-4782-BC00-60C15CBF1233}
		{72E3F216-81B2-40FF-8996-C4F80EF79E7F} = {7125E513-0028-4545-B2EF-F5442096D67B}
		{35715E63-7A9F-4BDF-9A5B-82375980F80E} = {7125E513-0028-4545-B2EF-F5442096D67B}
		{36D58F10-D30E-40D2-8E0A-F4402576BF5E} = {7125E513-0028-4545-B2EF-F5442096D67B}
		{E09631D7-B8BA-474B-84CA-D55F3DB26019} = {E30BD4E1-C9C6-4782-BC00-60C15CBF1233}
		{BC1B0CBA-9EC0-4D91-A816-6193728427B7} = {E09631D7-B8BA-474B-84CA-D55F3DB26019}
		{CA660065-4EEE-4E1B-A0F8-537FD274FEDB} = {E09631D7-B8BA-474B-84CA-D55F3DB26019}
		{A1BF3224-F640-4782-A8AC-D7F79AD1E221} = {E09631D7-B8BA-474B-84CA-D55F3DB26019}
		{F8E27295-252F-4168-B6AC-2DD766B436DB} = {E09631D7-B8BA-474B-84CA-D55F3DB26019}
		{794C70DD-6422-4A40-9C8F-DF2C33791011} = {E30BD4E1-C9C6-4782-BC00-60C15CBF1233}
		{69DA918C-A488-49A4-8DF8-172C1B0C5739} = {794C70DD-6422-4A40-9C8F-DF2C33791011}
		{9C3CFCA3-F9D4-459D-97A3-F40EF8D5795F} = {794C70DD-6422-4A40-9C8F-DF2C33791011}
		{073A1D9C-37DE-4868-AAA0-D78414938288} = {794C70DD-6422-4A40-9C8F-DF2C33791011}
		{7134C78E-11FC-4FCD-B919-AFEEBDF3AE8F} = {CA660065-4EEE-4E1B-A0F8-537FD274FEDB}
		{80E053B8-87F9-4B7E-9E69-94FA369DBEC7} = {F8E27295-252F-4168-B6AC-2DD766B436DB}
		{FE4A33C5-A864-4B07-A49C-8740CCF6F5DC} = {F8E27295-252F-4168-B6AC-2DD766B436DB}
		{234253CF-5802-424A-A63D-C651F49FCCA1} = {A1BF3224-F640-4782-A8AC-D7F79AD1E221}
		{8784EC79-1C32-4396-B250-7D652723C425} = {BC1B0CBA-9EC0-4D91-A816-6193728427B7}
		{D9A5A23E-A689-4806-ACB1-AB76045DE04E} = {A1BF3224-F640-4782-A8AC-D7F79AD1E221}
		{90090741-48A5-44AC-8EB2-588AE8A39F52} = {BC1B0CBA-9EC0-4D91-A816-6193728427B7}
		{D60B718D-EFA3-426E-A00F-A558CDBF7075} = {794C70DD-6422-4A40-9C8F-DF2C33791011}
		{498A3171-B5F3-44A5-8969-137BD59CFF34} = {D60B718D-EFA3-426E-A00F-A558CDBF7075}
		{1247A2DD-0756-4AA9-A723-78F716CC6EC5} = {D60B718D-EFA3-426E-A00F-A558CDBF7075}
		{931F8BB6-2FED-4635-BCB7-B79998D81E05} = {073A1D9C-37DE-4868-AAA0-D78414938288}
		{00F69718-47F3-450B-9172-35D27CC63F6D} = {073A1D9C-37DE-4868-AAA0-D78414938288}
		{21853016-812A-47F4-ABF5-4DC0E27E0D9B} = {9C3CFCA3-F9D4-459D-97A3-F40EF8D5795F}
		{945EE0CF-D159-4320-8286-1E38AFDCFE0E} = {9C3CFCA3-F9D4-459D-97A3-F40EF8D5795F}
		{BE801F1A-ADF3-4BC7-B3C9-8014F9E8468B} = {69DA918C-A488-49A4-8DF8-172C1B0C5739}
		{3B05D50E-04A6-43FB-A7A8-AE7E0413FE4C} = {69DA918C-A488-49A4-8DF8-172C1B0C5739}
		{57066F66-E3DB-463D-919E-2703C45CAC25} = {794C70DD-6422-4A40-9C8F-DF2C33791011}
		{C7793E98-9F7D-4B35-88AD-EF4C79A87A2B} = {57066F66-E3DB-463D-919E-2703C45CAC25}
		{24AE069A-9FBB-43DC-B898-05DEBC8EE117} = {57066F66-E3DB-463D-919E-2703C45CAC25}
		{CC34B3F9-CB1D-4D1A-991E-7094A256CEB1} = {794C70DD-6422-4A40-9C8F-DF2C33791011}
		{74CE2F95-A551-4382-BC17-642F9685E4D3} = {CC34B3F9-CB1D-4D1A-991E-7094A256CEB1}
		{D80F7C12-6C10-474B-B8CE-94B90E354DA9} = {CC34B3F9-CB1D-4D1A-991E-7094A256CEB1}
		{B147C1F8-365E-4724-9A99-B86B751A0781} = {72E3F216-81B2-40FF-8996-C4F80EF79E7F}
		{F52148A7-41B2-4BBF-8479-5AE2CFF49E36} = {72E3F216-81B2-40FF-8996-C4F80EF79E7F}
		{21ECF09A-D0D4-4D8D-B376-300272714ECE} = {35715E63-7A9F-4BDF-9A5B-82375980F80E}
		{21830520-6F50-447E-8230-2D26866BB8F0} = {35715E63-7A9F-4BDF-9A5B-82375980F80E}
		{31718577-51FD-4A62-930A-F717E0EE3A06} = {36D58F10-D30E-40D2-8E0A-F4402576BF5E}
		{5BC7937A-9134-4259-99B1-8EEED735ABCA} = {36D58F10-D30E-40D2-8E0A-F4402576BF5E}
		{5BADF82A-0313-4647-8E2C-7FFD1C76D178} = {1E519477-11D6-4DC7-BC4A-AE1B4AA0EEAA}
		{D58FB4B6-3319-40D2-B3C6-5332782594CF} = {7125E513-0028-4545-B2EF-F5442096D67B}
		{B2C6A73B-734A-4614-94AF-F8AFDB58B12A} = {7125E513-0028-4545-B2EF-F5442096D67B}
		{21E559D6-BFD1-4A8A-83B2-CF83D69A32AC} = {B2C6A73B-734A-4614-94AF-F8AFDB58B12A}
		{9E60D619-B0C6-45A2-AD36-D14CE58317B7} = {B2C6A73B-734A-4614-94AF-F8AFDB58B12A}
		{32442F7F-AAF1-4249-AB8C-D24A29122EAA} = {D58FB4B6-3319-40D2-B3C6-5332782594CF}
		{DDCBAB7F-3D1C-4150-9ED8-B1F0D79B3DBD} = {D58FB4B6-3319-40D2-B3C6-5332782594CF}
		{C3515F3E-60CD-406B-AA2B-7D296D3EF8AA} = {1E519477-11D6-4DC7-BC4A-AE1B4AA0EEAA}
		{26C01394-8DC5-4745-9963-FB26D9DD4883} = {BF9D65B0-A39D-4FE4-920B-6D74D2CDCEBA}
		{D2D26934-31F0-48B1-AD50-060147D229F0} = {BF9D65B0-A39D-4FE4-920B-6D74D2CDCEBA}
		{C0364A43-A0ED-4EAE-86B4-1209A4A4C88E} = {4114AD04-792A-4270-90E2-75931E194231}
		{B4D647CB-34CE-4D3D-BEDC-BD6D2DCB8F95} = {4114AD04-792A-4270-90E2-75931E194231}
		{DCC2CF6F-FB64-48A9-81B1-905E9AC04D4C} = {D46CB0E5-934A-4A57-BC30-A65E02C7A680}
		{FCD7DA74-C450-46A7-BCD8-4D6ACE98527B} = {D46CB0E5-934A-4A57-BC30-A65E02C7A680}
		{2C2A96EF-419F-457B-8B80-C5723597305B} = {15CCCA50-E60C-4A05-B737-820B88D5055E}
		{1E4CEDE8-6525-4C85-95FD-FEFC2621F71F} = {15CCCA50-E60C-4A05-B737-820B88D5055E}
		{50DDDA1C-0A71-4704-8A16-4490D6358E5E} = {1A6666E6-1298-4230-950D-75F01E8D1068}
		{62831E74-84D4-4A63-9583-50C7223C4E12} = {1A6666E6-1298-4230-950D-75F01E8D1068}
		{591E9184-EFD7-494A-A201-C4BECD9A68E6} = {4DF0B43C-89BB-46E3-A491-9968C67D3782}
		{DB059BA1-EC49-45FA-BAEC-B8B2FFA8C0B1} = {4DF0B43C-89BB-46E3-A491-9968C67D3782}
		{D385F07F-291C-4D1D-A6A1-6346A2886083} = {F8E27295-252F-4168-B6AC-2DD766B436DB}
		{EF3B2239-1982-45F9-92ED-6BD31C0CA712} = {F8E27295-252F-4168-B6AC-2DD766B436DB}
		{DFCC1895-EB6A-4CEC-8AA1-B10654D87F9C} = {F8E27295-252F-4168-B6AC-2DD766B436DB}
		{12E649C5-D422-4601-BCBA-3EDC8AE8B4E8} = {F8E27295-252F-4168-B6AC-2DD766B436DB}
		{7B6A06A5-27C4-4BCA-9135-E0FC12185117} = {F8E27295-252F-4168-B6AC-2DD766B436DB}
		{370111F9-CAB9-4ED3-9A41-9E054D888053} = {BC1B0CBA-9EC0-4D91-A816-6193728427B7}
		{1382CDCD-13B0-4DBD-8E21-982435B19946} = {BC1B0CBA-9EC0-4D91-A816-6193728427B7}
		{C8984D81-76DE-41B1-9E9C-1D32C0EDE37A} = {BC1B0CBA-9EC0-4D91-A816-6193728427B7}
		{679150F8-C126-492B-A406-D1A3EBA8C3FA} = {BC1B0CBA-9EC0-4D91-A816-6193728427B7}
		{3884B3E2-E9FC-4E7A-9878-3D25774B582A} = {BC1B0CBA-9EC0-4D91-A816-6193728427B7}
		{09912BAA-7490-44B1-AD49-429D47AF8F5A} = {BC1B0CBA-9EC0-4D91-A816-6193728427B7}
		{CDCD0DAC-D9B1-438C-8253-0E297AB21B13} = {BC1B0CBA-9EC0-4D91-A816-6193728427B7}
		{27831DCF-C3B3-44A7-B86A-B38262F2D99C} = {BC1B0CBA-9EC0-4D91-A816-6193728427B7}
		{1A4FB522-B0C6-478B-BF1B-7F4B5D514FA5} = {BC1B0CBA-9EC0-4D91-A816-6193728427B7}
		{5E00ACF6-9077-4462-B6E4-337AEB74CC35} = {BC1B0CBA-9EC0-4D91-A816-6193728427B7}
		{62692235-574C-4611-9C7E-695886B8BD9E} = {BC1B0CBA-9EC0-4D91-A816-6193728427B7}
	EndGlobalSection
	GlobalSection(ExtensibilityGlobals) = postSolution
		SolutionGuid = {E035459F-33E8-45C5-8302-BC0355DBB41C}
	EndGlobalSection
EndGlobal
