
Microsoft Visual Studio Solution File, Format Version 12.00
# Visual Studio Version 17
VisualStudioVersion = 17.5.002.0
MinimumVisualStudioVersion = 10.0.40219.1
Project("{2150E333-8FDC-42A3-9474-1A3956D46DE8}") = "CSharp", "CSharp", "{E30BD4E1-C9C6-4782-BC00-60C15CBF1233}"
EndProject
Project("{2150E333-8FDC-42A3-9474-1A3956D46DE8}") = "AdvancedTopics", "AdvancedTopics", "{2689E0FB-D909-4375-B633-FE06B88CE3E3}"
EndProject
Project("{2150E333-8FDC-42A3-9474-1A3956D46DE8}") = "DateAndTime", "DateAndTime", "{1E519477-11D6-4DC7-BC4A-AE1B4AA0EEAA}"
EndProject
Project("{2150E333-8FDC-42A3-9474-1A3956D46DE8}") = "ExceptionHandling", "ExceptionHandling", "{BF9D65B0-A39D-4FE4-920B-6D74D2CDCEBA}"
EndProject
Project("{2150E333-8FDC-42A3-9474-1A3956D46DE8}") = "FileIO", "FileIO", "{4114AD04-792A-4270-90E2-75931E194231}"
EndProject
Project("{2150E333-8FDC-42A3-9474-1A3956D46DE8}") = "OOP", "OOP", "{D46CB0E5-934A-4A57-BC30-A65E02C7A680}"
EndProject
Project("{2150E333-8FDC-42A3-9474-1A3956D46DE8}") = "RegularExpressions", "RegularExpressions", "{15CCCA50-E60C-4A05-B737-820B88D5055E}"
EndProject
Project("{2150E333-8FDC-42A3-9474-1A3956D46DE8}") = "UnitTesting", "UnitTesting", "{1A6666E6-1298-4230-950D-75F01E8D1068}"
EndProject
Project("{2150E333-8FDC-42A3-9474-1A3956D46DE8}") = "WebScraping", "WebScraping", "{4DF0B43C-89BB-46E3-A491-9968C67D3782}"
EndProject
Project("{2150E333-8FDC-42A3-9474-1A3956D46DE8}") = "Algorithms", "Algorithms", "{7125E513-0028-4545-B2EF-F5442096D67B}"
EndProject
Project("{2150E333-8FDC-42A3-9474-1A3956D46DE8}") = "Recursion", "Recursion", "{72E3F216-81B2-40FF-8996-C4F80EF79E7F}"
EndProject
Project("{2150E333-8FDC-42A3-9474-1A3956D46DE8}") = "Searching", "Searching", "{35715E63-7A9F-4BDF-9A5B-82375980F80E}"
EndProject
Project("{2150E333-8FDC-42A3-9474-1A3956D46DE8}") = "Sorting", "Sorting", "{36D58F10-D30E-40D2-8E0A-F4402576BF5E}"
EndProject
Project("{2150E333-8FDC-42A3-9474-1A3956D46DE8}") = "Basics", "Basics", "{E09631D7-B8BA-474B-84CA-D55F3DB26019}"
EndProject
Project("{2150E333-8FDC-42A3-9474-1A3956D46DE8}") = "Conditionals", "Conditionals", "{BC1B0CBA-9EC0-4D91-A816-6193728427B7}"
EndProject
Project("{2150E333-8FDC-42A3-9474-1A3956D46DE8}") = "HelloWorld", "HelloWorld", "{CA660065-4EEE-4E1B-A0F8-537FD274FEDB}"
EndProject
Project("{2150E333-8FDC-42A3-9474-1A3956D46DE8}") = "Loops", "Loops", "{A1BF3224-F640-4782-A8AC-D7F79AD1E221}"
EndProject
Project("{2150E333-8FDC-42A3-9474-1A3956D46DE8}") = "Variables", "Variables", "{F8E27295-252F-4168-B6AC-2DD766B436DB}"
EndProject
Project("{2150E333-8FDC-42A3-9474-1A3956D46DE8}") = "DataStructures", "DataStructures", "{794C70DD-6422-4A40-9C8F-DF2C33791011}"
EndProject
Project("{2150E333-8FDC-42A3-9474-1A3956D46DE8}") = "Arrays", "Arrays", "{69DA918C-A488-49A4-8DF8-172C1B0C5739}"
EndProject
Project("{2150E333-8FDC-42A3-9474-1A3956D46DE8}") = "Dictionaries", "Dictionaries", "{9C3CFCA3-F9D4-459D-97A3-F40EF8D5795F}"
EndProject
Project("{2150E333-8FDC-42A3-9474-1A3956D46DE8}") = "Lists", "Lists", "{073A1D9C-37DE-4868-AAA0-D78414938288}"
EndProject
Project("{FAE04EC0-301F-11D3-BF4B-00C04F79EFBC}") = "HelloWorld", "CSharp\Basics\HelloWorld\HelloWorld\HelloWorld.csproj", "{7134C78E-11FC-4FCD-B919-AFEEBDF3AE8F}"
EndProject
Project("{FAE04EC0-301F-11D3-BF4B-00C04F79EFBC}") = "Exercise_1-1-1", "CSharp\Basics\Variables\Exercise_1-1-1\Exercise_1-1-1.csproj", "{80E053B8-87F9-4B7E-9E69-94FA369DBEC7}"
EndProject
Project("{FAE04EC0-301F-11D3-BF4B-00C04F79EFBC}") = "Exercise_1-1-2", "CSharp\Basics\Variables\Exercise_1-1-2\Exercise_1-1-2.csproj", "{FE4A33C5-A864-4B07-A49C-8740CCF6F5DC}"
EndProject
Project("{FAE04EC0-301F-11D3-BF4B-00C04F79EFBC}") = "Exercise_1-3-1", "CSharp\Basics\Loops\Exercise_1-3-1\Exercise_1-3-1.csproj", "{234253CF-5802-424A-A63D-C651F49FCCA1}"
EndProject
Project("{FAE04EC0-301F-11D3-BF4B-00C04F79EFBC}") = "Exercise_1-2-1", "CSharp\Basics\Conditionals\Exercise_1-2-1\Exercise_1-2-1.csproj", "{8784EC79-1C32-4396-B250-7D652723C425}"
EndProject
Project("{FAE04EC0-301F-11D3-BF4B-00C04F79EFBC}") = "Exercise_1-3-2", "CSharp\Basics\Loops\Exercise_1-3-2\Exercise_1-3-2.csproj", "{D9A5A23E-A689-4806-ACB1-AB76045DE04E}"
EndProject
Project("{FAE04EC0-301F-11D3-BF4B-00C04F79EFBC}") = "Exercise_1-2-2", "CSharp\Basics\Conditionals\Exercise_1-2-2\Exercise_1-2-2.csproj", "{90090741-48A5-44AC-8EB2-588AE8A39F52}"
EndProject
Global
	GlobalSection(SolutionConfigurationPlatforms) = preSolution
		Debug|Any CPU = Debug|Any CPU
		Release|Any CPU = Release|Any CPU
	EndGlobalSection
	GlobalSection(ProjectConfigurationPlatforms) = postSolution
		{7134C78E-11FC-4FCD-B919-AFEEBDF3AE8F}.Debug|Any CPU.ActiveCfg = Debug|Any CPU
		{7134C78E-11FC-4FCD-B919-AFEEBDF3AE8F}.Debug|Any CPU.Build.0 = Debug|Any CPU
		{7134C78E-11FC-4FCD-B919-AFEEBDF3AE8F}.Release|Any CPU.ActiveCfg = Release|Any CPU
		{7134C78E-11FC-4FCD-B919-AFEEBDF3AE8F}.Release|Any CPU.Build.0 = Release|Any CPU
		{80E053B8-87F9-4B7E-9E69-94FA369DBEC7}.Debug|Any CPU.ActiveCfg = Debug|Any CPU
		{80E053B8-87F9-4B7E-9E69-94FA369DBEC7}.Debug|Any CPU.Build.0 = Debug|Any CPU
		{80E053B8-87F9-4B7E-9E69-94FA369DBEC7}.Release|Any CPU.ActiveCfg = Release|Any CPU
		{80E053B8-87F9-4B7E-9E69-94FA369DBEC7}.Release|Any CPU.Build.0 = Release|Any CPU
		{FE4A33C5-A864-4B07-A49C-8740CCF6F5DC}.Debug|Any CPU.ActiveCfg = Debug|Any CPU
		{FE4A33C5-A864-4B07-A49C-8740CCF6F5DC}.Debug|Any CPU.Build.0 = Debug|Any CPU
		{FE4A33C5-A864-4B07-A49C-8740CCF6F5DC}.Release|Any CPU.ActiveCfg = Release|Any CPU
		{FE4A33C5-A864-4B07-A49C-8740CCF6F5DC}.Release|Any CPU.Build.0 = Release|Any CPU
		{234253CF-5802-424A-A63D-C651F49FCCA1}.Debug|Any CPU.ActiveCfg = Debug|Any CPU
		{234253CF-5802-424A-A63D-C651F49FCCA1}.Debug|Any CPU.Build.0 = Debug|Any CPU
		{234253CF-5802-424A-A63D-C651F49FCCA1}.Release|Any CPU.ActiveCfg = Release|Any CPU
		{234253CF-5802-424A-A63D-C651F49FCCA1}.Release|Any CPU.Build.0 = Release|Any CPU
		{8784EC79-1C32-4396-B250-7D652723C425}.Debug|Any CPU.ActiveCfg = Debug|Any CPU
		{8784EC79-1C32-4396-B250-7D652723C425}.Debug|Any CPU.Build.0 = Debug|Any CPU
		{8784EC79-1C32-4396-B250-7D652723C425}.Release|Any CPU.ActiveCfg = Release|Any CPU
		{8784EC79-1C32-4396-B250-7D652723C425}.Release|Any CPU.Build.0 = Release|Any CPU
		{D9A5A23E-A689-4806-ACB1-AB76045DE04E}.Debug|Any CPU.ActiveCfg = Debug|Any CPU
		{D9A5A23E-A689-4806-ACB1-AB76045DE04E}.Debug|Any CPU.Build.0 = Debug|Any CPU
		{D9A5A23E-A689-4806-ACB1-AB76045DE04E}.Release|Any CPU.ActiveCfg = Release|Any CPU
		{D9A5A23E-A689-4806-ACB1-AB76045DE04E}.Release|Any CPU.Build.0 = Release|Any CPU
		{90090741-48A5-44AC-8EB2-588AE8A39F52}.Debug|Any CPU.ActiveCfg = Debug|Any CPU
		{90090741-48A5-44AC-8EB2-588AE8A39F52}.Debug|Any CPU.Build.0 = Debug|Any CPU
		{90090741-48A5-44AC-8EB2-588AE8A39F52}.Release|Any CPU.ActiveCfg = Release|Any CPU
		{90090741-48A5-44AC-8EB2-588AE8A39F52}.Release|Any CPU.Build.0 = Release|Any CPU
	EndGlobalSection
	GlobalSection(SolutionProperties) = preSolution
		HideSolutionNode = FALSE
	EndGlobalSection
	GlobalSection(NestedProjects) = preSolution
		{2689E0FB-D909-4375-B633-FE06B88CE3E3} = {E30BD4E1-C9C6-4782-BC00-60C15CBF1233}
		{1E519477-11D6-4DC7-BC4A-AE1B4AA0EEAA} = {2689E0FB-D909-4375-B633-FE06B88CE3E3}
		{BF9D65B0-A39D-4FE4-920B-6D74D2CDCEBA} = {2689E0FB-D909-4375-B633-FE06B88CE3E3}
		{4114AD04-792A-4270-90E2-75931E194231} = {2689E0FB-D909-4375-B633-FE06B88CE3E3}
		{D46CB0E5-934A-4A57-BC30-A65E02C7A680} = {2689E0FB-D909-4375-B633-FE06B88CE3E3}
		{15CCCA50-E60C-4A05-B737-820B88D5055E} = {2689E0FB-D909-4375-B633-FE06B88CE3E3}
		{1A6666E6-1298-4230-950D-75F01E8D1068} = {2689E0FB-D909-4375-B633-FE06B88CE3E3}
		{4DF0B43C-89BB-46E3-A491-9968C67D3782} = {2689E0FB-D909-4375-B633-FE06B88CE3E3}
		{7125E513-0028-4545-B2EF-F5442096D67B} = {E30BD4E1-C9C6-4782-BC00-60C15CBF1233}
		{72E3F216-81B2-40FF-8996-C4F80EF79E7F} = {7125E513-0028-4545-B2EF-F5442096D67B}
		{35715E63-7A9F-4BDF-9A5B-82375980F80E} = {7125E513-0028-4545-B2EF-F5442096D67B}
		{36D58F10-D30E-40D2-8E0A-F4402576BF5E} = {7125E513-0028-4545-B2EF-F5442096D67B}
		{E09631D7-B8BA-474B-84CA-D55F3DB26019} = {E30BD4E1-C9C6-4782-BC00-60C15CBF1233}
		{BC1B0CBA-9EC0-4D91-A816-6193728427B7} = {E09631D7-B8BA-474B-84CA-D55F3DB26019}
		{CA660065-4EEE-4E1B-A0F8-537FD274FEDB} = {E09631D7-B8BA-474B-84CA-D55F3DB26019}
		{A1BF3224-F640-4782-A8AC-D7F79AD1E221} = {E09631D7-B8BA-474B-84CA-D55F3DB26019}
		{F8E27295-252F-4168-B6AC-2DD766B436DB} = {E09631D7-B8BA-474B-84CA-D55F3DB26019}
		{794C70DD-6422-4A40-9C8F-DF2C33791011} = {E30BD4E1-C9C6-4782-BC00-60C15CBF1233}
		{69DA918C-A488-49A4-8DF8-172C1B0C5739} = {794C70DD-6422-4A40-9C8F-DF2C33791011}
		{9C3CFCA3-F9D4-459D-97A3-F40EF8D5795F} = {794C70DD-6422-4A40-9C8F-DF2C33791011}
		{073A1D9C-37DE-4868-AAA0-D78414938288} = {794C70DD-6422-4A40-9C8F-DF2C33791011}
		{7134C78E-11FC-4FCD-B919-AFEEBDF3AE8F} = {CA660065-4EEE-4E1B-A0F8-537FD274FEDB}
		{80E053B8-87F9-4B7E-9E69-94FA369DBEC7} = {F8E27295-252F-4168-B6AC-2DD766B436DB}
		{FE4A33C5-A864-4B07-A49C-8740CCF6F5DC} = {F8E27295-252F-4168-B6AC-2DD766B436DB}
		{234253CF-5802-424A-A63D-C651F49FCCA1} = {A1BF3224-F640-4782-A8AC-D7F79AD1E221}
		{8784EC79-1C32-4396-B250-7D652723C425} = {BC1B0CBA-9EC0-4D91-A816-6193728427B7}
		{D9A5A23E-A689-4806-ACB1-AB76045DE04E} = {A1BF3224-F640-4782-A8AC-D7F79AD1E221}
		{90090741-48A5-44AC-8EB2-588AE8A39F52} = {BC1B0CBA-9EC0-4D91-A816-6193728427B7}
	EndGlobalSection
	GlobalSection(ExtensibilityGlobals) = postSolution
		SolutionGuid = {E035459F-33E8-45C5-8302-BC0355DBB41C}
	EndGlobalSection
EndGlobal
