
Microsoft Visual Studio Solution File, Format Version 12.00
# Visual Studio Version 17
VisualStudioVersion = 17.5.002.0
MinimumVisualStudioVersion = 10.0.40219.1
Project("{2150E333-8FDC-42A3-9474-1A3956D46DE8}") = "CSharp", "CSharp", "{E30BD4E1-C9C6-4782-BC00-60C15CBF1233}"
EndProject
Project("{2150E333-8FDC-42A3-9474-1A3956D46DE8}") = "AdvancedTopics", "AdvancedTopics", "{2689E0FB-D909-4375-B633-FE06B88CE3E3}"
EndProject
Project("{2150E333-8FDC-42A3-9474-1A3956D46DE8}") = "DateAndTime", "DateAndTime", "{1E519477-11D6-4DC7-BC4A-AE1B4AA0EEAA}"
EndProject
Project("{2150E333-8FDC-42A3-9474-1A3956D46DE8}") = "ExceptionHandling", "ExceptionHandling", "{BF9D65B0-A39D-4FE4-920B-6D74D2CDCEBA}"
EndProject
Project("{2150E333-8FDC-42A3-9474-1A3956D46DE8}") = "FileIO", "FileIO", "{4114AD04-792A-4270-90E2-75931E194231}"
EndProject
Project("{2150E333-8FDC-42A3-9474-1A3956D46DE8}") = "OOP", "OOP", "{D46CB0E5-934A-4A57-BC30-A65E02C7A680}"
EndProject
Project("{2150E333-8FDC-42A3-9474-1A3956D46DE8}") = "RegularExpressions", "RegularExpressions", "{15CCCA50-E60C-4A05-B737-820B88D5055E}"
EndProject
Project("{2150E333-8FDC-42A3-9474-1A3956D46DE8}") = "UnitTesting", "UnitTesting", "{1A6666E6-1298-4230-950D-75F01E8D1068}"
EndProject
Project("{2150E333-8FDC-42A3-9474-1A3956D46DE8}") = "WebScraping", "WebScraping", "{4DF0B43C-89BB-46E3-A491-9968C67D3782}"
EndProject
Project("{2150E333-8FDC-42A3-9474-1A3956D46DE8}") = "Algorithms", "Algorithms", "{7125E513-0028-4545-B2EF-F5442096D67B}"
EndProject
Project("{2150E333-8FDC-42A3-9474-1A3956D46DE8}") = "Recursion", "Recursion", "{72E3F216-81B2-40FF-8996-C4F80EF79E7F}"
EndProject
Project("{2150E333-8FDC-42A3-9474-1A3956D46DE8}") = "Searching", "Searching", "{35715E63-7A9F-4BDF-9A5B-82375980F80E}"
EndProject
Project("{2150E333-8FDC-42A3-9474-1A3956D46DE8}") = "Sorting", "Sorting", "{36D58F10-D30E-40D2-8E0A-F4402576BF5E}"
EndProject
Project("{2150E333-8FDC-42A3-9474-1A3956D46DE8}") = "Basics", "Basics", "{E09631D7-B8BA-474B-84CA-D55F3DB26019}"
EndProject
Project("{2150E333-8FDC-42A3-9474-1A3956D46DE8}") = "Conditionals", "Conditionals", "{BC1B0CBA-9EC0-4D91-A816-6193728427B7}"
EndProject
Project("{2150E333-8FDC-42A3-9474-1A3956D46DE8}") = "HelloWorld", "HelloWorld", "{CA660065-4EEE-4E1B-A0F8-537FD274FEDB}"
EndProject
Project("{2150E333-8FDC-42A3-9474-1A3956D46DE8}") = "Loops", "Loops", "{A1BF3224-F640-4782-A8AC-D7F79AD1E221}"
EndProject
Project("{2150E333-8FDC-42A3-9474-1A3956D46DE8}") = "Variables", "Variables", "{F8E27295-252F-4168-B6AC-2DD766B436DB}"
EndProject
Project("{2150E333-8FDC-42A3-9474-1A3956D46DE8}") = "DataStructures", "DataStructures", "{794C70DD-6422-4A40-9C8F-DF2C33791011}"
EndProject
Project("{2150E333-8FDC-42A3-9474-1A3956D46DE8}") = "Arrays", "Arrays", "{69DA918C-A488-49A4-8DF8-172C1B0C5739}"
EndProject
Project("{2150E333-8FDC-42A3-9474-1A3956D46DE8}") = "Dictionaries", "Dictionaries", "{9C3CFCA3-F9D4-459D-97A3-F40EF8D5795F}"
EndProject
Project("{2150E333-8FDC-42A3-9474-1A3956D46DE8}") = "Lists", "Lists", "{073A1D9C-37DE-4868-AAA0-D78414938288}"
EndProject
Project("{9A19103F-16F7-4668-BE54-9A1E7A4F7556}") = "HelloWorld", "CSharp\Basics\HelloWorld\HelloWorld\HelloWorld.csproj", "{7134C78E-11FC-4FCD-B919-AFEEBDF3AE8F}"
EndProject
Project("{9A19103F-16F7-4668-BE54-9A1E7A4F7556}") = "Exercise_1-1-1", "CSharp\Basics\Variables\Exercise_1-1-1\Exercise_1-1-1.csproj", "{80E053B8-87F9-4B7E-9E69-94FA369DBEC7}"
EndProject
Project("{9A19103F-16F7-4668-BE54-9A1E7A4F7556}") = "Exercise_1-1-2", "CSharp\Basics\Variables\Exercise_1-1-2\Exercise_1-1-2.csproj", "{FE4A33C5-A864-4B07-A49C-8740CCF6F5DC}"
EndProject
Project("{9A19103F-16F7-4668-BE54-9A1E7A4F7556}") = "Exercise_1-3-1", "CSharp\Basics\Loops\Exercise_1-3-1\Exercise_1-3-1.csproj", "{234253CF-5802-424A-A63D-C651F49FCCA1}"
EndProject
Project("{9A19103F-16F7-4668-BE54-9A1E7A4F7556}") = "Exercise_1-2-1", "CSharp\Basics\Conditionals\Exercise_1-2-1\Exercise_1-2-1.csproj", "{8784EC79-1C32-4396-B250-7D652723C425}"
EndProject
Project("{9A19103F-16F7-4668-BE54-9A1E7A4F7556}") = "Exercise_1-3-2", "CSharp\Basics\Loops\Exercise_1-3-2\Exercise_1-3-2.csproj", "{D9A5A23E-A689-4806-ACB1-AB76045DE04E}"
EndProject
Project("{9A19103F-16F7-4668-BE54-9A1E7A4F7556}") = "Exercise_1-2-2", "CSharp\Basics\Conditionals\Exercise_1-2-2\Exercise_1-2-2.csproj", "{90090741-48A5-44AC-8EB2-588AE8A39F52}"
EndProject
Project("{2150E333-8FDC-42A3-9474-1A3956D46DE8}") = "Linked Lists", "Linked Lists", "{D60B718D-EFA3-426E-A00F-A558CDBF7075}"
EndProject
Project("{9A19103F-16F7-4668-BE54-9A1E7A4F7556}") = "Exercise_2-6-1", "CSharp\DataStructures\Linked Lists\Exercise_2-6-1\Exercise_2-6-1.csproj", "{498A3171-B5F3-44A5-8969-137BD59CFF34}"
EndProject
Project("{9A19103F-16F7-4668-BE54-9A1E7A4F7556}") = "Exercise_2-6-2", "CSharp\DataStructures\Linked Lists\Exercise_2-6-2\Exercise_2-6-2.csproj", "{1247A2DD-0756-4AA9-A723-78F716CC6EC5}"
EndProject
Project("{9A19103F-16F7-4668-BE54-9A1E7A4F7556}") = "Exercise_2-2-1", "CSharp\DataStructures\Lists\Exercise_2-2-1\Exercise_2-2-1.csproj", "{931F8BB6-2FED-4635-BCB7-B79998D81E05}"
EndProject
Project("{9A19103F-16F7-4668-BE54-9A1E7A4F7556}") = "Exercise_2-2-2", "CSharp\DataStructures\Lists\Exercise_2-2-2\Exercise_2-2-2.csproj", "{00F69718-47F3-450B-9172-35D27CC63F6D}"
EndProject
Project("{9A19103F-16F7-4668-BE54-9A1E7A4F7556}") = "Exercise_2-3-1", "CSharp\DataStructures\Dictionaries\Exercise_2-3-1\Exercise_2-3-1.csproj", "{21853016-812A-47F4-ABF5-4DC0E27E0D9B}"
EndProject
Project("{9A19103F-16F7-4668-BE54-9A1E7A4F7556}") = "Exercise_2-3-2", "CSharp\DataStructures\Dictionaries\Exercise_2-3-2\Exercise_2-3-2.csproj", "{945EE0CF-D159-4320-8286-1E38AFDCFE0E}"
EndProject
Project("{9A19103F-16F7-4668-BE54-9A1E7A4F7556}") = "Exercise_2-1-1", "CSharp\DataStructures\Arrays\Exercise_2-1-1\Exercise_2-1-1.csproj", "{BE801F1A-ADF3-4BC7-B3C9-8014F9E8468B}"
EndProject
Project("{9A19103F-16F7-4668-BE54-9A1E7A4F7556}") = "Exercise_2-1-2", "CSharp\DataStructures\Arrays\Exercise_2-1-2\Exercise_2-1-2.csproj", "{3B05D50E-04A6-43FB-A7A8-AE7E0413FE4C}"
EndProject
Project("{2150E333-8FDC-42A3-9474-1A3956D46DE8}") = "Queues", "Queues", "{57066F66-E3DB-463D-919E-2703C45CAC25}"
EndProject
Project("{9A19103F-16F7-4668-BE54-9A1E7A4F7556}") = "Exercise_2-5-1", "CSharp\DataStructures\Queues\Exercise_2-5-1\Exercise_2-5-1.csproj", "{C7793E98-9F7D-4B35-88AD-EF4C79A87A2B}"
EndProject
Project("{9A19103F-16F7-4668-BE54-9A1E7A4F7556}") = "Exercise_2-5-2", "CSharp\DataStructures\Queues\Exercise_2-5-2\Exercise_2-5-2.csproj", "{24AE069A-9FBB-43DC-B898-05DEBC8EE117}"
EndProject
Project("{2150E333-8FDC-42A3-9474-1A3956D46DE8}") = "Stacks", "Stacks", "{CC34B3F9-CB1D-4D1A-991E-7094A256CEB1}"
EndProject
Project("{9A19103F-16F7-4668-BE54-9A1E7A4F7556}") = "Exercise_2-4-1", "CSharp\DataStructures\Stacks\Exercise_2-4-1\Exercise_2-4-1.csproj", "{74CE2F95-A551-4382-BC17-642F9685E4D3}"
EndProject
Project("{9A19103F-16F7-4668-BE54-9A1E7A4F7556}") = "Exercise_2-4-2", "CSharp\DataStructures\Stacks\Exercise_2-4-2\Exercise_2-4-2.csproj", "{D80F7C12-6C10-474B-B8CE-94B90E354DA9}"
EndProject
Project("{9A19103F-16F7-4668-BE54-9A1E7A4F7556}") = "Exercise_3-3-1", "CSharp\Algorithms\Recursion\Exercise_3-3-1\Exercise_3-3-1.csproj", "{B147C1F8-365E-4724-9A99-B86B751A0781}"
EndProject
Project("{9A19103F-16F7-4668-BE54-9A1E7A4F7556}") = "Exercise_3-3-2", "CSharp\Algorithms\Recursion\Exercise_3-3-2\Exercise_3-3-2.csproj", "{F52148A7-41B2-4BBF-8479-5AE2CFF49E36}"
EndProject
Project("{9A19103F-16F7-4668-BE54-9A1E7A4F7556}") = "Exercise_3-2-1", "CSharp\Algorithms\Searching\Exercise_3-2-1\Exercise_3-2-1.csproj", "{21ECF09A-D0D4-4D8D-B376-300272714ECE}"
EndProject
Project("{9A19103F-16F7-4668-BE54-9A1E7A4F7556}") = "Exercise_3-2-2", "CSharp\Algorithms\Searching\Exercise_3-2-2\Exercise_3-2-2.csproj", "{21830520-6F50-447E-8230-2D26866BB8F0}"
EndProject
Project("{9A19103F-16F7-4668-BE54-9A1E7A4F7556}") = "Exercise_3-1-1", "CSharp\Algorithms\Sorting\Exercise_3-1-1\Exercise_3-1-1.csproj", "{31718577-51FD-4A62-930A-F717E0EE3A06}"
EndProject
Project("{9A19103F-16F7-4668-BE54-9A1E7A4F7556}") = "Exercise_3-1-2", "CSharp\Algorithms\Sorting\Exercise_3-1-2\Exercise_3-1-2.csproj", "{5BC7937A-9134-4259-99B1-8EEED735ABCA}"
EndProject
Project("{9A19103F-16F7-4668-BE54-9A1E7A4F7556}") = "Exercise_4-5-1", "CSharp\AdvancedTopics\DateAndTime\Exercise_4-5-1\Exercise_4-5-1.csproj", "{5BADF82A-0313-4647-8E2C-7FFD1C76D178}"
EndProject
Project("{2150E333-8FDC-42A3-9474-1A3956D46DE8}") = "DynamicProgramming", "DynamicProgramming", "{D58FB4B6-3319-40D2-B3C6-5332782594CF}"
EndProject
Project("{2150E333-8FDC-42A3-9474-1A3956D46DE8}") = "GraphAlgorithms", "GraphAlgorithms", "{B2C6A73B-734A-4614-94AF-F8AFDB58B12A}"
EndProject
Project("{9A19103F-16F7-4668-BE54-9A1E7A4F7556}") = "Exercise_3-5-1", "CSharp\Algorithms\GraphAlgorithms\Exercise_3-5-1\Exercise_3-5-1.csproj", "{21E559D6-BFD1-4A8A-83B2-CF83D69A32AC}"
EndProject
Project("{9A19103F-16F7-4668-BE54-9A1E7A4F7556}") = "Exercise_3-5-2", "CSharp\Algorithms\GraphAlgorithms\Exercise_3-5-2\Exercise_3-5-2.csproj", "{9E60D619-B0C6-45A2-AD36-D14CE58317B7}"
EndProject
Project("{9A19103F-16F7-4668-BE54-9A1E7A4F7556}") = "Exercise_3-4-1", "CSharp\Algorithms\DynamicProgramming\Exercise_3-4-1\Exercise_3-4-1.csproj", "{32442F7F-AAF1-4249-AB8C-D24A29122EAA}"
EndProject
Project("{9A19103F-16F7-4668-BE54-9A1E7A4F7556}") = "Exercise_3-4-2", "CSharp\Algorithms\DynamicProgramming\Exercise_3-4-2\Exercise_3-4-2.csproj", "{DDCBAB7F-3D1C-4150-9ED8-B1F0D79B3DBD}"
EndProject
Project("{9A19103F-16F7-4668-BE54-9A1E7A4F7556}") = "Exercise_4-5-2", "CSharp\AdvancedTopics\DateAndTime\Exercise_4-5-2\Exercise_4-5-2.csproj", "{C3515F3E-60CD-406B-AA2B-7D296D3EF8AA}"
EndProject
Project("{9A19103F-16F7-4668-BE54-9A1E7A4F7556}") = "Exercise_4-3-1", "CSharp\AdvancedTopics\ExceptionHandling\Exercise_4-3-1\Exercise_4-3-1.csproj", "{26C01394-8DC5-4745-9963-FB26D9DD4883}"
EndProject
Project("{9A19103F-16F7-4668-BE54-9A1E7A4F7556}") = "Exercise_4-3-2", "CSharp\AdvancedTopics\ExceptionHandling\Exercise_4-3-2\Exercise_4-3-2.csproj", "{D2D26934-31F0-48B1-AD50-060147D229F0}"
EndProject
Project("{9A19103F-16F7-4668-BE54-9A1E7A4F7556}") = "Exercise_4-2-1", "CSharp\AdvancedTopics\FileIO\Exercise_4-2-1\Exercise_4-2-1.csproj", "{C0364A43-A0ED-4EAE-86B4-1209A4A4C88E}"
EndProject
Project("{9A19103F-16F7-4668-BE54-9A1E7A4F7556}") = "Exercise_4-2-2", "CSharp\AdvancedTopics\FileIO\Exercise_4-2-2\Exercise_4-2-2.csproj", "{B4D647CB-34CE-4D3D-BEDC-BD6D2DCB8F95}"
EndProject
Project("{9A19103F-16F7-4668-BE54-9A1E7A4F7556}") = "Exercise_4-1-1", "CSharp\AdvancedTopics\OOP\Exercise_4-1-1\Exercise_4-1-1.csproj", "{DCC2CF6F-FB64-48A9-81B1-905E9AC04D4C}"
EndProject
Project("{9A19103F-16F7-4668-BE54-9A1E7A4F7556}") = "Exercise_4-1-2", "CSharp\AdvancedTopics\OOP\Exercise_4-1-2\Exercise_4-1-2.csproj", "{FCD7DA74-C450-46A7-BCD8-4D6ACE98527B}"
EndProject
Project("{9A19103F-16F7-4668-BE54-9A1E7A4F7556}") = "Exercise_4-4-1", "CSharp\AdvancedTopics\RegularExpressions\Exercise_4-4-1\Exercise_4-4-1.csproj", "{2C2A96EF-419F-457B-8B80-C5723597305B}"
EndProject
Project("{9A19103F-16F7-4668-BE54-9A1E7A4F7556}") = "Exercise_4-4-2", "CSharp\AdvancedTopics\RegularExpressions\Exercise_4-4-2\Exercise_4-4-2.csproj", "{1E4CEDE8-6525-4C85-95FD-FEFC2621F71F}"
EndProject
Project("{9A19103F-16F7-4668-BE54-9A1E7A4F7556}") = "Exercise_4-6-1", "CSharp\AdvancedTopics\UnitTesting\Exercise_4-6-1\Exercise_4-6-1.csproj", "{50DDDA1C-0A71-4704-8A16-4490D6358E5E}"
EndProject
Project("{9A19103F-16F7-4668-BE54-9A1E7A4F7556}") = "Exercise_4-6-2", "CSharp\AdvancedTopics\UnitTesting\Exercise_4-6-2\Exercise_4-6-2.csproj", "{62831E74-84D4-4A63-9583-50C7223C4E12}"
EndProject
Project("{9A19103F-16F7-4668-BE54-9A1E7A4F7556}") = "Exercise_4-7-1", "CSharp\AdvancedTopics\WebScraping\Exercise_4-7-1\Exercise_4-7-1.csproj", "{591E9184-EFD7-494A-A201-C4BECD9A68E6}"
EndProject
Project("{9A19103F-16F7-4668-BE54-9A1E7A4F7556}") = "Exercise_4-7-2", "CSharp\AdvancedTopics\WebScraping\Exercise_4-7-2\Exercise_4-7-2.csproj", "{DB059BA1-EC49-45FA-BAEC-B8B2FFA8C0B1}"
EndProject
Project("{9A19103F-16F7-4668-BE54-9A1E7A4F7556}") = "Exercise_1-1-3", "CSharp\Basics\Variables\Exercise_1-1-3\Exercise_1-1-3.csproj", "{D385F07F-291C-4D1D-A6A1-6346A2886083}"
EndProject
Project("{9A19103F-16F7-4668-BE54-9A1E7A4F7556}") = "Exercise_1-1-5", "CSharp\Basics\Variables\Exercise_1-1-5\Exercise_1-1-5.csproj", "{EF3B2239-1982-45F9-92ED-6BD31C0CA712}"
EndProject
Project("{9A19103F-16F7-4668-BE54-9A1E7A4F7556}") = "Exercise_1-1-6", "CSharp\Basics\Variables\Exercise_1-1-6\Exercise_1-1-6.csproj", "{DFCC1895-EB6A-4CEC-8AA1-B10654D87F9C}"
EndProject
Project("{9A19103F-16F7-4668-BE54-9A1E7A4F7556}") = "Exercise_1-1-7", "CSharp\Basics\Variables\Exercise_1-1-7\Exercise_1-1-7.csproj", "{12E649C5-D422-4601-BCBA-3EDC8AE8B4E8}"
EndProject
Project("{9A19103F-16F7-4668-BE54-9A1E7A4F7556}") = "Exercise_1-1-4", "CSharp\Basics\Variables\Exercise_1-1-4\Exercise_1-1-4.csproj", "{7B6A06A5-27C4-4BCA-9135-E0FC12185117}"
EndProject
Project("{9A19103F-16F7-4668-BE54-9A1E7A4F7556}") = "Exercise_1-2-3", "CSharp\Basics\Conditionals\Exercise_1-2-3\Exercise_1-2-3.csproj", "{370111F9-CAB9-4ED3-9A41-9E054D888053}"
EndProject
Project("{9A19103F-16F7-4668-BE54-9A1E7A4F7556}") = "Exercise_1-2-4", "CSharp\Basics\Conditionals\Exercise_1-2-4\Exercise_1-2-4.csproj", "{1382CDCD-13B0-4DBD-8E21-982435B19946}"
EndProject
Project("{9A19103F-16F7-4668-BE54-9A1E7A4F7556}") = "Exercise_1-2-5", "CSharp\Basics\Conditionals\Exercise_1-2-5\Exercise_1-2-5.csproj", "{C8984D81-76DE-41B1-9E9C-1D32C0EDE37A}"
EndProject
Project("{9A19103F-16F7-4668-BE54-9A1E7A4F7556}") = "Exercise_1-2-6", "CSharp\Basics\Conditionals\Exercise_1-2-6\Exercise_1-2-6.csproj", "{679150F8-C126-492B-A406-D1A3EBA8C3FA}"
EndProject
Project("{9A19103F-16F7-4668-BE54-9A1E7A4F7556}") = "Exercise_1-2-7", "CSharp\Basics\Conditionals\Exercise_1-2-7\Exercise_1-2-7.csproj", "{3884B3E2-E9FC-4E7A-9878-3D25774B582A}"
EndProject
Project("{9A19103F-16F7-4668-BE54-9A1E7A4F7556}") = "Exercise_1-2-8", "CSharp\Basics\Conditionals\Exercise_1-2-8\Exercise_1-2-8.csproj", "{09912BAA-7490-44B1-AD49-429D47AF8F5A}"
EndProject
Project("{9A19103F-16F7-4668-BE54-9A1E7A4F7556}") = "Exercise_1-2-9", "CSharp\Basics\Conditionals\Exercise_1-2-9\Exercise_1-2-9.csproj", "{CDCD0DAC-D9B1-438C-8253-0E297AB21B13}"
EndProject
Project("{9A19103F-16F7-4668-BE54-9A1E7A4F7556}") = "Exercise_1-2-10", "CSharp\Basics\Conditionals\Exercise_1-2-10\Exercise_1-2-10.csproj", "{27831DCF-C3B3-44A7-B86A-B38262F2D99C}"
EndProject
Project("{9A19103F-16F7-4668-BE54-9A1E7A4F7556}") = "Exercise_1-2-11", "CSharp\Basics\Conditionals\Exercise_1-2-11\Exercise_1-2-11.csproj", "{1A4FB522-B0C6-478B-BF1B-7F4B5D514FA5}"
EndProject
Project("{9A19103F-16F7-4668-BE54-9A1E7A4F7556}") = "Exercise_1-2-12", "CSharp\Basics\Conditionals\Exercise_1-2-12\Exercise_1-2-12.csproj", "{5E00ACF6-9077-4462-B6E4-337AEB74CC35}"
EndProject
Project("{9A19103F-16F7-4668-BE54-9A1E7A4F7556}") = "Exercise_1-2-13", "CSharp\Basics\Conditionals\Exercise_1-2-13\Exercise_1-2-13.csproj", "{62692235-574C-4611-9C7E-695886B8BD9E}"
EndProject
Project("{2150E333-8FDC-42A3-9474-1A3956D46DE8}") = "Functions", "Functions", "{8B6DBBAE-E242-4899-978F-E58C16AC21F6}"
EndProject
Project("{2150E333-8FDC-42A3-9474-1A3956D46DE8}") = "Miscellaneous", "Miscellaneous", "{44775C05-83A1-4258-8F7E-2B411C1A505B}"
EndProject
Project("{9A19103F-16F7-4668-BE54-9A1E7A4F7556}") = "Exercise_1-4-1", "CSharp\Basics\Functions\Exercise_1-4-1\Exercise_1-4-1.csproj", "{C1FA5EE4-F705-4DA6-9B99-3585CEAC6271}"
EndProject
Project("{9A19103F-16F7-4668-BE54-9A1E7A4F7556}") = "Exercise_1-4-2", "CSharp\Basics\Functions\Exercise_1-4-2\Exercise_1-4-2.csproj", "{5D5ADE2A-FDE1-4FFB-A136-16F61BBC4E0F}"
EndProject
Project("{9A19103F-16F7-4668-BE54-9A1E7A4F7556}") = "Exercise_1-5-1", "CSharp\Basics\Miscellaneous\Exercise_1-5-1\Exercise_1-5-1.csproj", "{8BEA0BC4-89C3-4845-8004-DC43AADA9908}"
EndProject
Project("{9A19103F-16F7-4668-BE54-9A1E7A4F7556}") = "Exercise_1-5-2", "CSharp\Basics\Miscellaneous\Exercise_1-5-2\Exercise_1-5-2.csproj", "{7CCC4052-3BBF-4D59-8D27-BEC9AD7B8E27}"
EndProject
Project("{9A19103F-16F7-4668-BE54-9A1E7A4F7556}") = "Exercise_1-4-4", "CSharp\Basics\Functions\Exercise_1-4-4\Exercise_1-4-4.csproj", "{861B9419-2E7D-4CA9-AB8F-0827EDE9B409}"
EndProject
Project("{9A19103F-16F7-4668-BE54-9A1E7A4F7556}") = "Exercise_1-4-3", "CSharp\Basics\Functions\Exercise_1-4-3\Exercise_1-4-3.csproj", "{923F4455-1D81-422F-ABD6-C5343DED1E26}"
EndProject
Project("{9A19103F-16F7-4668-BE54-9A1E7A4F7556}") = "Exercise_1-4-5", "CSharp\Basics\Functions\Exercise_1-4-5\Exercise_1-4-5.csproj", "{655BAE98-C423-4103-97D2-7E6A5507AC02}"
EndProject
Project("{9A19103F-16F7-4668-BE54-9A1E7A4F7556}") = "Exercise_1-4-6", "CSharp\Basics\Functions\Exercise_1-4-6\Exercise_1-4-6.csproj", "{CFDF9E23-E6FE-449F-B682-812358268514}"
EndProject
Project("{9A19103F-16F7-4668-BE54-9A1E7A4F7556}") = "Exercise_1-4-7", "CSharp\Basics\Functions\Exercise_1-4-7\Exercise_1-4-7.csproj", "{BDC5770A-27C7-4E58-99C4-7B8A5C4ED3B6}"
EndProject
Project("{9A19103F-16F7-4668-BE54-9A1E7A4F7556}") = "Exercise_1-4-8", "CSharp\Basics\Functions\Exercise_1-4-8\Exercise_1-4-8.csproj", "{1358F50F-DECD-404B-AB7C-154A38BE3628}"
EndProject
Project("{9A19103F-16F7-4668-BE54-9A1E7A4F7556}") = "Exercise_1-5-3", "CSharp\Basics\Miscellaneous\Exercise_1-5-3\Exercise_1-5-3.csproj", "{53D6EA79-4AAD-4AF9-A4F5-16568EEEC604}"
EndProject
Project("{9A19103F-16F7-4668-BE54-9A1E7A4F7556}") = "Exercise_1-5-4", "CSharp\Basics\Miscellaneous\Exercise_1-5-4\Exercise_1-5-4.csproj", "{9F2FF2E9-1225-4588-B012-803E58EDD421}"
EndProject
Project("{9A19103F-16F7-4668-BE54-9A1E7A4F7556}") = "Exercise_1-5-5", "CSharp\Basics\Miscellaneous\Exercise_1-5-5\Exercise_1-5-5.csproj", "{C229A442-5D1E-4C18-8CDF-4974F18F2BDF}"
EndProject
Project("{9A19103F-16F7-4668-BE54-9A1E7A4F7556}") = "Exercise_1-5-6", "CSharp\Basics\Miscellaneous\Exercise_1-5-6\Exercise_1-5-6.csproj", "{66C6F33C-8286-418D-9AF2-0E3B05885E34}"
EndProject
Project("{9A19103F-16F7-4668-BE54-9A1E7A4F7556}") = "Exercise_1-5-6_alt", "CSharp\Basics\Miscellaneous\Exercise_1-5-6_alt\Exercise_1-5-6_alt.csproj", "{2F50B537-FB4B-41FE-BC37-6770B756D9A2}"
EndProject
Project("{9A19103F-16F7-4668-BE54-9A1E7A4F7556}") = "Exercise_1-3-3", "CSharp\Basics\Loops\Exercise 1-3-3\Exercise_1-3-3.csproj", "{2CF8FE39-0979-4844-8CEA-83E2738A9C5D}"
EndProject
Project("{9A19103F-16F7-4668-BE54-9A1E7A4F7556}") = "Exercise_1-3-4", "CSharp\Basics\Loops\Exercise 1-3-4\Exercise_1-3-4.csproj", "{80B06DD6-0313-4B3C-A3B0-998365492A77}"
EndProject
Project("{9A19103F-16F7-4668-BE54-9A1E7A4F7556}") = "Exercise_1-3-5", "CSharp\Basics\Loops\Exercise 1-3-5\Exercise_1-3-5.csproj", "{B1594EB7-B964-4879-827C-390E5D16CDDF}"
EndProject
Project("{9A19103F-16F7-4668-BE54-9A1E7A4F7556}") = "Exercise_1-3-6", "CSharp\Basics\Loops\Exercise 1-3-6\Exercise_1-3-6.csproj", "{CC717E63-AB30-480A-85A9-8B0792BE0A9F}"
EndProject
Project("{9A19103F-16F7-4668-BE54-9A1E7A4F7556}") = "Exercise_1-3-7", "CSharp\Basics\Loops\Exercise 1-3-7\Exercise_1-3-7.csproj", "{942AC119-5FF4-42E5-98C3-E5C08DAD7099}"
EndProject
Project("{9A19103F-16F7-4668-BE54-9A1E7A4F7556}") = "Exercise_1-3-8", "CSharp\Basics\Loops\Exercise 1-3-8\Exercise_1-3-8.csproj", "{5B6BD91B-6192-4DEC-B917-582BD1FF76A4}"
EndProject
Project("{9A19103F-16F7-4668-BE54-9A1E7A4F7556}") = "Exercise_1-3-9", "CSharp\Basics\Loops\Exercise 1-3-6\Exercise 1-3-9\Exercise_1-3-9.csproj", "{C8BCCCFB-BE24-47C2-9AD4-641EF1D66971}"
EndProject
Project("{9A19103F-16F7-4668-BE54-9A1E7A4F7556}") = "Exercise_1-3-10", "CSharp\Basics\Loops\Exercise 1-3-10\Exercise_1-3-10.csproj", "{FF6E089E-F72D-4E5A-92F5-9A12C6829F9D}"
EndProject
Project("{9A19103F-16F7-4668-BE54-9A1E7A4F7556}") = "Exercise_1-3-11", "CSharp\Basics\Loops\Exercise 1-3-11\Exercise_1-3-11.csproj", "{9C45C78F-B499-4DC4-90D7-EE47EAA79F21}"
EndProject
Project("{9A19103F-16F7-4668-BE54-9A1E7A4F7556}") = "Exercise_1-3-12", "CSharp\Basics\Loops\Exercise 1-3-12\Exercise_1-3-12.csproj", "{5193D0E4-0570-4B48-8750-294B27C0F850}"
EndProject
Project("{9A19103F-16F7-4668-BE54-9A1E7A4F7556}") = "Exercise_1-3-12_Alt", "CSharp\Basics\Loops\Exercise_1-3-12_Alt\Exercise_1-3-12_Alt.csproj", "{D3D7CEEA-440A-4E1D-B6EC-317625278CA3}"
EndProject
Project("{9A19103F-16F7-4668-BE54-9A1E7A4F7556}") = "Exercise_1-3-13", "CSharp\Basics\Loops\Exercise_1-3-13\Exercise_1-3-13.csproj", "{AEF57408-A41A-40D6-8EE7-C6B542A534E7}"
EndProject
Project("{9A19103F-16F7-4668-BE54-9A1E7A4F7556}") = "Exercise_1-3-14", "CSharp\Basics\Loops\Exercise_1-3-14\Exercise_1-3-14.csproj", "{7FC3AA50-5F4C-4DE7-A995-DAAB3AFFD641}"
EndProject
Project("{9A19103F-16F7-4668-BE54-9A1E7A4F7556}") = "Exercise_1-3-15", "CSharp\Basics\Loops\Exercise_1-3-15\Exercise_1-3-15.csproj", "{16BB27A7-BACA-41BD-A96D-4DF62D2E5E89}"
EndProject
Project("{9A19103F-16F7-4668-BE54-9A1E7A4F7556}") = "Exercise_1-3-16", "CSharp\Basics\Loops\Exercise_1-3-16\Exercise_1-3-16.csproj", "{3EB62F21-EBCE-45B5-ACA9-186D345880C4}"
EndProject
Project("{9A19103F-16F7-4668-BE54-9A1E7A4F7556}") = "Exercise_1-3-17", "CSharp\Basics\Loops\Exercise_1-3-17\Exercise_1-3-17.csproj", "{546CF697-331C-4B26-8938-359A1FC50ED0}"
EndProject
Project("{9A19103F-16F7-4668-BE54-9A1E7A4F7556}") = "Exercise_1-3-18", "CSharp\Basics\Loops\Exercise_1-3-18\Exercise_1-3-18.csproj", "{419253CE-C84E-46E4-9CC1-77A04FD697E4}"
EndProject
Project("{9A19103F-16F7-4668-BE54-9A1E7A4F7556}") = "Exercise_1-3-19", "CSharp\Basics\Loops\Exercise_1-3-19\Exercise_1-3-19.csproj", "{C6F17449-A9CC-4AC0-B4A9-8DD920BAD081}"
EndProject
Project("{9A19103F-16F7-4668-BE54-9A1E7A4F7556}") = "Exercise_1-3-20", "CSharp\Basics\Loops\Exercise_1-3-20\Exercise_1-3-20.csproj", "{568AAFF9-4E1C-448D-AE9C-00E7B37F579D}"
EndProject
Project("{9A19103F-16F7-4668-BE54-9A1E7A4F7556}") = "Exercise_1-3-21", "CSharp\Basics\Loops\Exercise_1-3-21\Exercise_1-3-21.csproj", "{DDF01EA3-5BDE-4278-8A52-89B5B5B889CD}"
EndProject
Project("{9A19103F-16F7-4668-BE54-9A1E7A4F7556}") = "Exercise_1-3-22", "CSharp\Basics\Loops\Exercise_1-3-22\Exercise_1-3-22.csproj", "{65244B69-78A8-4F7E-94A6-93905D6BC08B}"
EndProject
Project("{9A19103F-16F7-4668-BE54-9A1E7A4F7556}") = "Exercise_1-3-23", "CSharp\Basics\Loops\Exercise_1-3-23\Exercise_1-3-23.csproj", "{27ABC1B3-E7A1-4845-BDAE-1C1EDCDAE0F0}"
EndProject
Project("{9A19103F-16F7-4668-BE54-9A1E7A4F7556}") = "Exercise_1-3-24", "CSharp\Basics\Loops\Exercise_1-3-24\Exercise_1-3-24.csproj", "{B6C58688-15B3-4F5C-8213-90BEC67BC069}"
EndProject
Project("{9A19103F-16F7-4668-BE54-9A1E7A4F7556}") = "Exercise_1-3-25", "CSharp\Basics\Loops\Exercise_1-3-25\Exercise_1-3-25.csproj", "{F47F1189-19BB-41BD-8F5E-1B77C27624AE}"
EndProject
Project("{9A19103F-16F7-4668-BE54-9A1E7A4F7556}") = "Exercise_1-3-26", "CSharp\Basics\Loops\Exercise_1-3-26\Exercise_1-3-26.csproj", "{1CAC5B8C-70B9-40F4-8414-E4BC6E13CD6F}"
EndProject
Project("{9A19103F-16F7-4668-BE54-9A1E7A4F7556}") = "Exercise_1-3-27", "CSharp\Basics\Loops\Exercise_1-3-27\Exercise_1-3-27.csproj", "{299D3C92-4AB7-4529-949E-9F16111B7603}"
EndProject
Project("{9A19103F-16F7-4668-BE54-9A1E7A4F7556}") = "Exercise_1-3-28", "CSharp\Basics\Loops\Exercise_1-3-28\Exercise_1-3-28.csproj", "{6E1C5016-3ACC-480E-B148-EC8BE50F0930}"
EndProject
Project("{9A19103F-16F7-4668-BE54-9A1E7A4F7556}") = "Exercise_1-3-29", "CSharp\Basics\Loops\Exercise_1-3-29\Exercise_1-3-29.csproj", "{D1379C92-A05C-4148-A517-774F19220E59}"
EndProject
Project("{9A19103F-16F7-4668-BE54-9A1E7A4F7556}") = "Exercise_1-3-30", "CSharp\Basics\Loops\Exercise_1-3-30\Exercise_1-3-30.csproj", "{A5D2D673-B43A-4765-BE05-03E1986ADBBC}"
EndProject
Project("{9A19103F-16F7-4668-BE54-9A1E7A4F7556}") = "Exercise_1-3-31", "CSharp\Basics\Loops\Exercise_1-3-31\Exercise_1-3-31.csproj", "{0DA3F825-F8DD-4AB6-87E9-7E9F00BF88F3}"
EndProject
Project("{9A19103F-16F7-4668-BE54-9A1E7A4F7556}") = "Exercise_1-3-32", "CSharp\Basics\Loops\Exercise_1-3-32\Exercise_1-3-32.csproj", "{16D0B092-550E-4F74-9D28-479D1E74EBBF}"
EndProject
Project("{9A19103F-16F7-4668-BE54-9A1E7A4F7556}") = "Exercise_1-3-33", "CSharp\Basics\Loops\Exercise_1-3-33\Exercise_1-3-33.csproj", "{F127436E-D9E1-4FDC-8A98-F8485B305999}"
EndProject
Project("{9A19103F-16F7-4668-BE54-9A1E7A4F7556}") = "Exercise_1-3-34", "CSharp\Basics\Loops\Exercise_1-3-34\Exercise_1-3-34.csproj", "{1D7111A0-F0C7-42C7-9DD1-68B3E4492B60}"
EndProject
Project("{9A19103F-16F7-4668-BE54-9A1E7A4F7556}") = "Exercise_1-3-35", "CSharp\Basics\Loops\Exercise_1-3-35\Exercise_1-3-35.csproj", "{25CECD8E-1AA0-4C33-814A-3461BA2A7146}"
EndProject
Project("{9A19103F-16F7-4668-BE54-9A1E7A4F7556}") = "Exercise_1-3-36", "CSharp\Basics\Loops\Exercise_1-3-36\Exercise_1-3-36.csproj", "{A00EC55A-894A-4440-B8C7-D2119721214C}"
EndProject
Project("{FAE04EC0-301F-11D3-BF4B-00C04F79EFBC}") = "Exercise_2-2-3", "CSharp\DataStructures\Lists\Exercise_2-2-3\Exercise_2-2-3.csproj", "{6B2FC888-7A6E-4A79-ACEC-BD8A9216A2CE}"
EndProject
Project("{FAE04EC0-301F-11D3-BF4B-00C04F79EFBC}") = "Exercise_2-2-4", "CSharp\DataStructures\Lists\Exercise_2-2-4\Exercise_2-2-4.csproj", "{D426BD6A-F6FE-4251-B0F5-5BFF5EE06456}"
EndProject
Project("{FAE04EC0-301F-11D3-BF4B-00C04F79EFBC}") = "Exercise_2-2-5", "CSharp\DataStructures\Lists\Exercise_2-2-5\Exercise_2-2-5.csproj", "{C75D6621-49C9-4843-BFD7-A07B53C2EAB6}"
EndProject
Project("{FAE04EC0-301F-11D3-BF4B-00C04F79EFBC}") = "Exercise_2-2-6", "CSharp\DataStructures\Lists\Exercise_2-2-6\Exercise_2-2-6.csproj", "{FC1C2AD8-8E5C-4E6E-AE9A-19566865CE02}"
EndProject
Project("{FAE04EC0-301F-11D3-BF4B-00C04F79EFBC}") = "Exercise_2-2-7", "CSharp\DataStructures\Lists\Exercise_2-2-7\Exercise_2-2-7.csproj", "{4768D65F-B7BA-490D-B839-7AC6BCE7D69E}"
EndProject
Project("{FAE04EC0-301F-11D3-BF4B-00C04F79EFBC}") = "Exercise_2-2-8", "CSharp\DataStructures\Lists\Exercise_2-2-8\Exercise_2-2-8.csproj", "{B0865439-96A1-4987-A2FC-44DFC644FB11}"
EndProject
Project("{FAE04EC0-301F-11D3-BF4B-00C04F79EFBC}") = "2-2-9", "CSharp\DataStructures\Lists\2-2-9\2-2-9.csproj", "{E8A1F765-E3D2-42C9-A7BF-AA6E3578B306}"
EndProject
Global
	GlobalSection(SolutionConfigurationPlatforms) = preSolution
		Debug|Any CPU = Debug|Any CPU
		Release|Any CPU = Release|Any CPU
	EndGlobalSection
	GlobalSection(ProjectConfigurationPlatforms) = postSolution
		{7134C78E-11FC-4FCD-B919-AFEEBDF3AE8F}.Debug|Any CPU.ActiveCfg = Debug|Any CPU
		{7134C78E-11FC-4FCD-B919-AFEEBDF3AE8F}.Debug|Any CPU.Build.0 = Debug|Any CPU
		{7134C78E-11FC-4FCD-B919-AFEEBDF3AE8F}.Release|Any CPU.ActiveCfg = Release|Any CPU
		{7134C78E-11FC-4FCD-B919-AFEEBDF3AE8F}.Release|Any CPU.Build.0 = Release|Any CPU
		{80E053B8-87F9-4B7E-9E69-94FA369DBEC7}.Debug|Any CPU.ActiveCfg = Debug|Any CPU
		{80E053B8-87F9-4B7E-9E69-94FA369DBEC7}.Debug|Any CPU.Build.0 = Debug|Any CPU
		{80E053B8-87F9-4B7E-9E69-94FA369DBEC7}.Release|Any CPU.ActiveCfg = Release|Any CPU
		{80E053B8-87F9-4B7E-9E69-94FA369DBEC7}.Release|Any CPU.Build.0 = Release|Any CPU
		{FE4A33C5-A864-4B07-A49C-8740CCF6F5DC}.Debug|Any CPU.ActiveCfg = Debug|Any CPU
		{FE4A33C5-A864-4B07-A49C-8740CCF6F5DC}.Debug|Any CPU.Build.0 = Debug|Any CPU
		{FE4A33C5-A864-4B07-A49C-8740CCF6F5DC}.Release|Any CPU.ActiveCfg = Release|Any CPU
		{FE4A33C5-A864-4B07-A49C-8740CCF6F5DC}.Release|Any CPU.Build.0 = Release|Any CPU
		{234253CF-5802-424A-A63D-C651F49FCCA1}.Debug|Any CPU.ActiveCfg = Debug|Any CPU
		{234253CF-5802-424A-A63D-C651F49FCCA1}.Debug|Any CPU.Build.0 = Debug|Any CPU
		{234253CF-5802-424A-A63D-C651F49FCCA1}.Release|Any CPU.ActiveCfg = Release|Any CPU
		{234253CF-5802-424A-A63D-C651F49FCCA1}.Release|Any CPU.Build.0 = Release|Any CPU
		{8784EC79-1C32-4396-B250-7D652723C425}.Debug|Any CPU.ActiveCfg = Debug|Any CPU
		{8784EC79-1C32-4396-B250-7D652723C425}.Debug|Any CPU.Build.0 = Debug|Any CPU
		{8784EC79-1C32-4396-B250-7D652723C425}.Release|Any CPU.ActiveCfg = Release|Any CPU
		{8784EC79-1C32-4396-B250-7D652723C425}.Release|Any CPU.Build.0 = Release|Any CPU
		{D9A5A23E-A689-4806-ACB1-AB76045DE04E}.Debug|Any CPU.ActiveCfg = Debug|Any CPU
		{D9A5A23E-A689-4806-ACB1-AB76045DE04E}.Debug|Any CPU.Build.0 = Debug|Any CPU
		{D9A5A23E-A689-4806-ACB1-AB76045DE04E}.Release|Any CPU.ActiveCfg = Release|Any CPU
		{D9A5A23E-A689-4806-ACB1-AB76045DE04E}.Release|Any CPU.Build.0 = Release|Any CPU
		{90090741-48A5-44AC-8EB2-588AE8A39F52}.Debug|Any CPU.ActiveCfg = Debug|Any CPU
		{90090741-48A5-44AC-8EB2-588AE8A39F52}.Debug|Any CPU.Build.0 = Debug|Any CPU
		{90090741-48A5-44AC-8EB2-588AE8A39F52}.Release|Any CPU.ActiveCfg = Release|Any CPU
		{90090741-48A5-44AC-8EB2-588AE8A39F52}.Release|Any CPU.Build.0 = Release|Any CPU
		{498A3171-B5F3-44A5-8969-137BD59CFF34}.Debug|Any CPU.ActiveCfg = Debug|Any CPU
		{498A3171-B5F3-44A5-8969-137BD59CFF34}.Debug|Any CPU.Build.0 = Debug|Any CPU
		{498A3171-B5F3-44A5-8969-137BD59CFF34}.Release|Any CPU.ActiveCfg = Release|Any CPU
		{498A3171-B5F3-44A5-8969-137BD59CFF34}.Release|Any CPU.Build.0 = Release|Any CPU
		{1247A2DD-0756-4AA9-A723-78F716CC6EC5}.Debug|Any CPU.ActiveCfg = Debug|Any CPU
		{1247A2DD-0756-4AA9-A723-78F716CC6EC5}.Debug|Any CPU.Build.0 = Debug|Any CPU
		{1247A2DD-0756-4AA9-A723-78F716CC6EC5}.Release|Any CPU.ActiveCfg = Release|Any CPU
		{1247A2DD-0756-4AA9-A723-78F716CC6EC5}.Release|Any CPU.Build.0 = Release|Any CPU
		{931F8BB6-2FED-4635-BCB7-B79998D81E05}.Debug|Any CPU.ActiveCfg = Debug|Any CPU
		{931F8BB6-2FED-4635-BCB7-B79998D81E05}.Debug|Any CPU.Build.0 = Debug|Any CPU
		{931F8BB6-2FED-4635-BCB7-B79998D81E05}.Release|Any CPU.ActiveCfg = Release|Any CPU
		{931F8BB6-2FED-4635-BCB7-B79998D81E05}.Release|Any CPU.Build.0 = Release|Any CPU
		{00F69718-47F3-450B-9172-35D27CC63F6D}.Debug|Any CPU.ActiveCfg = Debug|Any CPU
		{00F69718-47F3-450B-9172-35D27CC63F6D}.Debug|Any CPU.Build.0 = Debug|Any CPU
		{00F69718-47F3-450B-9172-35D27CC63F6D}.Release|Any CPU.ActiveCfg = Release|Any CPU
		{00F69718-47F3-450B-9172-35D27CC63F6D}.Release|Any CPU.Build.0 = Release|Any CPU
		{21853016-812A-47F4-ABF5-4DC0E27E0D9B}.Debug|Any CPU.ActiveCfg = Debug|Any CPU
		{21853016-812A-47F4-ABF5-4DC0E27E0D9B}.Debug|Any CPU.Build.0 = Debug|Any CPU
		{21853016-812A-47F4-ABF5-4DC0E27E0D9B}.Release|Any CPU.ActiveCfg = Release|Any CPU
		{21853016-812A-47F4-ABF5-4DC0E27E0D9B}.Release|Any CPU.Build.0 = Release|Any CPU
		{945EE0CF-D159-4320-8286-1E38AFDCFE0E}.Debug|Any CPU.ActiveCfg = Debug|Any CPU
		{945EE0CF-D159-4320-8286-1E38AFDCFE0E}.Debug|Any CPU.Build.0 = Debug|Any CPU
		{945EE0CF-D159-4320-8286-1E38AFDCFE0E}.Release|Any CPU.ActiveCfg = Release|Any CPU
		{945EE0CF-D159-4320-8286-1E38AFDCFE0E}.Release|Any CPU.Build.0 = Release|Any CPU
		{BE801F1A-ADF3-4BC7-B3C9-8014F9E8468B}.Debug|Any CPU.ActiveCfg = Debug|Any CPU
		{BE801F1A-ADF3-4BC7-B3C9-8014F9E8468B}.Debug|Any CPU.Build.0 = Debug|Any CPU
		{BE801F1A-ADF3-4BC7-B3C9-8014F9E8468B}.Release|Any CPU.ActiveCfg = Release|Any CPU
		{BE801F1A-ADF3-4BC7-B3C9-8014F9E8468B}.Release|Any CPU.Build.0 = Release|Any CPU
		{3B05D50E-04A6-43FB-A7A8-AE7E0413FE4C}.Debug|Any CPU.ActiveCfg = Debug|Any CPU
		{3B05D50E-04A6-43FB-A7A8-AE7E0413FE4C}.Debug|Any CPU.Build.0 = Debug|Any CPU
		{3B05D50E-04A6-43FB-A7A8-AE7E0413FE4C}.Release|Any CPU.ActiveCfg = Release|Any CPU
		{3B05D50E-04A6-43FB-A7A8-AE7E0413FE4C}.Release|Any CPU.Build.0 = Release|Any CPU
		{C7793E98-9F7D-4B35-88AD-EF4C79A87A2B}.Debug|Any CPU.ActiveCfg = Debug|Any CPU
		{C7793E98-9F7D-4B35-88AD-EF4C79A87A2B}.Debug|Any CPU.Build.0 = Debug|Any CPU
		{C7793E98-9F7D-4B35-88AD-EF4C79A87A2B}.Release|Any CPU.ActiveCfg = Release|Any CPU
		{C7793E98-9F7D-4B35-88AD-EF4C79A87A2B}.Release|Any CPU.Build.0 = Release|Any CPU
		{24AE069A-9FBB-43DC-B898-05DEBC8EE117}.Debug|Any CPU.ActiveCfg = Debug|Any CPU
		{24AE069A-9FBB-43DC-B898-05DEBC8EE117}.Debug|Any CPU.Build.0 = Debug|Any CPU
		{24AE069A-9FBB-43DC-B898-05DEBC8EE117}.Release|Any CPU.ActiveCfg = Release|Any CPU
		{24AE069A-9FBB-43DC-B898-05DEBC8EE117}.Release|Any CPU.Build.0 = Release|Any CPU
		{74CE2F95-A551-4382-BC17-642F9685E4D3}.Debug|Any CPU.ActiveCfg = Debug|Any CPU
		{74CE2F95-A551-4382-BC17-642F9685E4D3}.Debug|Any CPU.Build.0 = Debug|Any CPU
		{74CE2F95-A551-4382-BC17-642F9685E4D3}.Release|Any CPU.ActiveCfg = Release|Any CPU
		{74CE2F95-A551-4382-BC17-642F9685E4D3}.Release|Any CPU.Build.0 = Release|Any CPU
		{D80F7C12-6C10-474B-B8CE-94B90E354DA9}.Debug|Any CPU.ActiveCfg = Debug|Any CPU
		{D80F7C12-6C10-474B-B8CE-94B90E354DA9}.Debug|Any CPU.Build.0 = Debug|Any CPU
		{D80F7C12-6C10-474B-B8CE-94B90E354DA9}.Release|Any CPU.ActiveCfg = Release|Any CPU
		{D80F7C12-6C10-474B-B8CE-94B90E354DA9}.Release|Any CPU.Build.0 = Release|Any CPU
		{B147C1F8-365E-4724-9A99-B86B751A0781}.Debug|Any CPU.ActiveCfg = Debug|Any CPU
		{B147C1F8-365E-4724-9A99-B86B751A0781}.Debug|Any CPU.Build.0 = Debug|Any CPU
		{B147C1F8-365E-4724-9A99-B86B751A0781}.Release|Any CPU.ActiveCfg = Release|Any CPU
		{B147C1F8-365E-4724-9A99-B86B751A0781}.Release|Any CPU.Build.0 = Release|Any CPU
		{F52148A7-41B2-4BBF-8479-5AE2CFF49E36}.Debug|Any CPU.ActiveCfg = Debug|Any CPU
		{F52148A7-41B2-4BBF-8479-5AE2CFF49E36}.Debug|Any CPU.Build.0 = Debug|Any CPU
		{F52148A7-41B2-4BBF-8479-5AE2CFF49E36}.Release|Any CPU.ActiveCfg = Release|Any CPU
		{F52148A7-41B2-4BBF-8479-5AE2CFF49E36}.Release|Any CPU.Build.0 = Release|Any CPU
		{21ECF09A-D0D4-4D8D-B376-300272714ECE}.Debug|Any CPU.ActiveCfg = Debug|Any CPU
		{21ECF09A-D0D4-4D8D-B376-300272714ECE}.Debug|Any CPU.Build.0 = Debug|Any CPU
		{21ECF09A-D0D4-4D8D-B376-300272714ECE}.Release|Any CPU.ActiveCfg = Release|Any CPU
		{21ECF09A-D0D4-4D8D-B376-300272714ECE}.Release|Any CPU.Build.0 = Release|Any CPU
		{21830520-6F50-447E-8230-2D26866BB8F0}.Debug|Any CPU.ActiveCfg = Debug|Any CPU
		{21830520-6F50-447E-8230-2D26866BB8F0}.Debug|Any CPU.Build.0 = Debug|Any CPU
		{21830520-6F50-447E-8230-2D26866BB8F0}.Release|Any CPU.ActiveCfg = Release|Any CPU
		{21830520-6F50-447E-8230-2D26866BB8F0}.Release|Any CPU.Build.0 = Release|Any CPU
		{31718577-51FD-4A62-930A-F717E0EE3A06}.Debug|Any CPU.ActiveCfg = Debug|Any CPU
		{31718577-51FD-4A62-930A-F717E0EE3A06}.Debug|Any CPU.Build.0 = Debug|Any CPU
		{31718577-51FD-4A62-930A-F717E0EE3A06}.Release|Any CPU.ActiveCfg = Release|Any CPU
		{31718577-51FD-4A62-930A-F717E0EE3A06}.Release|Any CPU.Build.0 = Release|Any CPU
		{5BC7937A-9134-4259-99B1-8EEED735ABCA}.Debug|Any CPU.ActiveCfg = Debug|Any CPU
		{5BC7937A-9134-4259-99B1-8EEED735ABCA}.Debug|Any CPU.Build.0 = Debug|Any CPU
		{5BC7937A-9134-4259-99B1-8EEED735ABCA}.Release|Any CPU.ActiveCfg = Release|Any CPU
		{5BC7937A-9134-4259-99B1-8EEED735ABCA}.Release|Any CPU.Build.0 = Release|Any CPU
		{5BADF82A-0313-4647-8E2C-7FFD1C76D178}.Debug|Any CPU.ActiveCfg = Debug|Any CPU
		{5BADF82A-0313-4647-8E2C-7FFD1C76D178}.Debug|Any CPU.Build.0 = Debug|Any CPU
		{5BADF82A-0313-4647-8E2C-7FFD1C76D178}.Release|Any CPU.ActiveCfg = Release|Any CPU
		{5BADF82A-0313-4647-8E2C-7FFD1C76D178}.Release|Any CPU.Build.0 = Release|Any CPU
		{21E559D6-BFD1-4A8A-83B2-CF83D69A32AC}.Debug|Any CPU.ActiveCfg = Debug|Any CPU
		{21E559D6-BFD1-4A8A-83B2-CF83D69A32AC}.Debug|Any CPU.Build.0 = Debug|Any CPU
		{21E559D6-BFD1-4A8A-83B2-CF83D69A32AC}.Release|Any CPU.ActiveCfg = Release|Any CPU
		{21E559D6-BFD1-4A8A-83B2-CF83D69A32AC}.Release|Any CPU.Build.0 = Release|Any CPU
		{9E60D619-B0C6-45A2-AD36-D14CE58317B7}.Debug|Any CPU.ActiveCfg = Debug|Any CPU
		{9E60D619-B0C6-45A2-AD36-D14CE58317B7}.Debug|Any CPU.Build.0 = Debug|Any CPU
		{9E60D619-B0C6-45A2-AD36-D14CE58317B7}.Release|Any CPU.ActiveCfg = Release|Any CPU
		{9E60D619-B0C6-45A2-AD36-D14CE58317B7}.Release|Any CPU.Build.0 = Release|Any CPU
		{32442F7F-AAF1-4249-AB8C-D24A29122EAA}.Debug|Any CPU.ActiveCfg = Debug|Any CPU
		{32442F7F-AAF1-4249-AB8C-D24A29122EAA}.Debug|Any CPU.Build.0 = Debug|Any CPU
		{32442F7F-AAF1-4249-AB8C-D24A29122EAA}.Release|Any CPU.ActiveCfg = Release|Any CPU
		{32442F7F-AAF1-4249-AB8C-D24A29122EAA}.Release|Any CPU.Build.0 = Release|Any CPU
		{DDCBAB7F-3D1C-4150-9ED8-B1F0D79B3DBD}.Debug|Any CPU.ActiveCfg = Debug|Any CPU
		{DDCBAB7F-3D1C-4150-9ED8-B1F0D79B3DBD}.Debug|Any CPU.Build.0 = Debug|Any CPU
		{DDCBAB7F-3D1C-4150-9ED8-B1F0D79B3DBD}.Release|Any CPU.ActiveCfg = Release|Any CPU
		{DDCBAB7F-3D1C-4150-9ED8-B1F0D79B3DBD}.Release|Any CPU.Build.0 = Release|Any CPU
		{C3515F3E-60CD-406B-AA2B-7D296D3EF8AA}.Debug|Any CPU.ActiveCfg = Debug|Any CPU
		{C3515F3E-60CD-406B-AA2B-7D296D3EF8AA}.Debug|Any CPU.Build.0 = Debug|Any CPU
		{C3515F3E-60CD-406B-AA2B-7D296D3EF8AA}.Release|Any CPU.ActiveCfg = Release|Any CPU
		{C3515F3E-60CD-406B-AA2B-7D296D3EF8AA}.Release|Any CPU.Build.0 = Release|Any CPU
		{26C01394-8DC5-4745-9963-FB26D9DD4883}.Debug|Any CPU.ActiveCfg = Debug|Any CPU
		{26C01394-8DC5-4745-9963-FB26D9DD4883}.Debug|Any CPU.Build.0 = Debug|Any CPU
		{26C01394-8DC5-4745-9963-FB26D9DD4883}.Release|Any CPU.ActiveCfg = Release|Any CPU
		{26C01394-8DC5-4745-9963-FB26D9DD4883}.Release|Any CPU.Build.0 = Release|Any CPU
		{D2D26934-31F0-48B1-AD50-060147D229F0}.Debug|Any CPU.ActiveCfg = Debug|Any CPU
		{D2D26934-31F0-48B1-AD50-060147D229F0}.Debug|Any CPU.Build.0 = Debug|Any CPU
		{D2D26934-31F0-48B1-AD50-060147D229F0}.Release|Any CPU.ActiveCfg = Release|Any CPU
		{D2D26934-31F0-48B1-AD50-060147D229F0}.Release|Any CPU.Build.0 = Release|Any CPU
		{C0364A43-A0ED-4EAE-86B4-1209A4A4C88E}.Debug|Any CPU.ActiveCfg = Debug|Any CPU
		{C0364A43-A0ED-4EAE-86B4-1209A4A4C88E}.Debug|Any CPU.Build.0 = Debug|Any CPU
		{C0364A43-A0ED-4EAE-86B4-1209A4A4C88E}.Release|Any CPU.ActiveCfg = Release|Any CPU
		{C0364A43-A0ED-4EAE-86B4-1209A4A4C88E}.Release|Any CPU.Build.0 = Release|Any CPU
		{B4D647CB-34CE-4D3D-BEDC-BD6D2DCB8F95}.Debug|Any CPU.ActiveCfg = Debug|Any CPU
		{B4D647CB-34CE-4D3D-BEDC-BD6D2DCB8F95}.Debug|Any CPU.Build.0 = Debug|Any CPU
		{B4D647CB-34CE-4D3D-BEDC-BD6D2DCB8F95}.Release|Any CPU.ActiveCfg = Release|Any CPU
		{B4D647CB-34CE-4D3D-BEDC-BD6D2DCB8F95}.Release|Any CPU.Build.0 = Release|Any CPU
		{DCC2CF6F-FB64-48A9-81B1-905E9AC04D4C}.Debug|Any CPU.ActiveCfg = Debug|Any CPU
		{DCC2CF6F-FB64-48A9-81B1-905E9AC04D4C}.Debug|Any CPU.Build.0 = Debug|Any CPU
		{DCC2CF6F-FB64-48A9-81B1-905E9AC04D4C}.Release|Any CPU.ActiveCfg = Release|Any CPU
		{DCC2CF6F-FB64-48A9-81B1-905E9AC04D4C}.Release|Any CPU.Build.0 = Release|Any CPU
		{FCD7DA74-C450-46A7-BCD8-4D6ACE98527B}.Debug|Any CPU.ActiveCfg = Debug|Any CPU
		{FCD7DA74-C450-46A7-BCD8-4D6ACE98527B}.Debug|Any CPU.Build.0 = Debug|Any CPU
		{FCD7DA74-C450-46A7-BCD8-4D6ACE98527B}.Release|Any CPU.ActiveCfg = Release|Any CPU
		{FCD7DA74-C450-46A7-BCD8-4D6ACE98527B}.Release|Any CPU.Build.0 = Release|Any CPU
		{2C2A96EF-419F-457B-8B80-C5723597305B}.Debug|Any CPU.ActiveCfg = Debug|Any CPU
		{2C2A96EF-419F-457B-8B80-C5723597305B}.Debug|Any CPU.Build.0 = Debug|Any CPU
		{2C2A96EF-419F-457B-8B80-C5723597305B}.Release|Any CPU.ActiveCfg = Release|Any CPU
		{2C2A96EF-419F-457B-8B80-C5723597305B}.Release|Any CPU.Build.0 = Release|Any CPU
		{1E4CEDE8-6525-4C85-95FD-FEFC2621F71F}.Debug|Any CPU.ActiveCfg = Debug|Any CPU
		{1E4CEDE8-6525-4C85-95FD-FEFC2621F71F}.Debug|Any CPU.Build.0 = Debug|Any CPU
		{1E4CEDE8-6525-4C85-95FD-FEFC2621F71F}.Release|Any CPU.ActiveCfg = Release|Any CPU
		{1E4CEDE8-6525-4C85-95FD-FEFC2621F71F}.Release|Any CPU.Build.0 = Release|Any CPU
		{50DDDA1C-0A71-4704-8A16-4490D6358E5E}.Debug|Any CPU.ActiveCfg = Debug|Any CPU
		{50DDDA1C-0A71-4704-8A16-4490D6358E5E}.Debug|Any CPU.Build.0 = Debug|Any CPU
		{50DDDA1C-0A71-4704-8A16-4490D6358E5E}.Release|Any CPU.ActiveCfg = Release|Any CPU
		{50DDDA1C-0A71-4704-8A16-4490D6358E5E}.Release|Any CPU.Build.0 = Release|Any CPU
		{62831E74-84D4-4A63-9583-50C7223C4E12}.Debug|Any CPU.ActiveCfg = Debug|Any CPU
		{62831E74-84D4-4A63-9583-50C7223C4E12}.Debug|Any CPU.Build.0 = Debug|Any CPU
		{62831E74-84D4-4A63-9583-50C7223C4E12}.Release|Any CPU.ActiveCfg = Release|Any CPU
		{62831E74-84D4-4A63-9583-50C7223C4E12}.Release|Any CPU.Build.0 = Release|Any CPU
		{591E9184-EFD7-494A-A201-C4BECD9A68E6}.Debug|Any CPU.ActiveCfg = Debug|Any CPU
		{591E9184-EFD7-494A-A201-C4BECD9A68E6}.Debug|Any CPU.Build.0 = Debug|Any CPU
		{591E9184-EFD7-494A-A201-C4BECD9A68E6}.Release|Any CPU.ActiveCfg = Release|Any CPU
		{591E9184-EFD7-494A-A201-C4BECD9A68E6}.Release|Any CPU.Build.0 = Release|Any CPU
		{DB059BA1-EC49-45FA-BAEC-B8B2FFA8C0B1}.Debug|Any CPU.ActiveCfg = Debug|Any CPU
		{DB059BA1-EC49-45FA-BAEC-B8B2FFA8C0B1}.Debug|Any CPU.Build.0 = Debug|Any CPU
		{DB059BA1-EC49-45FA-BAEC-B8B2FFA8C0B1}.Release|Any CPU.ActiveCfg = Release|Any CPU
		{DB059BA1-EC49-45FA-BAEC-B8B2FFA8C0B1}.Release|Any CPU.Build.0 = Release|Any CPU
		{D385F07F-291C-4D1D-A6A1-6346A2886083}.Debug|Any CPU.ActiveCfg = Debug|Any CPU
		{D385F07F-291C-4D1D-A6A1-6346A2886083}.Debug|Any CPU.Build.0 = Debug|Any CPU
		{D385F07F-291C-4D1D-A6A1-6346A2886083}.Release|Any CPU.ActiveCfg = Release|Any CPU
		{D385F07F-291C-4D1D-A6A1-6346A2886083}.Release|Any CPU.Build.0 = Release|Any CPU
		{EF3B2239-1982-45F9-92ED-6BD31C0CA712}.Debug|Any CPU.ActiveCfg = Debug|Any CPU
		{EF3B2239-1982-45F9-92ED-6BD31C0CA712}.Debug|Any CPU.Build.0 = Debug|Any CPU
		{EF3B2239-1982-45F9-92ED-6BD31C0CA712}.Release|Any CPU.ActiveCfg = Release|Any CPU
		{EF3B2239-1982-45F9-92ED-6BD31C0CA712}.Release|Any CPU.Build.0 = Release|Any CPU
		{DFCC1895-EB6A-4CEC-8AA1-B10654D87F9C}.Debug|Any CPU.ActiveCfg = Debug|Any CPU
		{DFCC1895-EB6A-4CEC-8AA1-B10654D87F9C}.Debug|Any CPU.Build.0 = Debug|Any CPU
		{DFCC1895-EB6A-4CEC-8AA1-B10654D87F9C}.Release|Any CPU.ActiveCfg = Release|Any CPU
		{DFCC1895-EB6A-4CEC-8AA1-B10654D87F9C}.Release|Any CPU.Build.0 = Release|Any CPU
		{12E649C5-D422-4601-BCBA-3EDC8AE8B4E8}.Debug|Any CPU.ActiveCfg = Debug|Any CPU
		{12E649C5-D422-4601-BCBA-3EDC8AE8B4E8}.Debug|Any CPU.Build.0 = Debug|Any CPU
		{12E649C5-D422-4601-BCBA-3EDC8AE8B4E8}.Release|Any CPU.ActiveCfg = Release|Any CPU
		{12E649C5-D422-4601-BCBA-3EDC8AE8B4E8}.Release|Any CPU.Build.0 = Release|Any CPU
		{7B6A06A5-27C4-4BCA-9135-E0FC12185117}.Debug|Any CPU.ActiveCfg = Debug|Any CPU
		{7B6A06A5-27C4-4BCA-9135-E0FC12185117}.Debug|Any CPU.Build.0 = Debug|Any CPU
		{7B6A06A5-27C4-4BCA-9135-E0FC12185117}.Release|Any CPU.ActiveCfg = Release|Any CPU
		{7B6A06A5-27C4-4BCA-9135-E0FC12185117}.Release|Any CPU.Build.0 = Release|Any CPU
		{370111F9-CAB9-4ED3-9A41-9E054D888053}.Debug|Any CPU.ActiveCfg = Debug|Any CPU
		{370111F9-CAB9-4ED3-9A41-9E054D888053}.Debug|Any CPU.Build.0 = Debug|Any CPU
		{370111F9-CAB9-4ED3-9A41-9E054D888053}.Release|Any CPU.ActiveCfg = Release|Any CPU
		{370111F9-CAB9-4ED3-9A41-9E054D888053}.Release|Any CPU.Build.0 = Release|Any CPU
		{1382CDCD-13B0-4DBD-8E21-982435B19946}.Debug|Any CPU.ActiveCfg = Debug|Any CPU
		{1382CDCD-13B0-4DBD-8E21-982435B19946}.Debug|Any CPU.Build.0 = Debug|Any CPU
		{1382CDCD-13B0-4DBD-8E21-982435B19946}.Release|Any CPU.ActiveCfg = Release|Any CPU
		{1382CDCD-13B0-4DBD-8E21-982435B19946}.Release|Any CPU.Build.0 = Release|Any CPU
		{C8984D81-76DE-41B1-9E9C-1D32C0EDE37A}.Debug|Any CPU.ActiveCfg = Debug|Any CPU
		{C8984D81-76DE-41B1-9E9C-1D32C0EDE37A}.Debug|Any CPU.Build.0 = Debug|Any CPU
		{C8984D81-76DE-41B1-9E9C-1D32C0EDE37A}.Release|Any CPU.ActiveCfg = Release|Any CPU
		{C8984D81-76DE-41B1-9E9C-1D32C0EDE37A}.Release|Any CPU.Build.0 = Release|Any CPU
		{679150F8-C126-492B-A406-D1A3EBA8C3FA}.Debug|Any CPU.ActiveCfg = Debug|Any CPU
		{679150F8-C126-492B-A406-D1A3EBA8C3FA}.Debug|Any CPU.Build.0 = Debug|Any CPU
		{679150F8-C126-492B-A406-D1A3EBA8C3FA}.Release|Any CPU.ActiveCfg = Release|Any CPU
		{679150F8-C126-492B-A406-D1A3EBA8C3FA}.Release|Any CPU.Build.0 = Release|Any CPU
		{3884B3E2-E9FC-4E7A-9878-3D25774B582A}.Debug|Any CPU.ActiveCfg = Debug|Any CPU
		{3884B3E2-E9FC-4E7A-9878-3D25774B582A}.Debug|Any CPU.Build.0 = Debug|Any CPU
		{3884B3E2-E9FC-4E7A-9878-3D25774B582A}.Release|Any CPU.ActiveCfg = Release|Any CPU
		{3884B3E2-E9FC-4E7A-9878-3D25774B582A}.Release|Any CPU.Build.0 = Release|Any CPU
		{09912BAA-7490-44B1-AD49-429D47AF8F5A}.Debug|Any CPU.ActiveCfg = Debug|Any CPU
		{09912BAA-7490-44B1-AD49-429D47AF8F5A}.Debug|Any CPU.Build.0 = Debug|Any CPU
		{09912BAA-7490-44B1-AD49-429D47AF8F5A}.Release|Any CPU.ActiveCfg = Release|Any CPU
		{09912BAA-7490-44B1-AD49-429D47AF8F5A}.Release|Any CPU.Build.0 = Release|Any CPU
		{CDCD0DAC-D9B1-438C-8253-0E297AB21B13}.Debug|Any CPU.ActiveCfg = Debug|Any CPU
		{CDCD0DAC-D9B1-438C-8253-0E297AB21B13}.Debug|Any CPU.Build.0 = Debug|Any CPU
		{CDCD0DAC-D9B1-438C-8253-0E297AB21B13}.Release|Any CPU.ActiveCfg = Release|Any CPU
		{CDCD0DAC-D9B1-438C-8253-0E297AB21B13}.Release|Any CPU.Build.0 = Release|Any CPU
		{27831DCF-C3B3-44A7-B86A-B38262F2D99C}.Debug|Any CPU.ActiveCfg = Debug|Any CPU
		{27831DCF-C3B3-44A7-B86A-B38262F2D99C}.Debug|Any CPU.Build.0 = Debug|Any CPU
		{27831DCF-C3B3-44A7-B86A-B38262F2D99C}.Release|Any CPU.ActiveCfg = Release|Any CPU
		{27831DCF-C3B3-44A7-B86A-B38262F2D99C}.Release|Any CPU.Build.0 = Release|Any CPU
		{1A4FB522-B0C6-478B-BF1B-7F4B5D514FA5}.Debug|Any CPU.ActiveCfg = Debug|Any CPU
		{1A4FB522-B0C6-478B-BF1B-7F4B5D514FA5}.Debug|Any CPU.Build.0 = Debug|Any CPU
		{1A4FB522-B0C6-478B-BF1B-7F4B5D514FA5}.Release|Any CPU.ActiveCfg = Release|Any CPU
		{1A4FB522-B0C6-478B-BF1B-7F4B5D514FA5}.Release|Any CPU.Build.0 = Release|Any CPU
		{5E00ACF6-9077-4462-B6E4-337AEB74CC35}.Debug|Any CPU.ActiveCfg = Debug|Any CPU
		{5E00ACF6-9077-4462-B6E4-337AEB74CC35}.Debug|Any CPU.Build.0 = Debug|Any CPU
		{5E00ACF6-9077-4462-B6E4-337AEB74CC35}.Release|Any CPU.ActiveCfg = Release|Any CPU
		{5E00ACF6-9077-4462-B6E4-337AEB74CC35}.Release|Any CPU.Build.0 = Release|Any CPU
		{62692235-574C-4611-9C7E-695886B8BD9E}.Debug|Any CPU.ActiveCfg = Debug|Any CPU
		{62692235-574C-4611-9C7E-695886B8BD9E}.Debug|Any CPU.Build.0 = Debug|Any CPU
		{62692235-574C-4611-9C7E-695886B8BD9E}.Release|Any CPU.ActiveCfg = Release|Any CPU
		{62692235-574C-4611-9C7E-695886B8BD9E}.Release|Any CPU.Build.0 = Release|Any CPU
		{C1FA5EE4-F705-4DA6-9B99-3585CEAC6271}.Debug|Any CPU.ActiveCfg = Debug|Any CPU
		{C1FA5EE4-F705-4DA6-9B99-3585CEAC6271}.Debug|Any CPU.Build.0 = Debug|Any CPU
		{C1FA5EE4-F705-4DA6-9B99-3585CEAC6271}.Release|Any CPU.ActiveCfg = Release|Any CPU
		{C1FA5EE4-F705-4DA6-9B99-3585CEAC6271}.Release|Any CPU.Build.0 = Release|Any CPU
		{5D5ADE2A-FDE1-4FFB-A136-16F61BBC4E0F}.Debug|Any CPU.ActiveCfg = Debug|Any CPU
		{5D5ADE2A-FDE1-4FFB-A136-16F61BBC4E0F}.Debug|Any CPU.Build.0 = Debug|Any CPU
		{5D5ADE2A-FDE1-4FFB-A136-16F61BBC4E0F}.Release|Any CPU.ActiveCfg = Release|Any CPU
		{5D5ADE2A-FDE1-4FFB-A136-16F61BBC4E0F}.Release|Any CPU.Build.0 = Release|Any CPU
		{8BEA0BC4-89C3-4845-8004-DC43AADA9908}.Debug|Any CPU.ActiveCfg = Debug|Any CPU
		{8BEA0BC4-89C3-4845-8004-DC43AADA9908}.Debug|Any CPU.Build.0 = Debug|Any CPU
		{8BEA0BC4-89C3-4845-8004-DC43AADA9908}.Release|Any CPU.ActiveCfg = Release|Any CPU
		{8BEA0BC4-89C3-4845-8004-DC43AADA9908}.Release|Any CPU.Build.0 = Release|Any CPU
		{7CCC4052-3BBF-4D59-8D27-BEC9AD7B8E27}.Debug|Any CPU.ActiveCfg = Debug|Any CPU
		{7CCC4052-3BBF-4D59-8D27-BEC9AD7B8E27}.Debug|Any CPU.Build.0 = Debug|Any CPU
		{7CCC4052-3BBF-4D59-8D27-BEC9AD7B8E27}.Release|Any CPU.ActiveCfg = Release|Any CPU
		{7CCC4052-3BBF-4D59-8D27-BEC9AD7B8E27}.Release|Any CPU.Build.0 = Release|Any CPU
		{861B9419-2E7D-4CA9-AB8F-0827EDE9B409}.Debug|Any CPU.ActiveCfg = Debug|Any CPU
		{861B9419-2E7D-4CA9-AB8F-0827EDE9B409}.Debug|Any CPU.Build.0 = Debug|Any CPU
		{861B9419-2E7D-4CA9-AB8F-0827EDE9B409}.Release|Any CPU.ActiveCfg = Release|Any CPU
		{861B9419-2E7D-4CA9-AB8F-0827EDE9B409}.Release|Any CPU.Build.0 = Release|Any CPU
		{923F4455-1D81-422F-ABD6-C5343DED1E26}.Debug|Any CPU.ActiveCfg = Debug|Any CPU
		{923F4455-1D81-422F-ABD6-C5343DED1E26}.Debug|Any CPU.Build.0 = Debug|Any CPU
		{923F4455-1D81-422F-ABD6-C5343DED1E26}.Release|Any CPU.ActiveCfg = Release|Any CPU
		{923F4455-1D81-422F-ABD6-C5343DED1E26}.Release|Any CPU.Build.0 = Release|Any CPU
		{655BAE98-C423-4103-97D2-7E6A5507AC02}.Debug|Any CPU.ActiveCfg = Debug|Any CPU
		{655BAE98-C423-4103-97D2-7E6A5507AC02}.Debug|Any CPU.Build.0 = Debug|Any CPU
		{655BAE98-C423-4103-97D2-7E6A5507AC02}.Release|Any CPU.ActiveCfg = Release|Any CPU
		{655BAE98-C423-4103-97D2-7E6A5507AC02}.Release|Any CPU.Build.0 = Release|Any CPU
		{CFDF9E23-E6FE-449F-B682-812358268514}.Debug|Any CPU.ActiveCfg = Debug|Any CPU
		{CFDF9E23-E6FE-449F-B682-812358268514}.Debug|Any CPU.Build.0 = Debug|Any CPU
		{CFDF9E23-E6FE-449F-B682-812358268514}.Release|Any CPU.ActiveCfg = Release|Any CPU
		{CFDF9E23-E6FE-449F-B682-812358268514}.Release|Any CPU.Build.0 = Release|Any CPU
		{BDC5770A-27C7-4E58-99C4-7B8A5C4ED3B6}.Debug|Any CPU.ActiveCfg = Debug|Any CPU
		{BDC5770A-27C7-4E58-99C4-7B8A5C4ED3B6}.Debug|Any CPU.Build.0 = Debug|Any CPU
		{BDC5770A-27C7-4E58-99C4-7B8A5C4ED3B6}.Release|Any CPU.ActiveCfg = Release|Any CPU
		{BDC5770A-27C7-4E58-99C4-7B8A5C4ED3B6}.Release|Any CPU.Build.0 = Release|Any CPU
		{1358F50F-DECD-404B-AB7C-154A38BE3628}.Debug|Any CPU.ActiveCfg = Debug|Any CPU
		{1358F50F-DECD-404B-AB7C-154A38BE3628}.Debug|Any CPU.Build.0 = Debug|Any CPU
		{1358F50F-DECD-404B-AB7C-154A38BE3628}.Release|Any CPU.ActiveCfg = Release|Any CPU
		{1358F50F-DECD-404B-AB7C-154A38BE3628}.Release|Any CPU.Build.0 = Release|Any CPU
		{53D6EA79-4AAD-4AF9-A4F5-16568EEEC604}.Debug|Any CPU.ActiveCfg = Debug|Any CPU
		{53D6EA79-4AAD-4AF9-A4F5-16568EEEC604}.Debug|Any CPU.Build.0 = Debug|Any CPU
		{53D6EA79-4AAD-4AF9-A4F5-16568EEEC604}.Release|Any CPU.ActiveCfg = Release|Any CPU
		{53D6EA79-4AAD-4AF9-A4F5-16568EEEC604}.Release|Any CPU.Build.0 = Release|Any CPU
		{9F2FF2E9-1225-4588-B012-803E58EDD421}.Debug|Any CPU.ActiveCfg = Debug|Any CPU
		{9F2FF2E9-1225-4588-B012-803E58EDD421}.Debug|Any CPU.Build.0 = Debug|Any CPU
		{9F2FF2E9-1225-4588-B012-803E58EDD421}.Release|Any CPU.ActiveCfg = Release|Any CPU
		{9F2FF2E9-1225-4588-B012-803E58EDD421}.Release|Any CPU.Build.0 = Release|Any CPU
		{C229A442-5D1E-4C18-8CDF-4974F18F2BDF}.Debug|Any CPU.ActiveCfg = Debug|Any CPU
		{C229A442-5D1E-4C18-8CDF-4974F18F2BDF}.Debug|Any CPU.Build.0 = Debug|Any CPU
		{C229A442-5D1E-4C18-8CDF-4974F18F2BDF}.Release|Any CPU.ActiveCfg = Release|Any CPU
		{C229A442-5D1E-4C18-8CDF-4974F18F2BDF}.Release|Any CPU.Build.0 = Release|Any CPU
		{66C6F33C-8286-418D-9AF2-0E3B05885E34}.Debug|Any CPU.ActiveCfg = Debug|Any CPU
		{66C6F33C-8286-418D-9AF2-0E3B05885E34}.Debug|Any CPU.Build.0 = Debug|Any CPU
		{66C6F33C-8286-418D-9AF2-0E3B05885E34}.Release|Any CPU.ActiveCfg = Release|Any CPU
		{66C6F33C-8286-418D-9AF2-0E3B05885E34}.Release|Any CPU.Build.0 = Release|Any CPU
		{2F50B537-FB4B-41FE-BC37-6770B756D9A2}.Debug|Any CPU.ActiveCfg = Debug|Any CPU
		{2F50B537-FB4B-41FE-BC37-6770B756D9A2}.Debug|Any CPU.Build.0 = Debug|Any CPU
		{2F50B537-FB4B-41FE-BC37-6770B756D9A2}.Release|Any CPU.ActiveCfg = Release|Any CPU
		{2F50B537-FB4B-41FE-BC37-6770B756D9A2}.Release|Any CPU.Build.0 = Release|Any CPU
		{2CF8FE39-0979-4844-8CEA-83E2738A9C5D}.Debug|Any CPU.ActiveCfg = Debug|Any CPU
		{2CF8FE39-0979-4844-8CEA-83E2738A9C5D}.Debug|Any CPU.Build.0 = Debug|Any CPU
		{2CF8FE39-0979-4844-8CEA-83E2738A9C5D}.Release|Any CPU.ActiveCfg = Release|Any CPU
		{2CF8FE39-0979-4844-8CEA-83E2738A9C5D}.Release|Any CPU.Build.0 = Release|Any CPU
		{80B06DD6-0313-4B3C-A3B0-998365492A77}.Debug|Any CPU.ActiveCfg = Debug|Any CPU
		{80B06DD6-0313-4B3C-A3B0-998365492A77}.Debug|Any CPU.Build.0 = Debug|Any CPU
		{80B06DD6-0313-4B3C-A3B0-998365492A77}.Release|Any CPU.ActiveCfg = Release|Any CPU
		{80B06DD6-0313-4B3C-A3B0-998365492A77}.Release|Any CPU.Build.0 = Release|Any CPU
		{B1594EB7-B964-4879-827C-390E5D16CDDF}.Debug|Any CPU.ActiveCfg = Debug|Any CPU
		{B1594EB7-B964-4879-827C-390E5D16CDDF}.Debug|Any CPU.Build.0 = Debug|Any CPU
		{B1594EB7-B964-4879-827C-390E5D16CDDF}.Release|Any CPU.ActiveCfg = Release|Any CPU
		{B1594EB7-B964-4879-827C-390E5D16CDDF}.Release|Any CPU.Build.0 = Release|Any CPU
		{CC717E63-AB30-480A-85A9-8B0792BE0A9F}.Debug|Any CPU.ActiveCfg = Debug|Any CPU
		{CC717E63-AB30-480A-85A9-8B0792BE0A9F}.Debug|Any CPU.Build.0 = Debug|Any CPU
		{CC717E63-AB30-480A-85A9-8B0792BE0A9F}.Release|Any CPU.ActiveCfg = Release|Any CPU
		{CC717E63-AB30-480A-85A9-8B0792BE0A9F}.Release|Any CPU.Build.0 = Release|Any CPU
		{942AC119-5FF4-42E5-98C3-E5C08DAD7099}.Debug|Any CPU.ActiveCfg = Debug|Any CPU
		{942AC119-5FF4-42E5-98C3-E5C08DAD7099}.Debug|Any CPU.Build.0 = Debug|Any CPU
		{942AC119-5FF4-42E5-98C3-E5C08DAD7099}.Release|Any CPU.ActiveCfg = Release|Any CPU
		{942AC119-5FF4-42E5-98C3-E5C08DAD7099}.Release|Any CPU.Build.0 = Release|Any CPU
		{5B6BD91B-6192-4DEC-B917-582BD1FF76A4}.Debug|Any CPU.ActiveCfg = Debug|Any CPU
		{5B6BD91B-6192-4DEC-B917-582BD1FF76A4}.Debug|Any CPU.Build.0 = Debug|Any CPU
		{5B6BD91B-6192-4DEC-B917-582BD1FF76A4}.Release|Any CPU.ActiveCfg = Release|Any CPU
		{5B6BD91B-6192-4DEC-B917-582BD1FF76A4}.Release|Any CPU.Build.0 = Release|Any CPU
		{C8BCCCFB-BE24-47C2-9AD4-641EF1D66971}.Debug|Any CPU.ActiveCfg = Debug|Any CPU
		{C8BCCCFB-BE24-47C2-9AD4-641EF1D66971}.Debug|Any CPU.Build.0 = Debug|Any CPU
		{C8BCCCFB-BE24-47C2-9AD4-641EF1D66971}.Release|Any CPU.ActiveCfg = Release|Any CPU
		{C8BCCCFB-BE24-47C2-9AD4-641EF1D66971}.Release|Any CPU.Build.0 = Release|Any CPU
		{FF6E089E-F72D-4E5A-92F5-9A12C6829F9D}.Debug|Any CPU.ActiveCfg = Debug|Any CPU
		{FF6E089E-F72D-4E5A-92F5-9A12C6829F9D}.Debug|Any CPU.Build.0 = Debug|Any CPU
		{FF6E089E-F72D-4E5A-92F5-9A12C6829F9D}.Release|Any CPU.ActiveCfg = Release|Any CPU
		{FF6E089E-F72D-4E5A-92F5-9A12C6829F9D}.Release|Any CPU.Build.0 = Release|Any CPU
		{9C45C78F-B499-4DC4-90D7-EE47EAA79F21}.Debug|Any CPU.ActiveCfg = Debug|Any CPU
		{9C45C78F-B499-4DC4-90D7-EE47EAA79F21}.Debug|Any CPU.Build.0 = Debug|Any CPU
		{9C45C78F-B499-4DC4-90D7-EE47EAA79F21}.Release|Any CPU.ActiveCfg = Release|Any CPU
		{9C45C78F-B499-4DC4-90D7-EE47EAA79F21}.Release|Any CPU.Build.0 = Release|Any CPU
		{5193D0E4-0570-4B48-8750-294B27C0F850}.Debug|Any CPU.ActiveCfg = Debug|Any CPU
		{5193D0E4-0570-4B48-8750-294B27C0F850}.Debug|Any CPU.Build.0 = Debug|Any CPU
		{5193D0E4-0570-4B48-8750-294B27C0F850}.Release|Any CPU.ActiveCfg = Release|Any CPU
		{5193D0E4-0570-4B48-8750-294B27C0F850}.Release|Any CPU.Build.0 = Release|Any CPU
		{D3D7CEEA-440A-4E1D-B6EC-317625278CA3}.Debug|Any CPU.ActiveCfg = Debug|Any CPU
		{D3D7CEEA-440A-4E1D-B6EC-317625278CA3}.Debug|Any CPU.Build.0 = Debug|Any CPU
		{D3D7CEEA-440A-4E1D-B6EC-317625278CA3}.Release|Any CPU.ActiveCfg = Release|Any CPU
		{D3D7CEEA-440A-4E1D-B6EC-317625278CA3}.Release|Any CPU.Build.0 = Release|Any CPU
		{AEF57408-A41A-40D6-8EE7-C6B542A534E7}.Debug|Any CPU.ActiveCfg = Debug|Any CPU
		{AEF57408-A41A-40D6-8EE7-C6B542A534E7}.Debug|Any CPU.Build.0 = Debug|Any CPU
		{AEF57408-A41A-40D6-8EE7-C6B542A534E7}.Release|Any CPU.ActiveCfg = Release|Any CPU
		{AEF57408-A41A-40D6-8EE7-C6B542A534E7}.Release|Any CPU.Build.0 = Release|Any CPU
		{7FC3AA50-5F4C-4DE7-A995-DAAB3AFFD641}.Debug|Any CPU.ActiveCfg = Debug|Any CPU
		{7FC3AA50-5F4C-4DE7-A995-DAAB3AFFD641}.Debug|Any CPU.Build.0 = Debug|Any CPU
		{7FC3AA50-5F4C-4DE7-A995-DAAB3AFFD641}.Release|Any CPU.ActiveCfg = Release|Any CPU
		{7FC3AA50-5F4C-4DE7-A995-DAAB3AFFD641}.Release|Any CPU.Build.0 = Release|Any CPU
		{16BB27A7-BACA-41BD-A96D-4DF62D2E5E89}.Debug|Any CPU.ActiveCfg = Debug|Any CPU
		{16BB27A7-BACA-41BD-A96D-4DF62D2E5E89}.Debug|Any CPU.Build.0 = Debug|Any CPU
		{16BB27A7-BACA-41BD-A96D-4DF62D2E5E89}.Release|Any CPU.ActiveCfg = Release|Any CPU
		{16BB27A7-BACA-41BD-A96D-4DF62D2E5E89}.Release|Any CPU.Build.0 = Release|Any CPU
		{3EB62F21-EBCE-45B5-ACA9-186D345880C4}.Debug|Any CPU.ActiveCfg = Debug|Any CPU
		{3EB62F21-EBCE-45B5-ACA9-186D345880C4}.Debug|Any CPU.Build.0 = Debug|Any CPU
		{3EB62F21-EBCE-45B5-ACA9-186D345880C4}.Release|Any CPU.ActiveCfg = Release|Any CPU
		{3EB62F21-EBCE-45B5-ACA9-186D345880C4}.Release|Any CPU.Build.0 = Release|Any CPU
		{546CF697-331C-4B26-8938-359A1FC50ED0}.Debug|Any CPU.ActiveCfg = Debug|Any CPU
		{546CF697-331C-4B26-8938-359A1FC50ED0}.Debug|Any CPU.Build.0 = Debug|Any CPU
		{546CF697-331C-4B26-8938-359A1FC50ED0}.Release|Any CPU.ActiveCfg = Release|Any CPU
		{546CF697-331C-4B26-8938-359A1FC50ED0}.Release|Any CPU.Build.0 = Release|Any CPU
		{419253CE-C84E-46E4-9CC1-77A04FD697E4}.Debug|Any CPU.ActiveCfg = Debug|Any CPU
		{419253CE-C84E-46E4-9CC1-77A04FD697E4}.Debug|Any CPU.Build.0 = Debug|Any CPU
		{419253CE-C84E-46E4-9CC1-77A04FD697E4}.Release|Any CPU.ActiveCfg = Release|Any CPU
		{419253CE-C84E-46E4-9CC1-77A04FD697E4}.Release|Any CPU.Build.0 = Release|Any CPU
		{C6F17449-A9CC-4AC0-B4A9-8DD920BAD081}.Debug|Any CPU.ActiveCfg = Debug|Any CPU
		{C6F17449-A9CC-4AC0-B4A9-8DD920BAD081}.Debug|Any CPU.Build.0 = Debug|Any CPU
		{C6F17449-A9CC-4AC0-B4A9-8DD920BAD081}.Release|Any CPU.ActiveCfg = Release|Any CPU
		{C6F17449-A9CC-4AC0-B4A9-8DD920BAD081}.Release|Any CPU.Build.0 = Release|Any CPU
		{568AAFF9-4E1C-448D-AE9C-00E7B37F579D}.Debug|Any CPU.ActiveCfg = Debug|Any CPU
		{568AAFF9-4E1C-448D-AE9C-00E7B37F579D}.Debug|Any CPU.Build.0 = Debug|Any CPU
		{568AAFF9-4E1C-448D-AE9C-00E7B37F579D}.Release|Any CPU.ActiveCfg = Release|Any CPU
		{568AAFF9-4E1C-448D-AE9C-00E7B37F579D}.Release|Any CPU.Build.0 = Release|Any CPU
		{DDF01EA3-5BDE-4278-8A52-89B5B5B889CD}.Debug|Any CPU.ActiveCfg = Debug|Any CPU
		{DDF01EA3-5BDE-4278-8A52-89B5B5B889CD}.Debug|Any CPU.Build.0 = Debug|Any CPU
		{DDF01EA3-5BDE-4278-8A52-89B5B5B889CD}.Release|Any CPU.ActiveCfg = Release|Any CPU
		{DDF01EA3-5BDE-4278-8A52-89B5B5B889CD}.Release|Any CPU.Build.0 = Release|Any CPU
		{65244B69-78A8-4F7E-94A6-93905D6BC08B}.Debug|Any CPU.ActiveCfg = Debug|Any CPU
		{65244B69-78A8-4F7E-94A6-93905D6BC08B}.Debug|Any CPU.Build.0 = Debug|Any CPU
		{65244B69-78A8-4F7E-94A6-93905D6BC08B}.Release|Any CPU.ActiveCfg = Release|Any CPU
		{65244B69-78A8-4F7E-94A6-93905D6BC08B}.Release|Any CPU.Build.0 = Release|Any CPU
		{27ABC1B3-E7A1-4845-BDAE-1C1EDCDAE0F0}.Debug|Any CPU.ActiveCfg = Debug|Any CPU
		{27ABC1B3-E7A1-4845-BDAE-1C1EDCDAE0F0}.Debug|Any CPU.Build.0 = Debug|Any CPU
		{27ABC1B3-E7A1-4845-BDAE-1C1EDCDAE0F0}.Release|Any CPU.ActiveCfg = Release|Any CPU
		{27ABC1B3-E7A1-4845-BDAE-1C1EDCDAE0F0}.Release|Any CPU.Build.0 = Release|Any CPU
		{B6C58688-15B3-4F5C-8213-90BEC67BC069}.Debug|Any CPU.ActiveCfg = Debug|Any CPU
		{B6C58688-15B3-4F5C-8213-90BEC67BC069}.Debug|Any CPU.Build.0 = Debug|Any CPU
		{B6C58688-15B3-4F5C-8213-90BEC67BC069}.Release|Any CPU.ActiveCfg = Release|Any CPU
		{B6C58688-15B3-4F5C-8213-90BEC67BC069}.Release|Any CPU.Build.0 = Release|Any CPU
		{F47F1189-19BB-41BD-8F5E-1B77C27624AE}.Debug|Any CPU.ActiveCfg = Debug|Any CPU
		{F47F1189-19BB-41BD-8F5E-1B77C27624AE}.Debug|Any CPU.Build.0 = Debug|Any CPU
		{F47F1189-19BB-41BD-8F5E-1B77C27624AE}.Release|Any CPU.ActiveCfg = Release|Any CPU
		{F47F1189-19BB-41BD-8F5E-1B77C27624AE}.Release|Any CPU.Build.0 = Release|Any CPU
		{1CAC5B8C-70B9-40F4-8414-E4BC6E13CD6F}.Debug|Any CPU.ActiveCfg = Debug|Any CPU
		{1CAC5B8C-70B9-40F4-8414-E4BC6E13CD6F}.Debug|Any CPU.Build.0 = Debug|Any CPU
		{1CAC5B8C-70B9-40F4-8414-E4BC6E13CD6F}.Release|Any CPU.ActiveCfg = Release|Any CPU
		{1CAC5B8C-70B9-40F4-8414-E4BC6E13CD6F}.Release|Any CPU.Build.0 = Release|Any CPU
		{299D3C92-4AB7-4529-949E-9F16111B7603}.Debug|Any CPU.ActiveCfg = Debug|Any CPU
		{299D3C92-4AB7-4529-949E-9F16111B7603}.Debug|Any CPU.Build.0 = Debug|Any CPU
		{299D3C92-4AB7-4529-949E-9F16111B7603}.Release|Any CPU.ActiveCfg = Release|Any CPU
		{299D3C92-4AB7-4529-949E-9F16111B7603}.Release|Any CPU.Build.0 = Release|Any CPU
		{6E1C5016-3ACC-480E-B148-EC8BE50F0930}.Debug|Any CPU.ActiveCfg = Debug|Any CPU
		{6E1C5016-3ACC-480E-B148-EC8BE50F0930}.Debug|Any CPU.Build.0 = Debug|Any CPU
		{6E1C5016-3ACC-480E-B148-EC8BE50F0930}.Release|Any CPU.ActiveCfg = Release|Any CPU
		{6E1C5016-3ACC-480E-B148-EC8BE50F0930}.Release|Any CPU.Build.0 = Release|Any CPU
		{D1379C92-A05C-4148-A517-774F19220E59}.Debug|Any CPU.ActiveCfg = Debug|Any CPU
		{D1379C92-A05C-4148-A517-774F19220E59}.Debug|Any CPU.Build.0 = Debug|Any CPU
		{D1379C92-A05C-4148-A517-774F19220E59}.Release|Any CPU.ActiveCfg = Release|Any CPU
		{D1379C92-A05C-4148-A517-774F19220E59}.Release|Any CPU.Build.0 = Release|Any CPU
		{A5D2D673-B43A-4765-BE05-03E1986ADBBC}.Debug|Any CPU.ActiveCfg = Debug|Any CPU
		{A5D2D673-B43A-4765-BE05-03E1986ADBBC}.Debug|Any CPU.Build.0 = Debug|Any CPU
		{A5D2D673-B43A-4765-BE05-03E1986ADBBC}.Release|Any CPU.ActiveCfg = Release|Any CPU
		{A5D2D673-B43A-4765-BE05-03E1986ADBBC}.Release|Any CPU.Build.0 = Release|Any CPU
		{0DA3F825-F8DD-4AB6-87E9-7E9F00BF88F3}.Debug|Any CPU.ActiveCfg = Debug|Any CPU
		{0DA3F825-F8DD-4AB6-87E9-7E9F00BF88F3}.Debug|Any CPU.Build.0 = Debug|Any CPU
		{0DA3F825-F8DD-4AB6-87E9-7E9F00BF88F3}.Release|Any CPU.ActiveCfg = Release|Any CPU
		{0DA3F825-F8DD-4AB6-87E9-7E9F00BF88F3}.Release|Any CPU.Build.0 = Release|Any CPU
		{16D0B092-550E-4F74-9D28-479D1E74EBBF}.Debug|Any CPU.ActiveCfg = Debug|Any CPU
		{16D0B092-550E-4F74-9D28-479D1E74EBBF}.Debug|Any CPU.Build.0 = Debug|Any CPU
		{16D0B092-550E-4F74-9D28-479D1E74EBBF}.Release|Any CPU.ActiveCfg = Release|Any CPU
		{16D0B092-550E-4F74-9D28-479D1E74EBBF}.Release|Any CPU.Build.0 = Release|Any CPU
		{F127436E-D9E1-4FDC-8A98-F8485B305999}.Debug|Any CPU.ActiveCfg = Debug|Any CPU
		{F127436E-D9E1-4FDC-8A98-F8485B305999}.Debug|Any CPU.Build.0 = Debug|Any CPU
		{F127436E-D9E1-4FDC-8A98-F8485B305999}.Release|Any CPU.ActiveCfg = Release|Any CPU
		{F127436E-D9E1-4FDC-8A98-F8485B305999}.Release|Any CPU.Build.0 = Release|Any CPU
		{1D7111A0-F0C7-42C7-9DD1-68B3E4492B60}.Debug|Any CPU.ActiveCfg = Debug|Any CPU
		{1D7111A0-F0C7-42C7-9DD1-68B3E4492B60}.Debug|Any CPU.Build.0 = Debug|Any CPU
		{1D7111A0-F0C7-42C7-9DD1-68B3E4492B60}.Release|Any CPU.ActiveCfg = Release|Any CPU
		{1D7111A0-F0C7-42C7-9DD1-68B3E4492B60}.Release|Any CPU.Build.0 = Release|Any CPU
		{25CECD8E-1AA0-4C33-814A-3461BA2A7146}.Debug|Any CPU.ActiveCfg = Debug|Any CPU
		{25CECD8E-1AA0-4C33-814A-3461BA2A7146}.Debug|Any CPU.Build.0 = Debug|Any CPU
		{25CECD8E-1AA0-4C33-814A-3461BA2A7146}.Release|Any CPU.ActiveCfg = Release|Any CPU
		{25CECD8E-1AA0-4C33-814A-3461BA2A7146}.Release|Any CPU.Build.0 = Release|Any CPU
		{A00EC55A-894A-4440-B8C7-D2119721214C}.Debug|Any CPU.ActiveCfg = Debug|Any CPU
		{A00EC55A-894A-4440-B8C7-D2119721214C}.Debug|Any CPU.Build.0 = Debug|Any CPU
		{A00EC55A-894A-4440-B8C7-D2119721214C}.Release|Any CPU.ActiveCfg = Release|Any CPU
		{A00EC55A-894A-4440-B8C7-D2119721214C}.Release|Any CPU.Build.0 = Release|Any CPU
		{6B2FC888-7A6E-4A79-ACEC-BD8A9216A2CE}.Debug|Any CPU.ActiveCfg = Debug|Any CPU
		{6B2FC888-7A6E-4A79-ACEC-BD8A9216A2CE}.Debug|Any CPU.Build.0 = Debug|Any CPU
		{6B2FC888-7A6E-4A79-ACEC-BD8A9216A2CE}.Release|Any CPU.ActiveCfg = Release|Any CPU
		{6B2FC888-7A6E-4A79-ACEC-BD8A9216A2CE}.Release|Any CPU.Build.0 = Release|Any CPU
		{D426BD6A-F6FE-4251-B0F5-5BFF5EE06456}.Debug|Any CPU.ActiveCfg = Debug|Any CPU
		{D426BD6A-F6FE-4251-B0F5-5BFF5EE06456}.Debug|Any CPU.Build.0 = Debug|Any CPU
		{D426BD6A-F6FE-4251-B0F5-5BFF5EE06456}.Release|Any CPU.ActiveCfg = Release|Any CPU
		{D426BD6A-F6FE-4251-B0F5-5BFF5EE06456}.Release|Any CPU.Build.0 = Release|Any CPU
		{C75D6621-49C9-4843-BFD7-A07B53C2EAB6}.Debug|Any CPU.ActiveCfg = Debug|Any CPU
		{C75D6621-49C9-4843-BFD7-A07B53C2EAB6}.Debug|Any CPU.Build.0 = Debug|Any CPU
		{C75D6621-49C9-4843-BFD7-A07B53C2EAB6}.Release|Any CPU.ActiveCfg = Release|Any CPU
		{C75D6621-49C9-4843-BFD7-A07B53C2EAB6}.Release|Any CPU.Build.0 = Release|Any CPU
		{FC1C2AD8-8E5C-4E6E-AE9A-19566865CE02}.Debug|Any CPU.ActiveCfg = Debug|Any CPU
		{FC1C2AD8-8E5C-4E6E-AE9A-19566865CE02}.Debug|Any CPU.Build.0 = Debug|Any CPU
		{FC1C2AD8-8E5C-4E6E-AE9A-19566865CE02}.Release|Any CPU.ActiveCfg = Release|Any CPU
		{FC1C2AD8-8E5C-4E6E-AE9A-19566865CE02}.Release|Any CPU.Build.0 = Release|Any CPU
		{4768D65F-B7BA-490D-B839-7AC6BCE7D69E}.Debug|Any CPU.ActiveCfg = Debug|Any CPU
		{4768D65F-B7BA-490D-B839-7AC6BCE7D69E}.Debug|Any CPU.Build.0 = Debug|Any CPU
		{4768D65F-B7BA-490D-B839-7AC6BCE7D69E}.Release|Any CPU.ActiveCfg = Release|Any CPU
		{4768D65F-B7BA-490D-B839-7AC6BCE7D69E}.Release|Any CPU.Build.0 = Release|Any CPU
		{B0865439-96A1-4987-A2FC-44DFC644FB11}.Debug|Any CPU.ActiveCfg = Debug|Any CPU
		{B0865439-96A1-4987-A2FC-44DFC644FB11}.Debug|Any CPU.Build.0 = Debug|Any CPU
		{B0865439-96A1-4987-A2FC-44DFC644FB11}.Release|Any CPU.ActiveCfg = Release|Any CPU
		{B0865439-96A1-4987-A2FC-44DFC644FB11}.Release|Any CPU.Build.0 = Release|Any CPU
		{E8A1F765-E3D2-42C9-A7BF-AA6E3578B306}.Debug|Any CPU.ActiveCfg = Debug|Any CPU
		{E8A1F765-E3D2-42C9-A7BF-AA6E3578B306}.Debug|Any CPU.Build.0 = Debug|Any CPU
		{E8A1F765-E3D2-42C9-A7BF-AA6E3578B306}.Release|Any CPU.ActiveCfg = Release|Any CPU
		{E8A1F765-E3D2-42C9-A7BF-AA6E3578B306}.Release|Any CPU.Build.0 = Release|Any CPU
	EndGlobalSection
	GlobalSection(SolutionProperties) = preSolution
		HideSolutionNode = FALSE
	EndGlobalSection
	GlobalSection(NestedProjects) = preSolution
		{2689E0FB-D909-4375-B633-FE06B88CE3E3} = {E30BD4E1-C9C6-4782-BC00-60C15CBF1233}
		{1E519477-11D6-4DC7-BC4A-AE1B4AA0EEAA} = {2689E0FB-D909-4375-B633-FE06B88CE3E3}
		{BF9D65B0-A39D-4FE4-920B-6D74D2CDCEBA} = {2689E0FB-D909-4375-B633-FE06B88CE3E3}
		{4114AD04-792A-4270-90E2-75931E194231} = {2689E0FB-D909-4375-B633-FE06B88CE3E3}
		{D46CB0E5-934A-4A57-BC30-A65E02C7A680} = {2689E0FB-D909-4375-B633-FE06B88CE3E3}
		{15CCCA50-E60C-4A05-B737-820B88D5055E} = {2689E0FB-D909-4375-B633-FE06B88CE3E3}
		{1A6666E6-1298-4230-950D-75F01E8D1068} = {2689E0FB-D909-4375-B633-FE06B88CE3E3}
		{4DF0B43C-89BB-46E3-A491-9968C67D3782} = {2689E0FB-D909-4375-B633-FE06B88CE3E3}
		{7125E513-0028-4545-B2EF-F5442096D67B} = {E30BD4E1-C9C6-4782-BC00-60C15CBF1233}
		{72E3F216-81B2-40FF-8996-C4F80EF79E7F} = {7125E513-0028-4545-B2EF-F5442096D67B}
		{35715E63-7A9F-4BDF-9A5B-82375980F80E} = {7125E513-0028-4545-B2EF-F5442096D67B}
		{36D58F10-D30E-40D2-8E0A-F4402576BF5E} = {7125E513-0028-4545-B2EF-F5442096D67B}
		{E09631D7-B8BA-474B-84CA-D55F3DB26019} = {E30BD4E1-C9C6-4782-BC00-60C15CBF1233}
		{BC1B0CBA-9EC0-4D91-A816-6193728427B7} = {E09631D7-B8BA-474B-84CA-D55F3DB26019}
		{CA660065-4EEE-4E1B-A0F8-537FD274FEDB} = {E09631D7-B8BA-474B-84CA-D55F3DB26019}
		{A1BF3224-F640-4782-A8AC-D7F79AD1E221} = {E09631D7-B8BA-474B-84CA-D55F3DB26019}
		{F8E27295-252F-4168-B6AC-2DD766B436DB} = {E09631D7-B8BA-474B-84CA-D55F3DB26019}
		{794C70DD-6422-4A40-9C8F-DF2C33791011} = {E30BD4E1-C9C6-4782-BC00-60C15CBF1233}
		{69DA918C-A488-49A4-8DF8-172C1B0C5739} = {794C70DD-6422-4A40-9C8F-DF2C33791011}
		{9C3CFCA3-F9D4-459D-97A3-F40EF8D5795F} = {794C70DD-6422-4A40-9C8F-DF2C33791011}
		{073A1D9C-37DE-4868-AAA0-D78414938288} = {794C70DD-6422-4A40-9C8F-DF2C33791011}
		{7134C78E-11FC-4FCD-B919-AFEEBDF3AE8F} = {CA660065-4EEE-4E1B-A0F8-537FD274FEDB}
		{80E053B8-87F9-4B7E-9E69-94FA369DBEC7} = {F8E27295-252F-4168-B6AC-2DD766B436DB}
		{FE4A33C5-A864-4B07-A49C-8740CCF6F5DC} = {F8E27295-252F-4168-B6AC-2DD766B436DB}
		{234253CF-5802-424A-A63D-C651F49FCCA1} = {A1BF3224-F640-4782-A8AC-D7F79AD1E221}
		{8784EC79-1C32-4396-B250-7D652723C425} = {BC1B0CBA-9EC0-4D91-A816-6193728427B7}
		{D9A5A23E-A689-4806-ACB1-AB76045DE04E} = {A1BF3224-F640-4782-A8AC-D7F79AD1E221}
		{90090741-48A5-44AC-8EB2-588AE8A39F52} = {BC1B0CBA-9EC0-4D91-A816-6193728427B7}
		{D60B718D-EFA3-426E-A00F-A558CDBF7075} = {794C70DD-6422-4A40-9C8F-DF2C33791011}
		{498A3171-B5F3-44A5-8969-137BD59CFF34} = {D60B718D-EFA3-426E-A00F-A558CDBF7075}
		{1247A2DD-0756-4AA9-A723-78F716CC6EC5} = {D60B718D-EFA3-426E-A00F-A558CDBF7075}
		{931F8BB6-2FED-4635-BCB7-B79998D81E05} = {073A1D9C-37DE-4868-AAA0-D78414938288}
		{00F69718-47F3-450B-9172-35D27CC63F6D} = {073A1D9C-37DE-4868-AAA0-D78414938288}
		{21853016-812A-47F4-ABF5-4DC0E27E0D9B} = {9C3CFCA3-F9D4-459D-97A3-F40EF8D5795F}
		{945EE0CF-D159-4320-8286-1E38AFDCFE0E} = {9C3CFCA3-F9D4-459D-97A3-F40EF8D5795F}
		{BE801F1A-ADF3-4BC7-B3C9-8014F9E8468B} = {69DA918C-A488-49A4-8DF8-172C1B0C5739}
		{3B05D50E-04A6-43FB-A7A8-AE7E0413FE4C} = {69DA918C-A488-49A4-8DF8-172C1B0C5739}
		{57066F66-E3DB-463D-919E-2703C45CAC25} = {794C70DD-6422-4A40-9C8F-DF2C33791011}
		{C7793E98-9F7D-4B35-88AD-EF4C79A87A2B} = {57066F66-E3DB-463D-919E-2703C45CAC25}
		{24AE069A-9FBB-43DC-B898-05DEBC8EE117} = {57066F66-E3DB-463D-919E-2703C45CAC25}
		{CC34B3F9-CB1D-4D1A-991E-7094A256CEB1} = {794C70DD-6422-4A40-9C8F-DF2C33791011}
		{74CE2F95-A551-4382-BC17-642F9685E4D3} = {CC34B3F9-CB1D-4D1A-991E-7094A256CEB1}
		{D80F7C12-6C10-474B-B8CE-94B90E354DA9} = {CC34B3F9-CB1D-4D1A-991E-7094A256CEB1}
		{B147C1F8-365E-4724-9A99-B86B751A0781} = {72E3F216-81B2-40FF-8996-C4F80EF79E7F}
		{F52148A7-41B2-4BBF-8479-5AE2CFF49E36} = {72E3F216-81B2-40FF-8996-C4F80EF79E7F}
		{21ECF09A-D0D4-4D8D-B376-300272714ECE} = {35715E63-7A9F-4BDF-9A5B-82375980F80E}
		{21830520-6F50-447E-8230-2D26866BB8F0} = {35715E63-7A9F-4BDF-9A5B-82375980F80E}
		{31718577-51FD-4A62-930A-F717E0EE3A06} = {36D58F10-D30E-40D2-8E0A-F4402576BF5E}
		{5BC7937A-9134-4259-99B1-8EEED735ABCA} = {36D58F10-D30E-40D2-8E0A-F4402576BF5E}
		{5BADF82A-0313-4647-8E2C-7FFD1C76D178} = {1E519477-11D6-4DC7-BC4A-AE1B4AA0EEAA}
		{D58FB4B6-3319-40D2-B3C6-5332782594CF} = {7125E513-0028-4545-B2EF-F5442096D67B}
		{B2C6A73B-734A-4614-94AF-F8AFDB58B12A} = {7125E513-0028-4545-B2EF-F5442096D67B}
		{21E559D6-BFD1-4A8A-83B2-CF83D69A32AC} = {B2C6A73B-734A-4614-94AF-F8AFDB58B12A}
		{9E60D619-B0C6-45A2-AD36-D14CE58317B7} = {B2C6A73B-734A-4614-94AF-F8AFDB58B12A}
		{32442F7F-AAF1-4249-AB8C-D24A29122EAA} = {D58FB4B6-3319-40D2-B3C6-5332782594CF}
		{DDCBAB7F-3D1C-4150-9ED8-B1F0D79B3DBD} = {D58FB4B6-3319-40D2-B3C6-5332782594CF}
		{C3515F3E-60CD-406B-AA2B-7D296D3EF8AA} = {1E519477-11D6-4DC7-BC4A-AE1B4AA0EEAA}
		{26C01394-8DC5-4745-9963-FB26D9DD4883} = {BF9D65B0-A39D-4FE4-920B-6D74D2CDCEBA}
		{D2D26934-31F0-48B1-AD50-060147D229F0} = {BF9D65B0-A39D-4FE4-920B-6D74D2CDCEBA}
		{C0364A43-A0ED-4EAE-86B4-1209A4A4C88E} = {4114AD04-792A-4270-90E2-75931E194231}
		{B4D647CB-34CE-4D3D-BEDC-BD6D2DCB8F95} = {4114AD04-792A-4270-90E2-75931E194231}
		{DCC2CF6F-FB64-48A9-81B1-905E9AC04D4C} = {D46CB0E5-934A-4A57-BC30-A65E02C7A680}
		{FCD7DA74-C450-46A7-BCD8-4D6ACE98527B} = {D46CB0E5-934A-4A57-BC30-A65E02C7A680}
		{2C2A96EF-419F-457B-8B80-C5723597305B} = {15CCCA50-E60C-4A05-B737-820B88D5055E}
		{1E4CEDE8-6525-4C85-95FD-FEFC2621F71F} = {15CCCA50-E60C-4A05-B737-820B88D5055E}
		{50DDDA1C-0A71-4704-8A16-4490D6358E5E} = {1A6666E6-1298-4230-950D-75F01E8D1068}
		{62831E74-84D4-4A63-9583-50C7223C4E12} = {1A6666E6-1298-4230-950D-75F01E8D1068}
		{591E9184-EFD7-494A-A201-C4BECD9A68E6} = {4DF0B43C-89BB-46E3-A491-9968C67D3782}
		{DB059BA1-EC49-45FA-BAEC-B8B2FFA8C0B1} = {4DF0B43C-89BB-46E3-A491-9968C67D3782}
		{D385F07F-291C-4D1D-A6A1-6346A2886083} = {F8E27295-252F-4168-B6AC-2DD766B436DB}
		{EF3B2239-1982-45F9-92ED-6BD31C0CA712} = {F8E27295-252F-4168-B6AC-2DD766B436DB}
		{DFCC1895-EB6A-4CEC-8AA1-B10654D87F9C} = {F8E27295-252F-4168-B6AC-2DD766B436DB}
		{12E649C5-D422-4601-BCBA-3EDC8AE8B4E8} = {F8E27295-252F-4168-B6AC-2DD766B436DB}
		{7B6A06A5-27C4-4BCA-9135-E0FC12185117} = {F8E27295-252F-4168-B6AC-2DD766B436DB}
		{370111F9-CAB9-4ED3-9A41-9E054D888053} = {BC1B0CBA-9EC0-4D91-A816-6193728427B7}
		{1382CDCD-13B0-4DBD-8E21-982435B19946} = {BC1B0CBA-9EC0-4D91-A816-6193728427B7}
		{C8984D81-76DE-41B1-9E9C-1D32C0EDE37A} = {BC1B0CBA-9EC0-4D91-A816-6193728427B7}
		{679150F8-C126-492B-A406-D1A3EBA8C3FA} = {BC1B0CBA-9EC0-4D91-A816-6193728427B7}
		{3884B3E2-E9FC-4E7A-9878-3D25774B582A} = {BC1B0CBA-9EC0-4D91-A816-6193728427B7}
		{09912BAA-7490-44B1-AD49-429D47AF8F5A} = {BC1B0CBA-9EC0-4D91-A816-6193728427B7}
		{CDCD0DAC-D9B1-438C-8253-0E297AB21B13} = {BC1B0CBA-9EC0-4D91-A816-6193728427B7}
		{27831DCF-C3B3-44A7-B86A-B38262F2D99C} = {BC1B0CBA-9EC0-4D91-A816-6193728427B7}
		{1A4FB522-B0C6-478B-BF1B-7F4B5D514FA5} = {BC1B0CBA-9EC0-4D91-A816-6193728427B7}
		{5E00ACF6-9077-4462-B6E4-337AEB74CC35} = {BC1B0CBA-9EC0-4D91-A816-6193728427B7}
		{62692235-574C-4611-9C7E-695886B8BD9E} = {BC1B0CBA-9EC0-4D91-A816-6193728427B7}
		{8B6DBBAE-E242-4899-978F-E58C16AC21F6} = {E09631D7-B8BA-474B-84CA-D55F3DB26019}
		{44775C05-83A1-4258-8F7E-2B411C1A505B} = {E09631D7-B8BA-474B-84CA-D55F3DB26019}
		{C1FA5EE4-F705-4DA6-9B99-3585CEAC6271} = {8B6DBBAE-E242-4899-978F-E58C16AC21F6}
		{5D5ADE2A-FDE1-4FFB-A136-16F61BBC4E0F} = {8B6DBBAE-E242-4899-978F-E58C16AC21F6}
		{8BEA0BC4-89C3-4845-8004-DC43AADA9908} = {44775C05-83A1-4258-8F7E-2B411C1A505B}
		{7CCC4052-3BBF-4D59-8D27-BEC9AD7B8E27} = {44775C05-83A1-4258-8F7E-2B411C1A505B}
		{861B9419-2E7D-4CA9-AB8F-0827EDE9B409} = {8B6DBBAE-E242-4899-978F-E58C16AC21F6}
		{923F4455-1D81-422F-ABD6-C5343DED1E26} = {8B6DBBAE-E242-4899-978F-E58C16AC21F6}
		{655BAE98-C423-4103-97D2-7E6A5507AC02} = {8B6DBBAE-E242-4899-978F-E58C16AC21F6}
		{CFDF9E23-E6FE-449F-B682-812358268514} = {8B6DBBAE-E242-4899-978F-E58C16AC21F6}
		{BDC5770A-27C7-4E58-99C4-7B8A5C4ED3B6} = {8B6DBBAE-E242-4899-978F-E58C16AC21F6}
		{1358F50F-DECD-404B-AB7C-154A38BE3628} = {8B6DBBAE-E242-4899-978F-E58C16AC21F6}
		{53D6EA79-4AAD-4AF9-A4F5-16568EEEC604} = {44775C05-83A1-4258-8F7E-2B411C1A505B}
		{9F2FF2E9-1225-4588-B012-803E58EDD421} = {44775C05-83A1-4258-8F7E-2B411C1A505B}
		{C229A442-5D1E-4C18-8CDF-4974F18F2BDF} = {44775C05-83A1-4258-8F7E-2B411C1A505B}
		{66C6F33C-8286-418D-9AF2-0E3B05885E34} = {44775C05-83A1-4258-8F7E-2B411C1A505B}
		{2F50B537-FB4B-41FE-BC37-6770B756D9A2} = {44775C05-83A1-4258-8F7E-2B411C1A505B}
		{2CF8FE39-0979-4844-8CEA-83E2738A9C5D} = {A1BF3224-F640-4782-A8AC-D7F79AD1E221}
		{80B06DD6-0313-4B3C-A3B0-998365492A77} = {A1BF3224-F640-4782-A8AC-D7F79AD1E221}
		{B1594EB7-B964-4879-827C-390E5D16CDDF} = {A1BF3224-F640-4782-A8AC-D7F79AD1E221}
		{CC717E63-AB30-480A-85A9-8B0792BE0A9F} = {A1BF3224-F640-4782-A8AC-D7F79AD1E221}
		{942AC119-5FF4-42E5-98C3-E5C08DAD7099} = {A1BF3224-F640-4782-A8AC-D7F79AD1E221}
		{5B6BD91B-6192-4DEC-B917-582BD1FF76A4} = {A1BF3224-F640-4782-A8AC-D7F79AD1E221}
		{C8BCCCFB-BE24-47C2-9AD4-641EF1D66971} = {A1BF3224-F640-4782-A8AC-D7F79AD1E221}
		{FF6E089E-F72D-4E5A-92F5-9A12C6829F9D} = {A1BF3224-F640-4782-A8AC-D7F79AD1E221}
		{9C45C78F-B499-4DC4-90D7-EE47EAA79F21} = {A1BF3224-F640-4782-A8AC-D7F79AD1E221}
		{5193D0E4-0570-4B48-8750-294B27C0F850} = {A1BF3224-F640-4782-A8AC-D7F79AD1E221}
		{D3D7CEEA-440A-4E1D-B6EC-317625278CA3} = {A1BF3224-F640-4782-A8AC-D7F79AD1E221}
		{AEF57408-A41A-40D6-8EE7-C6B542A534E7} = {A1BF3224-F640-4782-A8AC-D7F79AD1E221}
		{7FC3AA50-5F4C-4DE7-A995-DAAB3AFFD641} = {A1BF3224-F640-4782-A8AC-D7F79AD1E221}
		{16BB27A7-BACA-41BD-A96D-4DF62D2E5E89} = {A1BF3224-F640-4782-A8AC-D7F79AD1E221}
		{3EB62F21-EBCE-45B5-ACA9-186D345880C4} = {A1BF3224-F640-4782-A8AC-D7F79AD1E221}
		{546CF697-331C-4B26-8938-359A1FC50ED0} = {A1BF3224-F640-4782-A8AC-D7F79AD1E221}
		{419253CE-C84E-46E4-9CC1-77A04FD697E4} = {A1BF3224-F640-4782-A8AC-D7F79AD1E221}
		{C6F17449-A9CC-4AC0-B4A9-8DD920BAD081} = {A1BF3224-F640-4782-A8AC-D7F79AD1E221}
		{568AAFF9-4E1C-448D-AE9C-00E7B37F579D} = {A1BF3224-F640-4782-A8AC-D7F79AD1E221}
		{DDF01EA3-5BDE-4278-8A52-89B5B5B889CD} = {A1BF3224-F640-4782-A8AC-D7F79AD1E221}
		{65244B69-78A8-4F7E-94A6-93905D6BC08B} = {A1BF3224-F640-4782-A8AC-D7F79AD1E221}
		{27ABC1B3-E7A1-4845-BDAE-1C1EDCDAE0F0} = {A1BF3224-F640-4782-A8AC-D7F79AD1E221}
		{B6C58688-15B3-4F5C-8213-90BEC67BC069} = {A1BF3224-F640-4782-A8AC-D7F79AD1E221}
		{F47F1189-19BB-41BD-8F5E-1B77C27624AE} = {A1BF3224-F640-4782-A8AC-D7F79AD1E221}
		{1CAC5B8C-70B9-40F4-8414-E4BC6E13CD6F} = {A1BF3224-F640-4782-A8AC-D7F79AD1E221}
		{299D3C92-4AB7-4529-949E-9F16111B7603} = {A1BF3224-F640-4782-A8AC-D7F79AD1E221}
		{6E1C5016-3ACC-480E-B148-EC8BE50F0930} = {A1BF3224-F640-4782-A8AC-D7F79AD1E221}
		{D1379C92-A05C-4148-A517-774F19220E59} = {A1BF3224-F640-4782-A8AC-D7F79AD1E221}
		{A5D2D673-B43A-4765-BE05-03E1986ADBBC} = {A1BF3224-F640-4782-A8AC-D7F79AD1E221}
		{0DA3F825-F8DD-4AB6-87E9-7E9F00BF88F3} = {A1BF3224-F640-4782-A8AC-D7F79AD1E221}
		{16D0B092-550E-4F74-9D28-479D1E74EBBF} = {A1BF3224-F640-4782-A8AC-D7F79AD1E221}
		{F127436E-D9E1-4FDC-8A98-F8485B305999} = {A1BF3224-F640-4782-A8AC-D7F79AD1E221}
		{1D7111A0-F0C7-42C7-9DD1-68B3E4492B60} = {A1BF3224-F640-4782-A8AC-D7F79AD1E221}
		{25CECD8E-1AA0-4C33-814A-3461BA2A7146} = {A1BF3224-F640-4782-A8AC-D7F79AD1E221}
		{A00EC55A-894A-4440-B8C7-D2119721214C} = {A1BF3224-F640-4782-A8AC-D7F79AD1E221}
		{6B2FC888-7A6E-4A79-ACEC-BD8A9216A2CE} = {073A1D9C-37DE-4868-AAA0-D78414938288}
		{D426BD6A-F6FE-4251-B0F5-5BFF5EE06456} = {073A1D9C-37DE-4868-AAA0-D78414938288}
		{C75D6621-49C9-4843-BFD7-A07B53C2EAB6} = {073A1D9C-37DE-4868-AAA0-D78414938288}
		{FC1C2AD8-8E5C-4E6E-AE9A-19566865CE02} = {073A1D9C-37DE-4868-AAA0-D78414938288}
		{4768D65F-B7BA-490D-B839-7AC6BCE7D69E} = {073A1D9C-37DE-4868-AAA0-D78414938288}
		{B0865439-96A1-4987-A2FC-44DFC644FB11} = {073A1D9C-37DE-4868-AAA0-D78414938288}
		{E8A1F765-E3D2-42C9-A7BF-AA6E3578B306} = {073A1D9C-37DE-4868-AAA0-D78414938288}
	EndGlobalSection
	GlobalSection(ExtensibilityGlobals) = postSolution
		SolutionGuid = {E035459F-33E8-45C5-8302-BC0355DBB41C}
	EndGlobalSection
EndGlobal
